PODS:
  - SignificantSpices (0.11.0):
    - SignificantSpices/ObjectiveCExtensions (= 0.11.0)
    - SignificantSpices/SwiftExtensions (= 0.11.0)
  - SignificantSpices/ObjectiveCExtensions (0.11.0)
  - SignificantSpices/SwiftExtensions (0.11.0)
  - SwiftDate (6.0.2)

DEPENDENCIES:
  - SignificantSpices (~> 0.11.0)
  - SwiftDate (~> 6.0.2)

SPEC REPOS:
  https://github.com/resmio/CocoaPodsSpecs.git:
    - SignificantSpices
    - SwiftDate

SPEC CHECKSUMS:
  SignificantSpices: 93cdc1e1aef7524127a9eae3fa4dea3311c81ecf
  SwiftDate: bbed9b23bfec599bd62b9a305afc554f7bd0eb6f

PODFILE CHECKSUM: 5895b32a2dbe55c974e49b8dc9c1e36ed495cd09

COCOAPODS: 1.6.1
