PODS:
  - SignificantSpices (0.8.0):
    - SignificantSpices/ObjectiveCExtensions (= 0.8.0)
    - SignificantSpices/SwiftExtensions (= 0.8.0)
  - SignificantSpices/ObjectiveCExtensions (0.8.0)
  - SignificantSpices/SwiftExtensions (0.8.0)
  - SwiftDate (4.5.1)

DEPENDENCIES:
  - SignificantSpices (~> 0.8.0)
  - SwiftDate (~> 4.5.1)

SPEC REPOS:
  https://github.com/resmio/CocoaPodsSpecs.git:
    - SignificantSpices
    - SwiftDate

SPEC CHECKSUMS:
  SignificantSpices: de714dc220248c21bedf5af1b31ae78bf5628eb4
  SwiftDate: 7b56d42a221f582047287deb256b23fc5ed49a60

PODFILE CHECKSUM: 9c4a49aee64506df465dffec3b601bca42342399

COCOAPODS: 1.5.0
