// !$*UTF8*$!
{
	archiveVersion = 1;
	classes = {
	};
	objectVersion = 46;
	objects = {

/* Begin PBXBuildFile section */
		016794C2166A998F5DCD79812840EF65 /* UIView (SizeWidthHeight).swift in Sources */ = {isa = PBXBuildFile; fileRef = A962BC1498C30634120C1D0FC724E828 /* UIView (SizeWidthHeight).swift */; };
		01903A7870C59E45E2071D68688B64AE /* FilledButtons.swift in Sources */ = {isa = PBXBuildFile; fileRef = D62837076E5C6BBE23DC133DBF28FFFD /* FilledButtons.swift */; };
		07D9391000BFA486E44C4497A1788C6A /* CGSize (Scaled).swift in Sources */ = {isa = PBXBuildFile; fileRef = D43E0F301A67734A74C63533E21FEEDF /* CGSize (Scaled).swift */; };
		0A9100AA8AD8E4B0E7367732D970B17A /* TagView.swift in Sources */ = {isa = PBXBuildFile; fileRef = 9905A0D02FB847E86970E50B1768AC71 /* TagView.swift */; };
		13BFB81E9AE9A8BC5760E75496D1DFFC /* UIView (Centering).swift in Sources */ = {isa = PBXBuildFile; fileRef = 8CB15454677793E311B1E258952332E7 /* UIView (Centering).swift */; };
		19C92CD4A59B6B157BF3C003069DDC68 /* Pods_TastyTomatoAbstract_TastyTomatoTests.framework in Frameworks */ = {isa = PBXBuildFile; fileRef = EABA286658F68C0C07202547FFEF1BC7 /* Pods_TastyTomatoAbstract_TastyTomatoTests.framework */; };
		1D182D1BB45EB8B648582A87B8CC2067 /* CGFloat (UInt).swift in Sources */ = {isa = PBXBuildFile; fileRef = 5A54FF5C0D3BA210866F5B407D653FBA /* CGFloat (UInt).swift */; };
		1DF819E384E2A4584269F107EB070EFF /* UIBarButtonItem (Factories).swift in Sources */ = {isa = PBXBuildFile; fileRef = 90413FC4A30D88E21DEBA1DD362A605C /* UIBarButtonItem (Factories).swift */; };
		1EB50168F0EB699E438CBBA6F754ABC7 /* LineLayer.swift in Sources */ = {isa = PBXBuildFile; fileRef = 49F2EE287EFE2E608FE430542E60BF82 /* LineLayer.swift */; };
		2019E88F5EDA689599E01366C30087AD /* MiscIcon.swift in Sources */ = {isa = PBXBuildFile; fileRef = 502A0EA47A67D9129AB47655130F41D4 /* MiscIcon.swift */; };
		234C2E7FADD37FC3783F9BFF305828A6 /* UIImage (Named_).swift in Sources */ = {isa = PBXBuildFile; fileRef = 162CC1F2A974F883E6BD5039B189DF28 /* UIImage (Named_).swift */; };
		25879B45F1221FB152C8E2F32B83DCB5 /* UIColor (PredefinedColors).swift in Sources */ = {isa = PBXBuildFile; fileRef = 286A04009DB4A9D07DDD2C4BBC906120 /* UIColor (PredefinedColors).swift */; };
		26C9967D3E82CB12CD88A26329600F6E /* NSL_.swift in Sources */ = {isa = PBXBuildFile; fileRef = CE06BAB5E34D33E9205557171C73CF6C /* NSL_.swift */; };
		2CCA94476E3333C634E936EC9EECA2AE /* UIImage (Scaled).swift in Sources */ = {isa = PBXBuildFile; fileRef = 1A908324B2B4B669470F0A3864A426C6 /* UIImage (Scaled).swift */; };
		2D482E84B878E94A2EBC56EF45330674 /* ZoomView.swift in Sources */ = {isa = PBXBuildFile; fileRef = 31ACC2EEE69C108CCC35FA74032BE6E1 /* ZoomView.swift */; };
		2E894736E4858AC80DCD8D499E0FD708 /* CGRect (Area).swift in Sources */ = {isa = PBXBuildFile; fileRef = CF57DBBABA83CFBB3428C32BBB42514E /* CGRect (Area).swift */; };
		2F3E948D83ABEF456118C56CC1ADA20E /* CGPoint (ConvenienceInits).swift in Sources */ = {isa = PBXBuildFile; fileRef = 38695237639647DC1871B8DCC1F4B719 /* CGPoint (ConvenienceInits).swift */; };
		33D7CBF4CDA305FAE290B028790A338E /* ShortcutBarButton.swift in Sources */ = {isa = PBXBuildFile; fileRef = DC87E38A8D37FC92DD3A64DEC8AC1796 /* ShortcutBarButton.swift */; };
		3466F939EFAD784C51D7B5EC69F54B42 /* ArrowIcon.swift in Sources */ = {isa = PBXBuildFile; fileRef = C08B5813ECAE6108D8A3192D688E9D77 /* ArrowIcon.swift */; };
		36619180DB22B571E2199B3C6CDD67A4 /* UIColor (WithAlpha).swift in Sources */ = {isa = PBXBuildFile; fileRef = 9E44E7E7FD7D953F91AD9935AA1C0709 /* UIColor (WithAlpha).swift */; };
		3DE684BA7159AEA557CDE0F4F775B5A0 /* CGFloat (Int).swift in Sources */ = {isa = PBXBuildFile; fileRef = 8E24467D4568DC50711B01B3FBCD8958 /* CGFloat (Int).swift */; };
		42BB16D84A350E14BE177DA60F5977A0 /* TextButton.swift in Sources */ = {isa = PBXBuildFile; fileRef = AE12E9AC9F91E1C3F23E1C2A25D9E463 /* TextButton.swift */; };
		48D0397391009A24265A5FEE06D16F89 /* TriangleLayer.swift in Sources */ = {isa = PBXBuildFile; fileRef = A0C61A532AD392FBEFDFAA4BDA484C9C /* TriangleLayer.swift */; };
		4DABED4544C6D370297F11FD117FEDEC /* TastyTomato.framework in Frameworks */ = {isa = PBXBuildFile; fileRef = 01F8CFBC214803F0D77371D34103D883 /* TastyTomato.framework */; };
		58553661C119FAC95156619850713435 /* Icons.xcassets in Resources */ = {isa = PBXBuildFile; fileRef = 13A94DD966224A32780B63A66B726658 /* Icons.xcassets */; };
		5A17A3E7FF74BF8938A74A135969B1CE /* UIView (ScaleByFactor).swift in Sources */ = {isa = PBXBuildFile; fileRef = 978EA7B188BA3CCA15536BA105B324A5 /* UIView (ScaleByFactor).swift */; };
		5B2E2C7933A2CB02419E3D9D200663F6 /* TagsView.swift in Sources */ = {isa = PBXBuildFile; fileRef = 8A98E8296B3BD2970706F8D3BE1F63CB /* TagsView.swift */; };
		5C8AA03C6C4B4DCDAA601D7775D8EA1A /* CGSize (ConvenienceInits).swift in Sources */ = {isa = PBXBuildFile; fileRef = B070B8399B4B109A28594202D08619CD /* CGSize (ConvenienceInits).swift */; };
		5E57C795BBC2571CF69566AAED10332A /* ZoomToPointScrollView.swift in Sources */ = {isa = PBXBuildFile; fileRef = 64B9F08EDDB7CC443D1D2806BB6F6C5E /* ZoomToPointScrollView.swift */; };
		5FBBB08F482C2EF8829D937D432DB0AA /* UIImage (RenderingModes).swift in Sources */ = {isa = PBXBuildFile; fileRef = F4343B818E71BB8FE07479C990F00752 /* UIImage (RenderingModes).swift */; };
		6470F7DF00947E0FBE1900DC3E0DD50B /* BorderLayer.swift in Sources */ = {isa = PBXBuildFile; fileRef = 4E9BC583DBAE7511BCDDF7E97D2E6F30 /* BorderLayer.swift */; };
		6845BD2DA1CBDE9DE2EA67D64795A39D /* CGRect (ConvenienceInits).swift in Sources */ = {isa = PBXBuildFile; fileRef = 0F913362CD789B7370C90D4A856950CF /* CGRect (ConvenienceInits).swift */; };
		693E5BA8F4FB876E21E39F6E293B7A26 /* MetaImage.swift in Sources */ = {isa = PBXBuildFile; fileRef = 484B490047206C221157A2991EFF79E0 /* MetaImage.swift */; };
		6B57EDA175E804981EC3D12739F147AB /* UIImage (WidthHeight).swift in Sources */ = {isa = PBXBuildFile; fileRef = 7EC88A94DDF26B9532AD8A6346A250E9 /* UIImage (WidthHeight).swift */; };
		70BE5C6357A3D70B89A63BD4EF3125FA /* RootViewController.swift in Sources */ = {isa = PBXBuildFile; fileRef = 20E3224E8288CDDF70618B7A04C8C986 /* RootViewController.swift */; };
		71FE9A541DB44EEAAE834FFADE502F36 /* BaseTextField.swift in Sources */ = {isa = PBXBuildFile; fileRef = 592F3B1F7E20B40701208459D6453448 /* BaseTextField.swift */; };
		7B88BA2CAAD9CE534ACC63C4E654901C /* UIView (TemporaryPositionAndDimensions).swift in Sources */ = {isa = PBXBuildFile; fileRef = 6281FC9CC0B750319F7F7A568E1BE01F /* UIView (TemporaryPositionAndDimensions).swift */; };
		7C8AA1C87BF89C4D6142967CA426F23E /* UIButton (Color).swift in Sources */ = {isa = PBXBuildFile; fileRef = 0B14A897E13645806DC0454C9E7D25E8 /* UIButton (Color).swift */; };
		800936DF4B2EC8E094396520F049EF4B /* UIView (Area).swift in Sources */ = {isa = PBXBuildFile; fileRef = 15004413C96D0B4A03CF11D63DD6382A /* UIView (Area).swift */; };
		84BB5378D9A297B753E679DBE872A69A /* CGRect (Scaled).swift in Sources */ = {isa = PBXBuildFile; fileRef = C6E438216C6A16D137CD269349331D8F /* CGRect (Scaled).swift */; };
		8AFD503F0DAAD95A1409CA097774D52E /* BaseLabel.swift in Sources */ = {isa = PBXBuildFile; fileRef = BA80D821A6A11686B3549A015E50472E /* BaseLabel.swift */; };
		935CB353F7CC151C86503DB41E3290C6 /* FilledButton.swift in Sources */ = {isa = PBXBuildFile; fileRef = E12E3659104848DDD678FE37D39AEAF3 /* FilledButton.swift */; };
		93EAC8CFEA337415C4B97B90F661E88B /* TastyTomatoTests.swift in Sources */ = {isa = PBXBuildFile; fileRef = DCF12E5F5D09CC277B307C8A27456151 /* TastyTomatoTests.swift */; };
		9438FFB35B2B7340B87AD601C75C77D4 /* UIView (BarButtonItem).swift in Sources */ = {isa = PBXBuildFile; fileRef = 7DAB831517E3851F87B951BE6881C71B /* UIView (BarButtonItem).swift */; };
		9A8C438EC913820E7B32A6C0D41EE5C9 /* UIScrollView (ScrollingConvenience).swift in Sources */ = {isa = PBXBuildFile; fileRef = 43F15D92B31E10526F4B2EB07123B63B /* UIScrollView (ScrollingConvenience).swift */; };
		9EDC676FBB4296DB4C630B5E78379EBE /* UIButton (Color_).swift in Sources */ = {isa = PBXBuildFile; fileRef = 96EB2A0C35717ED674361E12EF4C5BAA /* UIButton (Color_).swift */; };
		A3A6206717A979DB2D2801A8B8D6F67A /* CGSize (Area).swift in Sources */ = {isa = PBXBuildFile; fileRef = 88C46794B3EFC67B1746BE7CB81E0F62 /* CGSize (Area).swift */; };
		A43281AE7F5ED34889BF39E8FA61D6F5 /* UIView (OriginLeftRightTopBottom).swift in Sources */ = {isa = PBXBuildFile; fileRef = CC85C32067728778599D735CE9A77864 /* UIView (OriginLeftRightTopBottom).swift */; };
		AA722217EC3B0D09B4E3E43283C98EA6 /* CGSize (CGRect).swift in Sources */ = {isa = PBXBuildFile; fileRef = C12824249B7328133328FF9AE5640462 /* CGSize (CGRect).swift */; };
		AA8512B64D36C58068B677B56BD11C09 /* Logos.xcassets in Resources */ = {isa = PBXBuildFile; fileRef = E46CF3C89E0EB17A793ACD301991F9A2 /* Logos.xcassets */; };
		AC9D9866E065E12DCB2AD07AC6627022 /* TastyTomato.h in Headers */ = {isa = PBXBuildFile; fileRef = 083386230915027A1693F0088C82312B /* TastyTomato.h */; settings = {ATTRIBUTES = (Public, ); }; };
		ACCA3B0989D99B356D42394A91C5D95A /* CAShapeLayer (ConvenienceInits).swift in Sources */ = {isa = PBXBuildFile; fileRef = 86ACEC5A50D3C8A05F4477DA6013A23F /* CAShapeLayer (ConvenienceInits).swift */; };
		AE20A1758B460EF322D1D4FFBCFE0923 /* NSObject (Associations).swift in Sources */ = {isa = PBXBuildFile; fileRef = 4EAD31BE57E82E0D0DBC6AAD10771C14 /* NSObject (Associations).swift */; };
		AF53E089D7041EDFD9F90E22C958AD7E /* ShortcutBar.swift in Sources */ = {isa = PBXBuildFile; fileRef = B84340444BA67315B74D0094CE22E3DF /* ShortcutBar.swift */; };
		B29BDBA0023131D713E51F8D95B96ADA /* UITableView (reloadSoftly).swift in Sources */ = {isa = PBXBuildFile; fileRef = B242DBFE7AC263A838F81DB66F8D7280 /* UITableView (reloadSoftly).swift */; };
		B40D853AD52ACB98F1C2D0D60A988561 /* MiscImage.swift in Sources */ = {isa = PBXBuildFile; fileRef = 77E83DDD4566361CA7AD1928CAA0D8CC /* MiscImage.swift */; };
		BC76266AA1CF72ADF61A38D4EDB8C2A7 /* Pods_TastyTomatoAbstract_TastyTomato.framework in Frameworks */ = {isa = PBXBuildFile; fileRef = EA7FFA17FC0A5D6DF5FAF4475A4BE503 /* Pods_TastyTomatoAbstract_TastyTomato.framework */; };
		C15C849839C07137AF9228EBCA319B2C /* Localizable.strings in Resources */ = {isa = PBXBuildFile; fileRef = E9175C1A832EEF0F37AEE33411A20042 /* Localizable.strings */; };
		C2E279A4ED34081F1C983150B1F45061 /* CALayer (ConvenienceInits).swift in Sources */ = {isa = PBXBuildFile; fileRef = 580BC6050B611219FDBB90C49361A752 /* CALayer (ConvenienceInits).swift */; };
		C80A75D4A90ACE4BA90325467515CA79 /* UIViewController (Embedding).swift in Sources */ = {isa = PBXBuildFile; fileRef = CDDA86B00BB8C1AE6C781872E597AF28 /* UIViewController (Embedding).swift */; };
		CA9124BD236AE4D0D64EFC021D5BB391 /* UIColor (FromHex_).swift in Sources */ = {isa = PBXBuildFile; fileRef = BD526FE5A6DE506D27BB624219ADC4CF /* UIColor (FromHex_).swift */; };
		CF8FDF1DFA8603E44D63E041A668BEC5 /* BaseTextView.swift in Sources */ = {isa = PBXBuildFile; fileRef = 5DCC82CB1A56D60A4DF981960B5A667C /* BaseTextView.swift */; };
		D2696B92DC2F081F73F0EEB14B91BE9F /* GridLayer.swift in Sources */ = {isa = PBXBuildFile; fileRef = 9FFB79C0D23FF876BF39D0237EBB0E33 /* GridLayer.swift */; };
		D5F5502E31B92D0F0FF7A0D43E8ED8CD /* ResmioLogo.swift in Sources */ = {isa = PBXBuildFile; fileRef = 524DD60BF858BDA8D4E2F6F0015C302A /* ResmioLogo.swift */; };
		D8294936BE4CF32441B0D854D1F9DDEE /* UIScrollView (ZoomingConvenience).swift in Sources */ = {isa = PBXBuildFile; fileRef = 05BA18CC2F9A526F518B9C154D07DDC7 /* UIScrollView (ZoomingConvenience).swift */; };
		D9D8EA86DD5DE5CE144ED010353425A3 /* DropDownTextField.swift in Sources */ = {isa = PBXBuildFile; fileRef = 172042EA77DA17224778AA7DB33B6707 /* DropDownTextField.swift */; };
		DA4FD8E31F32DAE00AFCA3A9CE81C160 /* UIImage (ColoredRect).swift in Sources */ = {isa = PBXBuildFile; fileRef = 97CE20B670A02E13FB4A56517F58E300 /* UIImage (ColoredRect).swift */; };
		E120F90B264A2076BE355CC29E789218 /* BaseButton.swift in Sources */ = {isa = PBXBuildFile; fileRef = 3FBC82B6AD23E06DAA22DC3B2FEAC599 /* BaseButton.swift */; };
		EA4C422FDA23A2D7DDF931EF8A605544 /* TextButtons.swift in Sources */ = {isa = PBXBuildFile; fileRef = E628597189125D75D98E36EA8682ADA2 /* TextButtons.swift */; };
		EE32ADFFEBCC74C2EA342C807988D3A1 /* UIWindow (SetRootViewController).swift in Sources */ = {isa = PBXBuildFile; fileRef = 4D0B983C3C231C9E14CC5FD6A3276D63 /* UIWindow (SetRootViewController).swift */; };
		F0ECD62C46A02D8138358FBAB1B38285 /* UIButton (SetTitle).swift in Sources */ = {isa = PBXBuildFile; fileRef = C8889EA70BB1C71DED9F1FB7CFF6B594 /* UIButton (SetTitle).swift */; };
		F128D132603E4E0CE74EC979474A6F60 /* BookingStatusIcon.swift in Sources */ = {isa = PBXBuildFile; fileRef = 41EC6FAC54AA2A974B870699327AD8DE /* BookingStatusIcon.swift */; };
		F2E74DE0C5E277FAC2E75CCC8984885B /* UIImage (Named).swift in Sources */ = {isa = PBXBuildFile; fileRef = 44C1F525CF3F06186D126ECB7A005615 /* UIImage (Named).swift */; };
		F3F0485D7B95F9B516AEC11BC8F5FB46 /* BundleHelper_.swift in Sources */ = {isa = PBXBuildFile; fileRef = 1B1032762F44E9AFAAC244949B1E9E97 /* BundleHelper_.swift */; };
		F7363F8CD1B8E2BF8206ED43F350E8EF /* UIView (ConvenienceInits).swift in Sources */ = {isa = PBXBuildFile; fileRef = EE11E8FF7E9AAEC21DBE2CC38CF76534 /* UIView (ConvenienceInits).swift */; };
		FEDE5B67B4C74086E15CA7BCAA26A666 /* CGRect (LeftRightTopBottomCenter).swift in Sources */ = {isa = PBXBuildFile; fileRef = D4C581522222734865A3403552E044DA /* CGRect (LeftRightTopBottomCenter).swift */; };
/* End PBXBuildFile section */

/* Begin PBXContainerItemProxy section */
		06A29463E92A4C636533F9A1C5116865 /* PBXContainerItemProxy */ = {
			isa = PBXContainerItemProxy;
			containerPortal = 5069C7C03228600E179028734BF762CF /* Project object */;
			proxyType = 1;
			remoteGlobalIDString = 517580651DAB345693709175BEC4073C;
			remoteInfo = TastyTomato;
		};
/* End PBXContainerItemProxy section */

/* Begin PBXFileReference section */
		019B1845FE1BCB19271320DCDCAE1B32 /* fr */ = {isa = PBXFileReference; lastKnownFileType = text.plist.strings; name = fr; path = fr.lproj/Localizable.strings; sourceTree = "<group>"; };
		01F8CFBC214803F0D77371D34103D883 /* TastyTomato.framework */ = {isa = PBXFileReference; explicitFileType = wrapper.framework; includeInIndex = 0; path = TastyTomato.framework; sourceTree = BUILT_PRODUCTS_DIR; };
		0538E4586B05FE6B1C4EC4E6CD98C6C1 /* TastyTomato.playground */ = {isa = PBXFileReference; lastKnownFileType = file.playground; path = TastyTomato.playground; sourceTree = "<group>"; };
		05BA18CC2F9A526F518B9C154D07DDC7 /* UIScrollView (ZoomingConvenience).swift */ = {isa = PBXFileReference; fileEncoding = 4; lastKnownFileType = sourcecode.swift; path = "UIScrollView (ZoomingConvenience).swift"; sourceTree = "<group>"; };
		083386230915027A1693F0088C82312B /* TastyTomato.h */ = {isa = PBXFileReference; lastKnownFileType = sourcecode.c.h; path = TastyTomato.h; sourceTree = "<group>"; };
		0B14A897E13645806DC0454C9E7D25E8 /* UIButton (Color).swift */ = {isa = PBXFileReference; fileEncoding = 4; lastKnownFileType = sourcecode.swift; path = "UIButton (Color).swift"; sourceTree = "<group>"; };
		0F913362CD789B7370C90D4A856950CF /* CGRect (ConvenienceInits).swift */ = {isa = PBXFileReference; fileEncoding = 4; lastKnownFileType = sourcecode.swift; path = "CGRect (ConvenienceInits).swift"; sourceTree = "<group>"; };
		110CB58DB9DDDA2C9F160F9BC574F54D /* TastyTomatoTests.xctest */ = {isa = PBXFileReference; explicitFileType = wrapper.cfbundle; includeInIndex = 0; path = TastyTomatoTests.xctest; sourceTree = BUILT_PRODUCTS_DIR; };
		13A94DD966224A32780B63A66B726658 /* Icons.xcassets */ = {isa = PBXFileReference; lastKnownFileType = folder.assetcatalog; path = Icons.xcassets; sourceTree = "<group>"; };
		15004413C96D0B4A03CF11D63DD6382A /* UIView (Area).swift */ = {isa = PBXFileReference; fileEncoding = 4; lastKnownFileType = sourcecode.swift; path = "UIView (Area).swift"; sourceTree = "<group>"; };
		162CC1F2A974F883E6BD5039B189DF28 /* UIImage (Named_).swift */ = {isa = PBXFileReference; fileEncoding = 4; lastKnownFileType = sourcecode.swift; path = "UIImage (Named_).swift"; sourceTree = "<group>"; };
		172042EA77DA17224778AA7DB33B6707 /* DropDownTextField.swift */ = {isa = PBXFileReference; fileEncoding = 4; lastKnownFileType = sourcecode.swift; path = DropDownTextField.swift; sourceTree = "<group>"; };
		1A908324B2B4B669470F0A3864A426C6 /* UIImage (Scaled).swift */ = {isa = PBXFileReference; fileEncoding = 4; lastKnownFileType = sourcecode.swift; path = "UIImage (Scaled).swift"; sourceTree = "<group>"; };
		1B1032762F44E9AFAAC244949B1E9E97 /* BundleHelper_.swift */ = {isa = PBXFileReference; fileEncoding = 4; lastKnownFileType = sourcecode.swift; path = BundleHelper_.swift; sourceTree = "<group>"; };
		1D1A60CE3AFFC68209D50DF5CC789F23 /* Pods-TastyTomatoAbstract-TastyTomato.release.xcconfig */ = {isa = PBXFileReference; includeInIndex = 1; lastKnownFileType = text.xcconfig; name = "Pods-TastyTomatoAbstract-TastyTomato.release.xcconfig"; path = "Pods/Target Support Files/Pods-TastyTomatoAbstract-TastyTomato/Pods-TastyTomatoAbstract-TastyTomato.release.xcconfig"; sourceTree = "<group>"; };
		20E3224E8288CDDF70618B7A04C8C986 /* RootViewController.swift */ = {isa = PBXFileReference; fileEncoding = 4; lastKnownFileType = sourcecode.swift; path = RootViewController.swift; sourceTree = "<group>"; };
		286A04009DB4A9D07DDD2C4BBC906120 /* UIColor (PredefinedColors).swift */ = {isa = PBXFileReference; fileEncoding = 4; lastKnownFileType = sourcecode.swift; path = "UIColor (PredefinedColors).swift"; sourceTree = "<group>"; };
		31ACC2EEE69C108CCC35FA74032BE6E1 /* ZoomView.swift */ = {isa = PBXFileReference; fileEncoding = 4; lastKnownFileType = sourcecode.swift; path = ZoomView.swift; sourceTree = "<group>"; };
		38695237639647DC1871B8DCC1F4B719 /* CGPoint (ConvenienceInits).swift */ = {isa = PBXFileReference; fileEncoding = 4; lastKnownFileType = sourcecode.swift; path = "CGPoint (ConvenienceInits).swift"; sourceTree = "<group>"; };
		3FBC82B6AD23E06DAA22DC3B2FEAC599 /* BaseButton.swift */ = {isa = PBXFileReference; fileEncoding = 4; lastKnownFileType = sourcecode.swift; path = BaseButton.swift; sourceTree = "<group>"; };
		41EC6FAC54AA2A974B870699327AD8DE /* BookingStatusIcon.swift */ = {isa = PBXFileReference; fileEncoding = 4; lastKnownFileType = sourcecode.swift; path = BookingStatusIcon.swift; sourceTree = "<group>"; };
		43F15D92B31E10526F4B2EB07123B63B /* UIScrollView (ScrollingConvenience).swift */ = {isa = PBXFileReference; fileEncoding = 4; lastKnownFileType = sourcecode.swift; path = "UIScrollView (ScrollingConvenience).swift"; sourceTree = "<group>"; };
		44C1F525CF3F06186D126ECB7A005615 /* UIImage (Named).swift */ = {isa = PBXFileReference; fileEncoding = 4; lastKnownFileType = sourcecode.swift; path = "UIImage (Named).swift"; sourceTree = "<group>"; };
		484B490047206C221157A2991EFF79E0 /* MetaImage.swift */ = {isa = PBXFileReference; fileEncoding = 4; lastKnownFileType = sourcecode.swift; path = MetaImage.swift; sourceTree = "<group>"; };
		49F2EE287EFE2E608FE430542E60BF82 /* LineLayer.swift */ = {isa = PBXFileReference; fileEncoding = 4; lastKnownFileType = sourcecode.swift; path = LineLayer.swift; sourceTree = "<group>"; };
		4D0B983C3C231C9E14CC5FD6A3276D63 /* UIWindow (SetRootViewController).swift */ = {isa = PBXFileReference; fileEncoding = 4; lastKnownFileType = sourcecode.swift; path = "UIWindow (SetRootViewController).swift"; sourceTree = "<group>"; };
		4E9BC583DBAE7511BCDDF7E97D2E6F30 /* BorderLayer.swift */ = {isa = PBXFileReference; fileEncoding = 4; lastKnownFileType = sourcecode.swift; path = BorderLayer.swift; sourceTree = "<group>"; };
		4EAD31BE57E82E0D0DBC6AAD10771C14 /* NSObject (Associations).swift */ = {isa = PBXFileReference; fileEncoding = 4; lastKnownFileType = sourcecode.swift; path = "NSObject (Associations).swift"; sourceTree = "<group>"; };
		502A0EA47A67D9129AB47655130F41D4 /* MiscIcon.swift */ = {isa = PBXFileReference; fileEncoding = 4; lastKnownFileType = sourcecode.swift; path = MiscIcon.swift; sourceTree = "<group>"; };
		524DD60BF858BDA8D4E2F6F0015C302A /* ResmioLogo.swift */ = {isa = PBXFileReference; fileEncoding = 4; lastKnownFileType = sourcecode.swift; path = ResmioLogo.swift; sourceTree = "<group>"; };
		580BC6050B611219FDBB90C49361A752 /* CALayer (ConvenienceInits).swift */ = {isa = PBXFileReference; fileEncoding = 4; lastKnownFileType = sourcecode.swift; path = "CALayer (ConvenienceInits).swift"; sourceTree = "<group>"; };
		592F3B1F7E20B40701208459D6453448 /* BaseTextField.swift */ = {isa = PBXFileReference; fileEncoding = 4; lastKnownFileType = sourcecode.swift; path = BaseTextField.swift; sourceTree = "<group>"; };
		5A54FF5C0D3BA210866F5B407D653FBA /* CGFloat (UInt).swift */ = {isa = PBXFileReference; fileEncoding = 4; lastKnownFileType = sourcecode.swift; path = "CGFloat (UInt).swift"; sourceTree = "<group>"; };
		5DCC82CB1A56D60A4DF981960B5A667C /* BaseTextView.swift */ = {isa = PBXFileReference; fileEncoding = 4; lastKnownFileType = sourcecode.swift; path = BaseTextView.swift; sourceTree = "<group>"; };
		617BAD163949C9A08DE92862E903C2A8 /* en */ = {isa = PBXFileReference; lastKnownFileType = text.plist.strings; name = en; path = en.lproj/Localizable.strings; sourceTree = "<group>"; };
		6281FC9CC0B750319F7F7A568E1BE01F /* UIView (TemporaryPositionAndDimensions).swift */ = {isa = PBXFileReference; lastKnownFileType = sourcecode.swift; path = "UIView (TemporaryPositionAndDimensions).swift"; sourceTree = "<group>"; };
		64B9F08EDDB7CC443D1D2806BB6F6C5E /* ZoomToPointScrollView.swift */ = {isa = PBXFileReference; fileEncoding = 4; lastKnownFileType = sourcecode.swift; path = ZoomToPointScrollView.swift; sourceTree = "<group>"; };
		77E83DDD4566361CA7AD1928CAA0D8CC /* MiscImage.swift */ = {isa = PBXFileReference; fileEncoding = 4; lastKnownFileType = sourcecode.swift; path = MiscImage.swift; sourceTree = "<group>"; };
		7DAB831517E3851F87B951BE6881C71B /* UIView (BarButtonItem).swift */ = {isa = PBXFileReference; fileEncoding = 4; lastKnownFileType = sourcecode.swift; path = "UIView (BarButtonItem).swift"; sourceTree = "<group>"; };
		7EC88A94DDF26B9532AD8A6346A250E9 /* UIImage (WidthHeight).swift */ = {isa = PBXFileReference; fileEncoding = 4; lastKnownFileType = sourcecode.swift; path = "UIImage (WidthHeight).swift"; sourceTree = "<group>"; };
		86ACEC5A50D3C8A05F4477DA6013A23F /* CAShapeLayer (ConvenienceInits).swift */ = {isa = PBXFileReference; fileEncoding = 4; lastKnownFileType = sourcecode.swift; path = "CAShapeLayer (ConvenienceInits).swift"; sourceTree = "<group>"; };
		88C46794B3EFC67B1746BE7CB81E0F62 /* CGSize (Area).swift */ = {isa = PBXFileReference; fileEncoding = 4; lastKnownFileType = sourcecode.swift; path = "CGSize (Area).swift"; sourceTree = "<group>"; };
		8A98E8296B3BD2970706F8D3BE1F63CB /* TagsView.swift */ = {isa = PBXFileReference; fileEncoding = 4; lastKnownFileType = sourcecode.swift; path = TagsView.swift; sourceTree = "<group>"; };
		8CB15454677793E311B1E258952332E7 /* UIView (Centering).swift */ = {isa = PBXFileReference; fileEncoding = 4; lastKnownFileType = sourcecode.swift; path = "UIView (Centering).swift"; sourceTree = "<group>"; };
		8E24467D4568DC50711B01B3FBCD8958 /* CGFloat (Int).swift */ = {isa = PBXFileReference; fileEncoding = 4; lastKnownFileType = sourcecode.swift; path = "CGFloat (Int).swift"; sourceTree = "<group>"; };
		90413FC4A30D88E21DEBA1DD362A605C /* UIBarButtonItem (Factories).swift */ = {isa = PBXFileReference; fileEncoding = 4; lastKnownFileType = sourcecode.swift; path = "UIBarButtonItem (Factories).swift"; sourceTree = "<group>"; };
		91C532ECB5C7CC6DE8FAAAD3F465DEAE /* de */ = {isa = PBXFileReference; lastKnownFileType = text.plist.strings; name = de; path = de.lproj/Localizable.strings; sourceTree = "<group>"; };
		94154F1BD684F2C672C76A4BFDB379C2 /* Info.plist */ = {isa = PBXFileReference; lastKnownFileType = text.plist.xml; path = Info.plist; sourceTree = "<group>"; };
		96EB2A0C35717ED674361E12EF4C5BAA /* UIButton (Color_).swift */ = {isa = PBXFileReference; fileEncoding = 4; lastKnownFileType = sourcecode.swift; path = "UIButton (Color_).swift"; sourceTree = "<group>"; };
		978EA7B188BA3CCA15536BA105B324A5 /* UIView (ScaleByFactor).swift */ = {isa = PBXFileReference; fileEncoding = 4; lastKnownFileType = sourcecode.swift; path = "UIView (ScaleByFactor).swift"; sourceTree = "<group>"; };
		97CE20B670A02E13FB4A56517F58E300 /* UIImage (ColoredRect).swift */ = {isa = PBXFileReference; fileEncoding = 4; lastKnownFileType = sourcecode.swift; path = "UIImage (ColoredRect).swift"; sourceTree = "<group>"; };
		9905A0D02FB847E86970E50B1768AC71 /* TagView.swift */ = {isa = PBXFileReference; fileEncoding = 4; lastKnownFileType = sourcecode.swift; path = TagView.swift; sourceTree = "<group>"; };
		9E44E7E7FD7D953F91AD9935AA1C0709 /* UIColor (WithAlpha).swift */ = {isa = PBXFileReference; fileEncoding = 4; lastKnownFileType = sourcecode.swift; path = "UIColor (WithAlpha).swift"; sourceTree = "<group>"; };
		9FFB79C0D23FF876BF39D0237EBB0E33 /* GridLayer.swift */ = {isa = PBXFileReference; fileEncoding = 4; lastKnownFileType = sourcecode.swift; path = GridLayer.swift; sourceTree = "<group>"; };
		A0C61A532AD392FBEFDFAA4BDA484C9C /* TriangleLayer.swift */ = {isa = PBXFileReference; fileEncoding = 4; lastKnownFileType = sourcecode.swift; path = TriangleLayer.swift; sourceTree = "<group>"; };
		A962BC1498C30634120C1D0FC724E828 /* UIView (SizeWidthHeight).swift */ = {isa = PBXFileReference; fileEncoding = 4; lastKnownFileType = sourcecode.swift; path = "UIView (SizeWidthHeight).swift"; sourceTree = "<group>"; };
		AB90DABCB03ADFB08A162B10C5A52C43 /* Pods-TastyTomatoAbstract-TastyTomatoTests.release.xcconfig */ = {isa = PBXFileReference; includeInIndex = 1; lastKnownFileType = text.xcconfig; name = "Pods-TastyTomatoAbstract-TastyTomatoTests.release.xcconfig"; path = "Pods/Target Support Files/Pods-TastyTomatoAbstract-TastyTomatoTests/Pods-TastyTomatoAbstract-TastyTomatoTests.release.xcconfig"; sourceTree = "<group>"; };
		AC280804706B40B958EEE8284ED922F8 /* Info.plist */ = {isa = PBXFileReference; lastKnownFileType = text.plist.xml; path = Info.plist; sourceTree = "<group>"; };
		AC8C208AA1F468C889CFCD457BDCB8A2 /* Pods-TastyTomatoAbstract-TastyTomatoTests.debug.xcconfig */ = {isa = PBXFileReference; includeInIndex = 1; lastKnownFileType = text.xcconfig; name = "Pods-TastyTomatoAbstract-TastyTomatoTests.debug.xcconfig"; path = "Pods/Target Support Files/Pods-TastyTomatoAbstract-TastyTomatoTests/Pods-TastyTomatoAbstract-TastyTomatoTests.debug.xcconfig"; sourceTree = "<group>"; };
		AE12E9AC9F91E1C3F23E1C2A25D9E463 /* TextButton.swift */ = {isa = PBXFileReference; fileEncoding = 4; lastKnownFileType = sourcecode.swift; path = TextButton.swift; sourceTree = "<group>"; };
		B070B8399B4B109A28594202D08619CD /* CGSize (ConvenienceInits).swift */ = {isa = PBXFileReference; fileEncoding = 4; lastKnownFileType = sourcecode.swift; path = "CGSize (ConvenienceInits).swift"; sourceTree = "<group>"; };
		B242DBFE7AC263A838F81DB66F8D7280 /* UITableView (reloadSoftly).swift */ = {isa = PBXFileReference; fileEncoding = 4; lastKnownFileType = sourcecode.swift; path = "UITableView (reloadSoftly).swift"; sourceTree = "<group>"; };
		B84340444BA67315B74D0094CE22E3DF /* ShortcutBar.swift */ = {isa = PBXFileReference; fileEncoding = 4; lastKnownFileType = sourcecode.swift; path = ShortcutBar.swift; sourceTree = "<group>"; };
		BA80D821A6A11686B3549A015E50472E /* BaseLabel.swift */ = {isa = PBXFileReference; fileEncoding = 4; lastKnownFileType = sourcecode.swift; path = BaseLabel.swift; sourceTree = "<group>"; };
		BD526FE5A6DE506D27BB624219ADC4CF /* UIColor (FromHex_).swift */ = {isa = PBXFileReference; fileEncoding = 4; lastKnownFileType = sourcecode.swift; path = "UIColor (FromHex_).swift"; sourceTree = "<group>"; };
		C08B5813ECAE6108D8A3192D688E9D77 /* ArrowIcon.swift */ = {isa = PBXFileReference; fileEncoding = 4; lastKnownFileType = sourcecode.swift; path = ArrowIcon.swift; sourceTree = "<group>"; };
		C12824249B7328133328FF9AE5640462 /* CGSize (CGRect).swift */ = {isa = PBXFileReference; fileEncoding = 4; lastKnownFileType = sourcecode.swift; path = "CGSize (CGRect).swift"; sourceTree = "<group>"; };
		C6E438216C6A16D137CD269349331D8F /* CGRect (Scaled).swift */ = {isa = PBXFileReference; fileEncoding = 4; lastKnownFileType = sourcecode.swift; path = "CGRect (Scaled).swift"; sourceTree = "<group>"; };
		C8889EA70BB1C71DED9F1FB7CFF6B594 /* UIButton (SetTitle).swift */ = {isa = PBXFileReference; fileEncoding = 4; lastKnownFileType = sourcecode.swift; path = "UIButton (SetTitle).swift"; sourceTree = "<group>"; };
		CC85C32067728778599D735CE9A77864 /* UIView (OriginLeftRightTopBottom).swift */ = {isa = PBXFileReference; fileEncoding = 4; lastKnownFileType = sourcecode.swift; path = "UIView (OriginLeftRightTopBottom).swift"; sourceTree = "<group>"; };
		CDDA86B00BB8C1AE6C781872E597AF28 /* UIViewController (Embedding).swift */ = {isa = PBXFileReference; fileEncoding = 4; lastKnownFileType = sourcecode.swift; path = "UIViewController (Embedding).swift"; sourceTree = "<group>"; };
		CE06BAB5E34D33E9205557171C73CF6C /* NSL_.swift */ = {isa = PBXFileReference; fileEncoding = 4; lastKnownFileType = sourcecode.swift; path = NSL_.swift; sourceTree = "<group>"; };
		CF57DBBABA83CFBB3428C32BBB42514E /* CGRect (Area).swift */ = {isa = PBXFileReference; fileEncoding = 4; lastKnownFileType = sourcecode.swift; path = "CGRect (Area).swift"; sourceTree = "<group>"; };
		D43E0F301A67734A74C63533E21FEEDF /* CGSize (Scaled).swift */ = {isa = PBXFileReference; fileEncoding = 4; lastKnownFileType = sourcecode.swift; path = "CGSize (Scaled).swift"; sourceTree = "<group>"; };
		D4C581522222734865A3403552E044DA /* CGRect (LeftRightTopBottomCenter).swift */ = {isa = PBXFileReference; fileEncoding = 4; lastKnownFileType = sourcecode.swift; path = "CGRect (LeftRightTopBottomCenter).swift"; sourceTree = "<group>"; };
		D62837076E5C6BBE23DC133DBF28FFFD /* FilledButtons.swift */ = {isa = PBXFileReference; fileEncoding = 4; lastKnownFileType = sourcecode.swift; path = FilledButtons.swift; sourceTree = "<group>"; };
		DC87E38A8D37FC92DD3A64DEC8AC1796 /* ShortcutBarButton.swift */ = {isa = PBXFileReference; fileEncoding = 4; lastKnownFileType = sourcecode.swift; path = ShortcutBarButton.swift; sourceTree = "<group>"; };
		DCF12E5F5D09CC277B307C8A27456151 /* TastyTomatoTests.swift */ = {isa = PBXFileReference; lastKnownFileType = sourcecode.swift; path = TastyTomatoTests.swift; sourceTree = "<group>"; };
		E12E3659104848DDD678FE37D39AEAF3 /* FilledButton.swift */ = {isa = PBXFileReference; fileEncoding = 4; lastKnownFileType = sourcecode.swift; path = FilledButton.swift; sourceTree = "<group>"; };
		E46CF3C89E0EB17A793ACD301991F9A2 /* Logos.xcassets */ = {isa = PBXFileReference; lastKnownFileType = folder.assetcatalog; path = Logos.xcassets; sourceTree = "<group>"; };
		E628597189125D75D98E36EA8682ADA2 /* TextButtons.swift */ = {isa = PBXFileReference; fileEncoding = 4; lastKnownFileType = sourcecode.swift; path = TextButtons.swift; sourceTree = "<group>"; };
		EA7FFA17FC0A5D6DF5FAF4475A4BE503 /* Pods_TastyTomatoAbstract_TastyTomato.framework */ = {isa = PBXFileReference; explicitFileType = wrapper.framework; includeInIndex = 0; path = Pods_TastyTomatoAbstract_TastyTomato.framework; sourceTree = BUILT_PRODUCTS_DIR; };
		EABA286658F68C0C07202547FFEF1BC7 /* Pods_TastyTomatoAbstract_TastyTomatoTests.framework */ = {isa = PBXFileReference; explicitFileType = wrapper.framework; includeInIndex = 0; path = Pods_TastyTomatoAbstract_TastyTomatoTests.framework; sourceTree = BUILT_PRODUCTS_DIR; };
		EE11E8FF7E9AAEC21DBE2CC38CF76534 /* UIView (ConvenienceInits).swift */ = {isa = PBXFileReference; fileEncoding = 4; lastKnownFileType = sourcecode.swift; path = "UIView (ConvenienceInits).swift"; sourceTree = "<group>"; };
		F10CB374E45CF24A4F503F48FD457BD8 /* Pods-TastyTomatoAbstract-TastyTomato.debug.xcconfig */ = {isa = PBXFileReference; includeInIndex = 1; lastKnownFileType = text.xcconfig; name = "Pods-TastyTomatoAbstract-TastyTomato.debug.xcconfig"; path = "Pods/Target Support Files/Pods-TastyTomatoAbstract-TastyTomato/Pods-TastyTomatoAbstract-TastyTomato.debug.xcconfig"; sourceTree = "<group>"; };
		F4343B818E71BB8FE07479C990F00752 /* UIImage (RenderingModes).swift */ = {isa = PBXFileReference; fileEncoding = 4; lastKnownFileType = sourcecode.swift; path = "UIImage (RenderingModes).swift"; sourceTree = "<group>"; };
/* End PBXFileReference section */

/* Begin PBXFrameworksBuildPhase section */
		1DF08CF9FA90E2D2EC18047F04A5D21C /* Frameworks */ = {
			isa = PBXFrameworksBuildPhase;
			buildActionMask = 2147483647;
			files = (
				BC76266AA1CF72ADF61A38D4EDB8C2A7 /* Pods_TastyTomatoAbstract_TastyTomato.framework in Frameworks */,
			);
			runOnlyForDeploymentPostprocessing = 0;
		};
		630DD274FF90B1048DD886A760489593 /* Frameworks */ = {
			isa = PBXFrameworksBuildPhase;
			buildActionMask = 2147483647;
			files = (
				19C92CD4A59B6B157BF3C003069DDC68 /* Pods_TastyTomatoAbstract_TastyTomatoTests.framework in Frameworks */,
				4DABED4544C6D370297F11FD117FEDEC /* TastyTomato.framework in Frameworks */,
			);
			runOnlyForDeploymentPostprocessing = 0;
		};
/* End PBXFrameworksBuildPhase section */

/* Begin PBXGroup section */
		02821F3BFC5F2DBE0FD2A172B54F594E /* TextFieldClasses */ = {
			isa = PBXGroup;
			children = (
				592F3B1F7E20B40701208459D6453448 /* BaseTextField.swift */,
				172042EA77DA17224778AA7DB33B6707 /* DropDownTextField.swift */,
			);
			path = TextFieldClasses;
			sourceTree = "<group>";
		};
		0493472B043AE9358E374F400818BC62 /* UIButton */ = {
			isa = PBXGroup;
			children = (
				0B14A897E13645806DC0454C9E7D25E8 /* UIButton (Color).swift */,
				C8889EA70BB1C71DED9F1FB7CFF6B594 /* UIButton (SetTitle).swift */,
			);
			path = UIButton;
			sourceTree = "<group>";
		};
		0797CADAA242E6EF3AC04B83BE063FFA = {
			isa = PBXGroup;
			children = (
				4A5930AB88C4B454F2E6FD5FEA4C4578 /* Frameworks */,
				B86771969A1F1EC83F2C4F4EFFB871C0 /* Pods */,
				087D62F85789E9BA2921482544C68BB4 /* Products */,
				EE22ED39034017661019E659F4958502 /* TastyTomato */,
				6054D7993EB7ADFFC77F9B34313A406C /* TastyTomatoTests */,
				0538E4586B05FE6B1C4EC4E6CD98C6C1 /* TastyTomato.playground */,
			);
			sourceTree = "<group>";
		};
		087D62F85789E9BA2921482544C68BB4 /* Products */ = {
			isa = PBXGroup;
			children = (
				01F8CFBC214803F0D77371D34103D883 /* TastyTomato.framework */,
				110CB58DB9DDDA2C9F160F9BC574F54D /* TastyTomatoTests.xctest */,
			);
			name = Products;
			sourceTree = "<group>";
		};
		0995E6863C2FACBFB7642BD7F38401CB /* CAShapeLayer */ = {
			isa = PBXGroup;
			children = (
				86ACEC5A50D3C8A05F4477DA6013A23F /* CAShapeLayer (ConvenienceInits).swift */,
			);
			path = CAShapeLayer;
			sourceTree = "<group>";
		};
		18306EDC2A57EEE4D03157F13936E91A /* Code */ = {
			isa = PBXGroup;
			children = (
				46D48A3DF2B901CAD57244D34D089FF9 /* Classes */,
				CC8873A5D129E761EEABF10B6C336331 /* Elements */,
				9999FCCB3A774D4E83A754E53EFE8B64 /* Extensions */,
				D23210E99B6D5D3E3FEB6708B0CC452F /* Meta */,
				D7B5FB8B737A9AC146C8A6F988388264 /* OperatorOverloads */,
			);
			path = Code;
			sourceTree = "<group>";
		};
		1A2AF345D99AE2F606C662E97012958A /* LabelClasses */ = {
			isa = PBXGroup;
			children = (
				BA80D821A6A11686B3549A015E50472E /* BaseLabel.swift */,
			);
			path = LabelClasses;
			sourceTree = "<group>";
		};
		1BEDC49C5806846E908D79A81A8DE686 /* ShortcutBar */ = {
			isa = PBXGroup;
			children = (
				B84340444BA67315B74D0094CE22E3DF /* ShortcutBar.swift */,
			);
			path = ShortcutBar;
			sourceTree = "<group>";
		};
		23F46E8BFE01453CA2299EB51CEC1DBC /* ZoomView */ = {
			isa = PBXGroup;
			children = (
				64B9F08EDDB7CC443D1D2806BB6F6C5E /* ZoomToPointScrollView.swift */,
				31ACC2EEE69C108CCC35FA74032BE6E1 /* ZoomView.swift */,
			);
			path = ZoomView;
			sourceTree = "<group>";
		};
		246C935C9C014C4BD5D47F71877750B3 /* UIColor */ = {
			isa = PBXGroup;
			children = (
				BD526FE5A6DE506D27BB624219ADC4CF /* UIColor (FromHex_).swift */,
			);
			path = UIColor;
			sourceTree = "<group>";
		};
		2A82240FC7459054B0D58710F81524F0 /* CGRect */ = {
			isa = PBXGroup;
			children = (
				CF57DBBABA83CFBB3428C32BBB42514E /* CGRect (Area).swift */,
				0F913362CD789B7370C90D4A856950CF /* CGRect (ConvenienceInits).swift */,
				D4C581522222734865A3403552E044DA /* CGRect (LeftRightTopBottomCenter).swift */,
				C6E438216C6A16D137CD269349331D8F /* CGRect (Scaled).swift */,
			);
			path = CGRect;
			sourceTree = "<group>";
		};
		2B5D0A633795C19AE52663F380A3DE7B /* Public */ = {
			isa = PBXGroup;
			children = (
				323024B9C32DBCD16579A5D0E1898452 /* CALayer */,
				0995E6863C2FACBFB7642BD7F38401CB /* CAShapeLayer */,
				A2C7788C50EBFA6A19AD6E5D21DDA7F0 /* CGPoint */,
				2A82240FC7459054B0D58710F81524F0 /* CGRect */,
				9A89BE72D4671CAB9BB7FFB4B3B4F96D /* CGSize */,
				E1C18622C6D4C7E75ECFF8C0B3DB8D35 /* UIBarButtonItem */,
				0493472B043AE9358E374F400818BC62 /* UIButton */,
				C61FA760C329029916EAB5DF6196AE44 /* UIColor */,
				672790F9FBEF1DB75397020CEEDDC422 /* UIImage */,
				458400216ECA6027907392A9F92C1A50 /* UIScrollView */,
				5D5BF88A47261D2A7AF534030385A3CC /* UITableView */,
				A01C37BAA2EDA30ED682D64F551DB64A /* UIView */,
				DC10D825E2095495087364C672A77DF3 /* UIViewController */,
				DFE967201D0969726A8588440FD28587 /* UIWindow */,
			);
			path = Public;
			sourceTree = "<group>";
		};
		2D68824CDAB38D447CAFCD441B653B74 /* NSObject */ = {
			isa = PBXGroup;
			children = (
				4EAD31BE57E82E0D0DBC6AAD10771C14 /* NSObject (Associations).swift */,
			);
			path = NSObject;
			sourceTree = "<group>";
		};
		323024B9C32DBCD16579A5D0E1898452 /* CALayer */ = {
			isa = PBXGroup;
			children = (
				580BC6050B611219FDBB90C49361A752 /* CALayer (ConvenienceInits).swift */,
			);
			path = CALayer;
			sourceTree = "<group>";
		};
		458400216ECA6027907392A9F92C1A50 /* UIScrollView */ = {
			isa = PBXGroup;
			children = (
				43F15D92B31E10526F4B2EB07123B63B /* UIScrollView (ScrollingConvenience).swift */,
				05BA18CC2F9A526F518B9C154D07DDC7 /* UIScrollView (ZoomingConvenience).swift */,
			);
			path = UIScrollView;
			sourceTree = "<group>";
		};
		46D48A3DF2B901CAD57244D34D089FF9 /* Classes */ = {
			isa = PBXGroup;
			children = (
				81E4DAC46F44F11E680BCD87739D7F33 /* ButtonClasses */,
				88FC8021D486B569057F4800A4ADE98C /* CustomViews */,
				AAD496374D60FA3D83572E9051E49F30 /* ImageClasses */,
				1A2AF345D99AE2F606C662E97012958A /* LabelClasses */,
				A3AB6252EFF7C31DBE40BB1578EF32AC /* LayerClasses */,
				02821F3BFC5F2DBE0FD2A172B54F594E /* TextFieldClasses */,
				A35630EB3C15AE66CC75B9EA1FCFEA0A /* TextViewClasses */,
				7AEA2B322FEE44C005AC3706654DCAC4 /* ViewControllerClasses */,
			);
			path = Classes;
			sourceTree = "<group>";
		};
		46E7F64B4FE1F823B9CE5441A548B3C2 /* Internal */ = {
			isa = PBXGroup;
			children = (
				CEA9ED81CA9819C760F0522AF4297510 /* NSLocalizedString */,
				2D68824CDAB38D447CAFCD441B653B74 /* NSObject */,
				BC2EA83A70843FD6A5BD090CDDB4F4ED /* UIButton */,
				246C935C9C014C4BD5D47F71877750B3 /* UIColor */,
				DB5E54BA08F5DE8E909C7868A0EA78F0 /* UIImage */,
			);
			path = Internal;
			sourceTree = "<group>";
		};
		4A5930AB88C4B454F2E6FD5FEA4C4578 /* Frameworks */ = {
			isa = PBXGroup;
			children = (
				EA7FFA17FC0A5D6DF5FAF4475A4BE503 /* Pods_TastyTomatoAbstract_TastyTomato.framework */,
				EABA286658F68C0C07202547FFEF1BC7 /* Pods_TastyTomatoAbstract_TastyTomatoTests.framework */,
			);
			name = Frameworks;
			sourceTree = "<group>";
		};
		50F1122FD4800C03981DB9BA49DBDEDE /* Localizations */ = {
			isa = PBXGroup;
			children = (
				E9175C1A832EEF0F37AEE33411A20042 /* Localizable.strings */,
			);
			path = Localizations;
			sourceTree = "<group>";
		};
		5D5BF88A47261D2A7AF534030385A3CC /* UITableView */ = {
			isa = PBXGroup;
			children = (
				B242DBFE7AC263A838F81DB66F8D7280 /* UITableView (reloadSoftly).swift */,
			);
			path = UITableView;
			sourceTree = "<group>";
		};
		6054D7993EB7ADFFC77F9B34313A406C /* TastyTomatoTests */ = {
			isa = PBXGroup;
			children = (
				94154F1BD684F2C672C76A4BFDB379C2 /* Info.plist */,
				DCF12E5F5D09CC277B307C8A27456151 /* TastyTomatoTests.swift */,
			);
			path = TastyTomatoTests;
			sourceTree = "<group>";
		};
		672790F9FBEF1DB75397020CEEDDC422 /* UIImage */ = {
			isa = PBXGroup;
			children = (
				97CE20B670A02E13FB4A56517F58E300 /* UIImage (ColoredRect).swift */,
				44C1F525CF3F06186D126ECB7A005615 /* UIImage (Named).swift */,
				F4343B818E71BB8FE07479C990F00752 /* UIImage (RenderingModes).swift */,
				1A908324B2B4B669470F0A3864A426C6 /* UIImage (Scaled).swift */,
				7EC88A94DDF26B9532AD8A6346A250E9 /* UIImage (WidthHeight).swift */,
			);
			path = UIImage;
			sourceTree = "<group>";
		};
		720493D3CFB054FBA7645AE63F1761F0 /* Images */ = {
			isa = PBXGroup;
			children = (
				13A94DD966224A32780B63A66B726658 /* Icons.xcassets */,
				E46CF3C89E0EB17A793ACD301991F9A2 /* Logos.xcassets */,
			);
			path = Images;
			sourceTree = "<group>";
		};
		7650E3E33692C33AAC5C9D10FB39AA60 /* Logos */ = {
			isa = PBXGroup;
			children = (
				524DD60BF858BDA8D4E2F6F0015C302A /* ResmioLogo.swift */,
			);
			path = Logos;
			sourceTree = "<group>";
		};
		7AEA2B322FEE44C005AC3706654DCAC4 /* ViewControllerClasses */ = {
			isa = PBXGroup;
			children = (
				20E3224E8288CDDF70618B7A04C8C986 /* RootViewController.swift */,
			);
			path = ViewControllerClasses;
			sourceTree = "<group>";
		};
		81E4DAC46F44F11E680BCD87739D7F33 /* ButtonClasses */ = {
			isa = PBXGroup;
			children = (
				3FBC82B6AD23E06DAA22DC3B2FEAC599 /* BaseButton.swift */,
				E12E3659104848DDD678FE37D39AEAF3 /* FilledButton.swift */,
				DC87E38A8D37FC92DD3A64DEC8AC1796 /* ShortcutBarButton.swift */,
				AE12E9AC9F91E1C3F23E1C2A25D9E463 /* TextButton.swift */,
			);
			path = ButtonClasses;
			sourceTree = "<group>";
		};
		88FC8021D486B569057F4800A4ADE98C /* CustomViews */ = {
			isa = PBXGroup;
			children = (
				1BEDC49C5806846E908D79A81A8DE686 /* ShortcutBar */,
				C61B4C06BBC4EB775183743E5167421C /* Tags */,
				23F46E8BFE01453CA2299EB51CEC1DBC /* ZoomView */,
			);
			path = CustomViews;
			sourceTree = "<group>";
		};
		8D6B38C23AD55B56C22E0212EAB83656 /* Buttons */ = {
			isa = PBXGroup;
			children = (
				D62837076E5C6BBE23DC133DBF28FFFD /* FilledButtons.swift */,
				E628597189125D75D98E36EA8682ADA2 /* TextButtons.swift */,
			);
			path = Buttons;
			sourceTree = "<group>";
		};
		9999FCCB3A774D4E83A754E53EFE8B64 /* Extensions */ = {
			isa = PBXGroup;
			children = (
				46E7F64B4FE1F823B9CE5441A548B3C2 /* Internal */,
				2B5D0A633795C19AE52663F380A3DE7B /* Public */,
			);
			path = Extensions;
			sourceTree = "<group>";
		};
		9A89BE72D4671CAB9BB7FFB4B3B4F96D /* CGSize */ = {
			isa = PBXGroup;
			children = (
				88C46794B3EFC67B1746BE7CB81E0F62 /* CGSize (Area).swift */,
				C12824249B7328133328FF9AE5640462 /* CGSize (CGRect).swift */,
				B070B8399B4B109A28594202D08619CD /* CGSize (ConvenienceInits).swift */,
				D43E0F301A67734A74C63533E21FEEDF /* CGSize (Scaled).swift */,
			);
			path = CGSize;
			sourceTree = "<group>";
		};
		9A8CE9444735CD60A5574445C3C34289 /* Icons */ = {
			isa = PBXGroup;
			children = (
				C08B5813ECAE6108D8A3192D688E9D77 /* ArrowIcon.swift */,
				41EC6FAC54AA2A974B870699327AD8DE /* BookingStatusIcon.swift */,
				502A0EA47A67D9129AB47655130F41D4 /* MiscIcon.swift */,
			);
			path = Icons;
			sourceTree = "<group>";
		};
		9C2EB5437A663A7E7AD05D34C497870E /* CGFloat */ = {
			isa = PBXGroup;
			children = (
				8E24467D4568DC50711B01B3FBCD8958 /* CGFloat (Int).swift */,
				5A54FF5C0D3BA210866F5B407D653FBA /* CGFloat (UInt).swift */,
			);
			path = CGFloat;
			sourceTree = "<group>";
		};
		A01C37BAA2EDA30ED682D64F551DB64A /* UIView */ = {
			isa = PBXGroup;
			children = (
				15004413C96D0B4A03CF11D63DD6382A /* UIView (Area).swift */,
				7DAB831517E3851F87B951BE6881C71B /* UIView (BarButtonItem).swift */,
				8CB15454677793E311B1E258952332E7 /* UIView (Centering).swift */,
				EE11E8FF7E9AAEC21DBE2CC38CF76534 /* UIView (ConvenienceInits).swift */,
				CC85C32067728778599D735CE9A77864 /* UIView (OriginLeftRightTopBottom).swift */,
				978EA7B188BA3CCA15536BA105B324A5 /* UIView (ScaleByFactor).swift */,
				A962BC1498C30634120C1D0FC724E828 /* UIView (SizeWidthHeight).swift */,
				6281FC9CC0B750319F7F7A568E1BE01F /* UIView (TemporaryPositionAndDimensions).swift */,
			);
			path = UIView;
			sourceTree = "<group>";
		};
		A2C7788C50EBFA6A19AD6E5D21DDA7F0 /* CGPoint */ = {
			isa = PBXGroup;
			children = (
				38695237639647DC1871B8DCC1F4B719 /* CGPoint (ConvenienceInits).swift */,
			);
			path = CGPoint;
			sourceTree = "<group>";
		};
		A35630EB3C15AE66CC75B9EA1FCFEA0A /* TextViewClasses */ = {
			isa = PBXGroup;
			children = (
				5DCC82CB1A56D60A4DF981960B5A667C /* BaseTextView.swift */,
			);
			path = TextViewClasses;
			sourceTree = "<group>";
		};
		A3AB6252EFF7C31DBE40BB1578EF32AC /* LayerClasses */ = {
			isa = PBXGroup;
			children = (
				4E9BC583DBAE7511BCDDF7E97D2E6F30 /* BorderLayer.swift */,
				9FFB79C0D23FF876BF39D0237EBB0E33 /* GridLayer.swift */,
				49F2EE287EFE2E608FE430542E60BF82 /* LineLayer.swift */,
				A0C61A532AD392FBEFDFAA4BDA484C9C /* TriangleLayer.swift */,
			);
			path = LayerClasses;
			sourceTree = "<group>";
		};
		AAD496374D60FA3D83572E9051E49F30 /* ImageClasses */ = {
			isa = PBXGroup;
			children = (
				9A8CE9444735CD60A5574445C3C34289 /* Icons */,
				F4F8D17F4741073A408CE828D3E7ACA0 /* Images */,
				7650E3E33692C33AAC5C9D10FB39AA60 /* Logos */,
				484B490047206C221157A2991EFF79E0 /* MetaImage.swift */,
			);
			path = ImageClasses;
			sourceTree = "<group>";
		};
		B86771969A1F1EC83F2C4F4EFFB871C0 /* Pods */ = {
			isa = PBXGroup;
			children = (
				F10CB374E45CF24A4F503F48FD457BD8 /* Pods-TastyTomatoAbstract-TastyTomato.debug.xcconfig */,
				1D1A60CE3AFFC68209D50DF5CC789F23 /* Pods-TastyTomatoAbstract-TastyTomato.release.xcconfig */,
				AC8C208AA1F468C889CFCD457BDCB8A2 /* Pods-TastyTomatoAbstract-TastyTomatoTests.debug.xcconfig */,
				AB90DABCB03ADFB08A162B10C5A52C43 /* Pods-TastyTomatoAbstract-TastyTomatoTests.release.xcconfig */,
			);
			name = Pods;
			sourceTree = "<group>";
		};
		BC2EA83A70843FD6A5BD090CDDB4F4ED /* UIButton */ = {
			isa = PBXGroup;
			children = (
				96EB2A0C35717ED674361E12EF4C5BAA /* UIButton (Color_).swift */,
			);
			path = UIButton;
			sourceTree = "<group>";
		};
		C61B4C06BBC4EB775183743E5167421C /* Tags */ = {
			isa = PBXGroup;
			children = (
				9905A0D02FB847E86970E50B1768AC71 /* TagView.swift */,
				8A98E8296B3BD2970706F8D3BE1F63CB /* TagsView.swift */,
			);
			path = Tags;
			sourceTree = "<group>";
		};
		C61FA760C329029916EAB5DF6196AE44 /* UIColor */ = {
			isa = PBXGroup;
			children = (
				286A04009DB4A9D07DDD2C4BBC906120 /* UIColor (PredefinedColors).swift */,
				9E44E7E7FD7D953F91AD9935AA1C0709 /* UIColor (WithAlpha).swift */,
			);
			path = UIColor;
			sourceTree = "<group>";
		};
		CC8873A5D129E761EEABF10B6C336331 /* Elements */ = {
			isa = PBXGroup;
			children = (
				8D6B38C23AD55B56C22E0212EAB83656 /* Buttons */,
			);
			path = Elements;
			sourceTree = "<group>";
		};
		CEA9ED81CA9819C760F0522AF4297510 /* NSLocalizedString */ = {
			isa = PBXGroup;
			children = (
				CE06BAB5E34D33E9205557171C73CF6C /* NSL_.swift */,
			);
			path = NSLocalizedString;
			sourceTree = "<group>";
		};
		D23210E99B6D5D3E3FEB6708B0CC452F /* Meta */ = {
			isa = PBXGroup;
			children = (
				1B1032762F44E9AFAAC244949B1E9E97 /* BundleHelper_.swift */,
			);
			path = Meta;
			sourceTree = "<group>";
		};
		D7B5FB8B737A9AC146C8A6F988388264 /* OperatorOverloads */ = {
			isa = PBXGroup;
			children = (
				9C2EB5437A663A7E7AD05D34C497870E /* CGFloat */,
			);
			path = OperatorOverloads;
			sourceTree = "<group>";
		};
		DB5E54BA08F5DE8E909C7868A0EA78F0 /* UIImage */ = {
			isa = PBXGroup;
			children = (
				162CC1F2A974F883E6BD5039B189DF28 /* UIImage (Named_).swift */,
			);
			path = UIImage;
			sourceTree = "<group>";
		};
		DC10D825E2095495087364C672A77DF3 /* UIViewController */ = {
			isa = PBXGroup;
			children = (
				CDDA86B00BB8C1AE6C781872E597AF28 /* UIViewController (Embedding).swift */,
			);
			path = UIViewController;
			sourceTree = "<group>";
		};
		DFE967201D0969726A8588440FD28587 /* UIWindow */ = {
			isa = PBXGroup;
			children = (
				4D0B983C3C231C9E14CC5FD6A3276D63 /* UIWindow (SetRootViewController).swift */,
			);
			path = UIWindow;
			sourceTree = "<group>";
		};
		E1C18622C6D4C7E75ECFF8C0B3DB8D35 /* UIBarButtonItem */ = {
			isa = PBXGroup;
			children = (
				90413FC4A30D88E21DEBA1DD362A605C /* UIBarButtonItem (Factories).swift */,
			);
			path = UIBarButtonItem;
			sourceTree = "<group>";
		};
		EE22ED39034017661019E659F4958502 /* TastyTomato */ = {
			isa = PBXGroup;
			children = (
				18306EDC2A57EEE4D03157F13936E91A /* Code */,
				720493D3CFB054FBA7645AE63F1761F0 /* Images */,
				50F1122FD4800C03981DB9BA49DBDEDE /* Localizations */,
				AC280804706B40B958EEE8284ED922F8 /* Info.plist */,
				083386230915027A1693F0088C82312B /* TastyTomato.h */,
			);
			path = TastyTomato;
			sourceTree = "<group>";
		};
		F4F8D17F4741073A408CE828D3E7ACA0 /* Images */ = {
			isa = PBXGroup;
			children = (
				77E83DDD4566361CA7AD1928CAA0D8CC /* MiscImage.swift */,
			);
			path = Images;
			sourceTree = "<group>";
		};
/* End PBXGroup section */

/* Begin PBXHeadersBuildPhase section */
		8A261083153DF6C4443C8AF745DFF0EC /* Headers */ = {
			isa = PBXHeadersBuildPhase;
			buildActionMask = 2147483647;
			files = (
				AC9D9866E065E12DCB2AD07AC6627022 /* TastyTomato.h in Headers */,
			);
			runOnlyForDeploymentPostprocessing = 0;
		};
/* End PBXHeadersBuildPhase section */

/* Begin PBXNativeTarget section */
		0E7680876764C3020A8CF0627D6E3476 /* TastyTomatoTests */ = {
			isa = PBXNativeTarget;
			buildConfigurationList = 6421144D3E84191201035A01CAD17A8F /* Build configuration list for PBXNativeTarget "TastyTomatoTests" */;
			buildPhases = (
				94F67F012D3977A3749ACBCD08185BC7 /* [CP] Check Pods Manifest.lock */,
				35B3724FC1ADEC6AA7F2193760DA11CA /* Sources */,
				630DD274FF90B1048DD886A760489593 /* Frameworks */,
				94181FE122095712F9F3E596F62187C8 /* Resources */,
				8867512E05BFE2DA8FAB2FA321A4D9EE /* [CP] Embed Pods Frameworks */,
				26891839DE5DE45F984B06E80F5F0076 /* [CP] Copy Pods Resources */,
			);
			buildRules = (
			);
			dependencies = (
				BD855CC05FE312DB1AC20F4A7773015F /* PBXTargetDependency */,
			);
			name = TastyTomatoTests;
			productName = TastyTomatoTests;
			productReference = 110CB58DB9DDDA2C9F160F9BC574F54D /* TastyTomatoTests.xctest */;
			productType = "com.apple.product-type.bundle.unit-test";
		};
		517580651DAB345693709175BEC4073C /* TastyTomato */ = {
			isa = PBXNativeTarget;
			buildConfigurationList = FE1942CC76C78C04376997A22C1DDE29 /* Build configuration list for PBXNativeTarget "TastyTomato" */;
			buildPhases = (
				049CE6918E297D0A10964AD1AD5BD406 /* [CP] Check Pods Manifest.lock */,
				F7B853C27FD687858316219E49A39D47 /* Sources */,
				1DF08CF9FA90E2D2EC18047F04A5D21C /* Frameworks */,
				8A261083153DF6C4443C8AF745DFF0EC /* Headers */,
				23DFE944A16ECA0311AB2A53C735D6C1 /* Resources */,
				27B44003E1A6660A3AD3C3E4B60C9EEE /* [CP] Copy Pods Resources */,
			);
			buildRules = (
			);
			dependencies = (
			);
			name = TastyTomato;
			productName = TastyTomato;
			productReference = 01F8CFBC214803F0D77371D34103D883 /* TastyTomato.framework */;
			productType = "com.apple.product-type.framework";
		};
/* End PBXNativeTarget section */

/* Begin PBXProject section */
		5069C7C03228600E179028734BF762CF /* Project object */ = {
			isa = PBXProject;
			attributes = {
				LastSwiftUpdateCheck = 0730;
				LastUpgradeCheck = 0900;
				ORGANIZATIONNAME = resmio;
				TargetAttributes = {
					0E7680876764C3020A8CF0627D6E3476 = {
						CreatedOnToolsVersion = 7.3.1;
						LastSwiftMigration = 0900;
					};
					517580651DAB345693709175BEC4073C = {
						CreatedOnToolsVersion = 7.3.1;
						LastSwiftMigration = 0900;
					};
				};
			};
			buildConfigurationList = 060A183A5F89CDDB0C50EDA6279C87A8 /* Build configuration list for PBXProject "TastyTomato" */;
			compatibilityVersion = "Xcode 3.2";
			developmentRegion = English;
			hasScannedForEncodings = 0;
			knownRegions = (
				en,
				de,
				fr,
			);
			mainGroup = 0797CADAA242E6EF3AC04B83BE063FFA;
			productRefGroup = 087D62F85789E9BA2921482544C68BB4 /* Products */;
			projectDirPath = "";
			projectRoot = "";
			targets = (
				517580651DAB345693709175BEC4073C /* TastyTomato */,
				0E7680876764C3020A8CF0627D6E3476 /* TastyTomatoTests */,
			);
		};
/* End PBXProject section */

/* Begin PBXResourcesBuildPhase section */
		23DFE944A16ECA0311AB2A53C735D6C1 /* Resources */ = {
			isa = PBXResourcesBuildPhase;
			buildActionMask = 2147483647;
			files = (
				58553661C119FAC95156619850713435 /* Icons.xcassets in Resources */,
				C15C849839C07137AF9228EBCA319B2C /* Localizable.strings in Resources */,
				AA8512B64D36C58068B677B56BD11C09 /* Logos.xcassets in Resources */,
			);
			runOnlyForDeploymentPostprocessing = 0;
		};
		94181FE122095712F9F3E596F62187C8 /* Resources */ = {
			isa = PBXResourcesBuildPhase;
			buildActionMask = 2147483647;
			files = (
			);
			runOnlyForDeploymentPostprocessing = 0;
		};
/* End PBXResourcesBuildPhase section */

/* Begin PBXShellScriptBuildPhase section */
		049CE6918E297D0A10964AD1AD5BD406 /* [CP] Check Pods Manifest.lock */ = {
			isa = PBXShellScriptBuildPhase;
			buildActionMask = 2147483647;
			files = (
			);
			inputPaths = (
				"${PODS_PODFILE_DIR_PATH}/Podfile.lock",
				"${PODS_ROOT}/Manifest.lock",
			);
			name = "[CP] Check Pods Manifest.lock";
			outputPaths = (
				"$(DERIVED_FILE_DIR)/Pods-TastyTomatoAbstract-TastyTomato-checkManifestLockResult.txt",
			);
			runOnlyForDeploymentPostprocessing = 0;
			shellPath = /bin/sh;
			shellScript = "diff \"${PODS_PODFILE_DIR_PATH}/Podfile.lock\" \"${PODS_ROOT}/Manifest.lock\" > /dev/null\nif [ $? != 0 ] ; then\n    # print error to STDERR\n    echo \"error: The sandbox is not in sync with the Podfile.lock. Run 'pod install' or update your CocoaPods installation.\" >&2\n    exit 1\nfi\n# This output is used by Xcode 'outputs' to avoid re-running this script phase.\necho \"SUCCESS\" > \"${SCRIPT_OUTPUT_FILE_0}\"\n";
			showEnvVarsInLog = 0;
		};
		26891839DE5DE45F984B06E80F5F0076 /* [CP] Copy Pods Resources */ = {
			isa = PBXShellScriptBuildPhase;
			buildActionMask = 2147483647;
			files = (
			);
			inputPaths = (
			);
			name = "[CP] Copy Pods Resources";
			outputPaths = (
			);
			runOnlyForDeploymentPostprocessing = 0;
			shellPath = /bin/sh;
			shellScript = "\"${SRCROOT}/Pods/Target Support Files/Pods-TastyTomatoAbstract-TastyTomatoTests/Pods-TastyTomatoAbstract-TastyTomatoTests-resources.sh\"\n";
			showEnvVarsInLog = 0;
		};
		27B44003E1A6660A3AD3C3E4B60C9EEE /* [CP] Copy Pods Resources */ = {
			isa = PBXShellScriptBuildPhase;
			buildActionMask = 2147483647;
			files = (
			);
			inputPaths = (
			);
			name = "[CP] Copy Pods Resources";
			outputPaths = (
			);
			runOnlyForDeploymentPostprocessing = 0;
			shellPath = /bin/sh;
			shellScript = "\"${SRCROOT}/Pods/Target Support Files/Pods-TastyTomatoAbstract-TastyTomato/Pods-TastyTomatoAbstract-TastyTomato-resources.sh\"\n";
			showEnvVarsInLog = 0;
		};
		8867512E05BFE2DA8FAB2FA321A4D9EE /* [CP] Embed Pods Frameworks */ = {
			isa = PBXShellScriptBuildPhase;
			buildActionMask = 2147483647;
			files = (
			);
			inputPaths = (
				"${SRCROOT}/Pods/Target Support Files/Pods-TastyTomatoAbstract-TastyTomatoTests/Pods-TastyTomatoAbstract-TastyTomatoTests-frameworks.sh",
				"${BUILT_PRODUCTS_DIR}/SignificantSpices/SignificantSpices.framework",
			);
			name = "[CP] Embed Pods Frameworks";
			outputPaths = (
				"${TARGET_BUILD_DIR}/${FRAMEWORKS_FOLDER_PATH}/SignificantSpices.framework",
			);
			runOnlyForDeploymentPostprocessing = 0;
			shellPath = /bin/sh;
			shellScript = "\"${SRCROOT}/Pods/Target Support Files/Pods-TastyTomatoAbstract-TastyTomatoTests/Pods-TastyTomatoAbstract-TastyTomatoTests-frameworks.sh\"\n";
			showEnvVarsInLog = 0;
		};
		94F67F012D3977A3749ACBCD08185BC7 /* [CP] Check Pods Manifest.lock */ = {
			isa = PBXShellScriptBuildPhase;
			buildActionMask = 2147483647;
			files = (
			);
			inputPaths = (
				"${PODS_PODFILE_DIR_PATH}/Podfile.lock",
				"${PODS_ROOT}/Manifest.lock",
			);
			name = "[CP] Check Pods Manifest.lock";
			outputPaths = (
				"$(DERIVED_FILE_DIR)/Pods-TastyTomatoAbstract-TastyTomatoTests-checkManifestLockResult.txt",
			);
			runOnlyForDeploymentPostprocessing = 0;
			shellPath = /bin/sh;
			shellScript = "diff \"${PODS_PODFILE_DIR_PATH}/Podfile.lock\" \"${PODS_ROOT}/Manifest.lock\" > /dev/null\nif [ $? != 0 ] ; then\n    # print error to STDERR\n    echo \"error: The sandbox is not in sync with the Podfile.lock. Run 'pod install' or update your CocoaPods installation.\" >&2\n    exit 1\nfi\n# This output is used by Xcode 'outputs' to avoid re-running this script phase.\necho \"SUCCESS\" > \"${SCRIPT_OUTPUT_FILE_0}\"\n";
			showEnvVarsInLog = 0;
		};
/* End PBXShellScriptBuildPhase section */

/* Begin PBXSourcesBuildPhase section */
		35B3724FC1ADEC6AA7F2193760DA11CA /* Sources */ = {
			isa = PBXSourcesBuildPhase;
			buildActionMask = 2147483647;
			files = (
				93EAC8CFEA337415C4B97B90F661E88B /* TastyTomatoTests.swift in Sources */,
			);
			runOnlyForDeploymentPostprocessing = 0;
		};
		F7B853C27FD687858316219E49A39D47 /* Sources */ = {
			isa = PBXSourcesBuildPhase;
			buildActionMask = 2147483647;
			files = (
				3466F939EFAD784C51D7B5EC69F54B42 /* ArrowIcon.swift in Sources */,
				E120F90B264A2076BE355CC29E789218 /* BaseButton.swift in Sources */,
				8AFD503F0DAAD95A1409CA097774D52E /* BaseLabel.swift in Sources */,
				71FE9A541DB44EEAAE834FFADE502F36 /* BaseTextField.swift in Sources */,
				CF8FDF1DFA8603E44D63E041A668BEC5 /* BaseTextView.swift in Sources */,
				F128D132603E4E0CE74EC979474A6F60 /* BookingStatusIcon.swift in Sources */,
				6470F7DF00947E0FBE1900DC3E0DD50B /* BorderLayer.swift in Sources */,
				F3F0485D7B95F9B516AEC11BC8F5FB46 /* BundleHelper_.swift in Sources */,
				C2E279A4ED34081F1C983150B1F45061 /* CALayer (ConvenienceInits).swift in Sources */,
				ACCA3B0989D99B356D42394A91C5D95A /* CAShapeLayer (ConvenienceInits).swift in Sources */,
				3DE684BA7159AEA557CDE0F4F775B5A0 /* CGFloat (Int).swift in Sources */,
				1D182D1BB45EB8B648582A87B8CC2067 /* CGFloat (UInt).swift in Sources */,
				2F3E948D83ABEF456118C56CC1ADA20E /* CGPoint (ConvenienceInits).swift in Sources */,
				2E894736E4858AC80DCD8D499E0FD708 /* CGRect (Area).swift in Sources */,
				6845BD2DA1CBDE9DE2EA67D64795A39D /* CGRect (ConvenienceInits).swift in Sources */,
				FEDE5B67B4C74086E15CA7BCAA26A666 /* CGRect (LeftRightTopBottomCenter).swift in Sources */,
				84BB5378D9A297B753E679DBE872A69A /* CGRect (Scaled).swift in Sources */,
				A3A6206717A979DB2D2801A8B8D6F67A /* CGSize (Area).swift in Sources */,
				AA722217EC3B0D09B4E3E43283C98EA6 /* CGSize (CGRect).swift in Sources */,
				5C8AA03C6C4B4DCDAA601D7775D8EA1A /* CGSize (ConvenienceInits).swift in Sources */,
				07D9391000BFA486E44C4497A1788C6A /* CGSize (Scaled).swift in Sources */,
				D9D8EA86DD5DE5CE144ED010353425A3 /* DropDownTextField.swift in Sources */,
				935CB353F7CC151C86503DB41E3290C6 /* FilledButton.swift in Sources */,
				01903A7870C59E45E2071D68688B64AE /* FilledButtons.swift in Sources */,
				D2696B92DC2F081F73F0EEB14B91BE9F /* GridLayer.swift in Sources */,
				1EB50168F0EB699E438CBBA6F754ABC7 /* LineLayer.swift in Sources */,
				693E5BA8F4FB876E21E39F6E293B7A26 /* MetaImage.swift in Sources */,
				2019E88F5EDA689599E01366C30087AD /* MiscIcon.swift in Sources */,
				B40D853AD52ACB98F1C2D0D60A988561 /* MiscImage.swift in Sources */,
				26C9967D3E82CB12CD88A26329600F6E /* NSL_.swift in Sources */,
				AE20A1758B460EF322D1D4FFBCFE0923 /* NSObject (Associations).swift in Sources */,
				D5F5502E31B92D0F0FF7A0D43E8ED8CD /* ResmioLogo.swift in Sources */,
				70BE5C6357A3D70B89A63BD4EF3125FA /* RootViewController.swift in Sources */,
				AF53E089D7041EDFD9F90E22C958AD7E /* ShortcutBar.swift in Sources */,
				33D7CBF4CDA305FAE290B028790A338E /* ShortcutBarButton.swift in Sources */,
				0A9100AA8AD8E4B0E7367732D970B17A /* TagView.swift in Sources */,
				5B2E2C7933A2CB02419E3D9D200663F6 /* TagsView.swift in Sources */,
				42BB16D84A350E14BE177DA60F5977A0 /* TextButton.swift in Sources */,
				EA4C422FDA23A2D7DDF931EF8A605544 /* TextButtons.swift in Sources */,
				48D0397391009A24265A5FEE06D16F89 /* TriangleLayer.swift in Sources */,
				1DF819E384E2A4584269F107EB070EFF /* UIBarButtonItem (Factories).swift in Sources */,
				7C8AA1C87BF89C4D6142967CA426F23E /* UIButton (Color).swift in Sources */,
				9EDC676FBB4296DB4C630B5E78379EBE /* UIButton (Color_).swift in Sources */,
				F0ECD62C46A02D8138358FBAB1B38285 /* UIButton (SetTitle).swift in Sources */,
				CA9124BD236AE4D0D64EFC021D5BB391 /* UIColor (FromHex_).swift in Sources */,
				25879B45F1221FB152C8E2F32B83DCB5 /* UIColor (PredefinedColors).swift in Sources */,
				36619180DB22B571E2199B3C6CDD67A4 /* UIColor (WithAlpha).swift in Sources */,
				DA4FD8E31F32DAE00AFCA3A9CE81C160 /* UIImage (ColoredRect).swift in Sources */,
				F2E74DE0C5E277FAC2E75CCC8984885B /* UIImage (Named).swift in Sources */,
				234C2E7FADD37FC3783F9BFF305828A6 /* UIImage (Named_).swift in Sources */,
				5FBBB08F482C2EF8829D937D432DB0AA /* UIImage (RenderingModes).swift in Sources */,
				2CCA94476E3333C634E936EC9EECA2AE /* UIImage (Scaled).swift in Sources */,
				6B57EDA175E804981EC3D12739F147AB /* UIImage (WidthHeight).swift in Sources */,
				9A8C438EC913820E7B32A6C0D41EE5C9 /* UIScrollView (ScrollingConvenience).swift in Sources */,
				D8294936BE4CF32441B0D854D1F9DDEE /* UIScrollView (ZoomingConvenience).swift in Sources */,
				B29BDBA0023131D713E51F8D95B96ADA /* UITableView (reloadSoftly).swift in Sources */,
				800936DF4B2EC8E094396520F049EF4B /* UIView (Area).swift in Sources */,
				9438FFB35B2B7340B87AD601C75C77D4 /* UIView (BarButtonItem).swift in Sources */,
				13BFB81E9AE9A8BC5760E75496D1DFFC /* UIView (Centering).swift in Sources */,
				F7363F8CD1B8E2BF8206ED43F350E8EF /* UIView (ConvenienceInits).swift in Sources */,
				A43281AE7F5ED34889BF39E8FA61D6F5 /* UIView (OriginLeftRightTopBottom).swift in Sources */,
				5A17A3E7FF74BF8938A74A135969B1CE /* UIView (ScaleByFactor).swift in Sources */,
				016794C2166A998F5DCD79812840EF65 /* UIView (SizeWidthHeight).swift in Sources */,
				7B88BA2CAAD9CE534ACC63C4E654901C /* UIView (TemporaryPositionAndDimensions).swift in Sources */,
				C80A75D4A90ACE4BA90325467515CA79 /* UIViewController (Embedding).swift in Sources */,
				EE32ADFFEBCC74C2EA342C807988D3A1 /* UIWindow (SetRootViewController).swift in Sources */,
				5E57C795BBC2571CF69566AAED10332A /* ZoomToPointScrollView.swift in Sources */,
				2D482E84B878E94A2EBC56EF45330674 /* ZoomView.swift in Sources */,
			);
			runOnlyForDeploymentPostprocessing = 0;
		};
/* End PBXSourcesBuildPhase section */

/* Begin PBXTargetDependency section */
		BD855CC05FE312DB1AC20F4A7773015F /* PBXTargetDependency */ = {
			isa = PBXTargetDependency;
			target = 517580651DAB345693709175BEC4073C /* TastyTomato */;
			targetProxy = 06A29463E92A4C636533F9A1C5116865 /* PBXContainerItemProxy */;
		};
/* End PBXTargetDependency section */

/* Begin PBXVariantGroup section */
		E9175C1A832EEF0F37AEE33411A20042 /* Localizable.strings */ = {
			isa = PBXVariantGroup;
			children = (
				91C532ECB5C7CC6DE8FAAAD3F465DEAE /* de */,
				617BAD163949C9A08DE92862E903C2A8 /* en */,
				019B1845FE1BCB19271320DCDCAE1B32 /* fr */,
			);
			name = Localizable.strings;
			path = .;
			sourceTree = "<group>";
		};
/* End PBXVariantGroup section */

/* Begin XCBuildConfiguration section */
		4BD485ECA32363D712B4CBC719A7D7C9 /* Release */ = {
			isa = XCBuildConfiguration;
			buildSettings = {
				ALWAYS_SEARCH_USER_PATHS = NO;
				CLANG_ANALYZER_LOCALIZABILITY_NONLOCALIZED = YES;
				CLANG_ANALYZER_NONNULL = YES;
				CLANG_CXX_LANGUAGE_STANDARD = "gnu++0x";
				CLANG_CXX_LIBRARY = "libc++";
				CLANG_ENABLE_MODULES = YES;
				CLANG_ENABLE_OBJC_ARC = YES;
				CLANG_WARN_BLOCK_CAPTURE_AUTORELEASING = YES;
				CLANG_WARN_BOOL_CONVERSION = YES;
				CLANG_WARN_COMMA = YES;
				CLANG_WARN_CONSTANT_CONVERSION = YES;
				CLANG_WARN_DIRECT_OBJC_ISA_USAGE = YES_ERROR;
				CLANG_WARN_EMPTY_BODY = YES;
				CLANG_WARN_ENUM_CONVERSION = YES;
				CLANG_WARN_INFINITE_RECURSION = YES;
				CLANG_WARN_INT_CONVERSION = YES;
				CLANG_WARN_NON_LITERAL_NULL_CONVERSION = YES;
				CLANG_WARN_OBJC_LITERAL_CONVERSION = YES;
				CLANG_WARN_OBJC_ROOT_CLASS = YES_ERROR;
				CLANG_WARN_RANGE_LOOP_ANALYSIS = YES;
				CLANG_WARN_STRICT_PROTOTYPES = YES;
				CLANG_WARN_SUSPICIOUS_MOVE = YES;
				CLANG_WARN_UNREACHABLE_CODE = YES;
				CLANG_WARN__DUPLICATE_METHOD_MATCH = YES;
				"CODE_SIGN_IDENTITY[sdk=iphoneos*]" = "iPhone Developer";
				COPY_PHASE_STRIP = NO;
				CURRENT_PROJECT_VERSION = 0.17.0;
				DEBUG_INFORMATION_FORMAT = "dwarf-with-dsym";
				DYLIB_COMPATIBILITY_VERSION = 0.17.0;
				DYLIB_CURRENT_VERSION = 0.17.0;
				ENABLE_NS_ASSERTIONS = NO;
				ENABLE_STRICT_OBJC_MSGSEND = YES;
				GCC_C_LANGUAGE_STANDARD = gnu99;
				GCC_NO_COMMON_BLOCKS = YES;
				GCC_WARN_64_TO_32_BIT_CONVERSION = YES;
				GCC_WARN_ABOUT_RETURN_TYPE = YES_ERROR;
				GCC_WARN_UNDECLARED_SELECTOR = YES;
				GCC_WARN_UNINITIALIZED_AUTOS = YES_AGGRESSIVE;
				GCC_WARN_UNUSED_FUNCTION = YES;
				GCC_WARN_UNUSED_VARIABLE = YES;
				IPHONEOS_DEPLOYMENT_TARGET = 9.3;
				MTL_ENABLE_DEBUG_INFO = NO;
				SDKROOT = iphoneos;
				SWIFT_OPTIMIZATION_LEVEL = "-Owholemodule";
				SWIFT_VERSION = 4.0;
				TARGETED_DEVICE_FAMILY = "1,2";
				VALIDATE_PRODUCT = YES;
				VERSIONING_SYSTEM = "apple-generic";
				VERSION_INFO_PREFIX = "";
			};
			name = Release;
		};
		4E4F561F5D33BDCF3053AACDA94E624E /* Debug */ = {
			isa = XCBuildConfiguration;
			baseConfigurationReference = F10CB374E45CF24A4F503F48FD457BD8 /* Pods-TastyTomatoAbstract-TastyTomato.debug.xcconfig */;
			buildSettings = {
				CLANG_ENABLE_MODULES = YES;
				"CODE_SIGN_IDENTITY[sdk=iphoneos*]" = "";
				DEFINES_MODULE = YES;
				DYLIB_INSTALL_NAME_BASE = "@rpath";
				INFOPLIST_FILE = TastyTomato/Info.plist;
				INSTALL_PATH = "$(LOCAL_LIBRARY_DIR)/Frameworks";
				LD_RUNPATH_SEARCH_PATHS = "$(inherited) @executable_path/Frameworks @loader_path/Frameworks";
				PRODUCT_BUNDLE_IDENTIFIER = resmio.TastyTomato;
				PRODUCT_NAME = "$(TARGET_NAME)";
				SKIP_INSTALL = YES;
				SWIFT_OPTIMIZATION_LEVEL = "-Onone";
			};
			name = Debug;
		};
		66526BFC2FE6BD5389E7979AABD049AB /* Release */ = {
			isa = XCBuildConfiguration;
			baseConfigurationReference = AB90DABCB03ADFB08A162B10C5A52C43 /* Pods-TastyTomatoAbstract-TastyTomatoTests.release.xcconfig */;
			buildSettings = {
				GCC_WARN_ABOUT_MISSING_NEWLINE = YES;
				INFOPLIST_FILE = TastyTomatoTests/Info.plist;
				LD_RUNPATH_SEARCH_PATHS = "$(inherited) @executable_path/Frameworks @loader_path/Frameworks";
				PRODUCT_BUNDLE_IDENTIFIER = resmio.TastyTomatoTests;
				PRODUCT_NAME = "$(TARGET_NAME)";
			};
			name = Release;
		};
		70C449598983010F137CCD9AC8CE3BCA /* Release */ = {
			isa = XCBuildConfiguration;
			baseConfigurationReference = 1D1A60CE3AFFC68209D50DF5CC789F23 /* Pods-TastyTomatoAbstract-TastyTomato.release.xcconfig */;
			buildSettings = {
				CLANG_ENABLE_MODULES = YES;
				"CODE_SIGN_IDENTITY[sdk=iphoneos*]" = "";
				DEFINES_MODULE = YES;
				DYLIB_INSTALL_NAME_BASE = "@rpath";
				INFOPLIST_FILE = TastyTomato/Info.plist;
				INSTALL_PATH = "$(LOCAL_LIBRARY_DIR)/Frameworks";
				LD_RUNPATH_SEARCH_PATHS = "$(inherited) @executable_path/Frameworks @loader_path/Frameworks";
				PRODUCT_BUNDLE_IDENTIFIER = resmio.TastyTomato;
				PRODUCT_NAME = "$(TARGET_NAME)";
				SKIP_INSTALL = YES;
			};
			name = Release;
		};
		9BB45C74E94B1E4770E6EB8EC34C7939 /* Debug */ = {
			isa = XCBuildConfiguration;
			baseConfigurationReference = AC8C208AA1F468C889CFCD457BDCB8A2 /* Pods-TastyTomatoAbstract-TastyTomatoTests.debug.xcconfig */;
			buildSettings = {
				GCC_WARN_ABOUT_MISSING_NEWLINE = YES;
				INFOPLIST_FILE = TastyTomatoTests/Info.plist;
				LD_RUNPATH_SEARCH_PATHS = "$(inherited) @executable_path/Frameworks @loader_path/Frameworks";
				PRODUCT_BUNDLE_IDENTIFIER = resmio.TastyTomatoTests;
				PRODUCT_NAME = "$(TARGET_NAME)";
			};
			name = Debug;
		};
		CAC3A750DCED99E19CE70D64C62D059D /* Debug */ = {
			isa = XCBuildConfiguration;
			buildSettings = {
				ALWAYS_SEARCH_USER_PATHS = NO;
				CLANG_ANALYZER_LOCALIZABILITY_NONLOCALIZED = YES;
				CLANG_ANALYZER_NONNULL = YES;
				CLANG_CXX_LANGUAGE_STANDARD = "gnu++0x";
				CLANG_CXX_LIBRARY = "libc++";
				CLANG_ENABLE_MODULES = YES;
				CLANG_ENABLE_OBJC_ARC = YES;
				CLANG_WARN_BLOCK_CAPTURE_AUTORELEASING = YES;
				CLANG_WARN_BOOL_CONVERSION = YES;
				CLANG_WARN_COMMA = YES;
				CLANG_WARN_CONSTANT_CONVERSION = YES;
				CLANG_WARN_DIRECT_OBJC_ISA_USAGE = YES_ERROR;
				CLANG_WARN_EMPTY_BODY = YES;
				CLANG_WARN_ENUM_CONVERSION = YES;
				CLANG_WARN_INFINITE_RECURSION = YES;
				CLANG_WARN_INT_CONVERSION = YES;
				CLANG_WARN_NON_LITERAL_NULL_CONVERSION = YES;
				CLANG_WARN_OBJC_LITERAL_CONVERSION = YES;
				CLANG_WARN_OBJC_ROOT_CLASS = YES_ERROR;
				CLANG_WARN_RANGE_LOOP_ANALYSIS = YES;
				CLANG_WARN_STRICT_PROTOTYPES = YES;
				CLANG_WARN_SUSPICIOUS_MOVE = YES;
				CLANG_WARN_UNREACHABLE_CODE = YES;
				CLANG_WARN__DUPLICATE_METHOD_MATCH = YES;
				"CODE_SIGN_IDENTITY[sdk=iphoneos*]" = "iPhone Developer";
				COPY_PHASE_STRIP = NO;
				CURRENT_PROJECT_VERSION = 0.17.0;
				DEBUG_INFORMATION_FORMAT = dwarf;
				DYLIB_COMPATIBILITY_VERSION = 0.17.0;
				DYLIB_CURRENT_VERSION = 0.17.0;
				ENABLE_STRICT_OBJC_MSGSEND = YES;
				ENABLE_TESTABILITY = YES;
				GCC_C_LANGUAGE_STANDARD = gnu99;
				GCC_DYNAMIC_NO_PIC = NO;
				GCC_NO_COMMON_BLOCKS = YES;
				GCC_OPTIMIZATION_LEVEL = 0;
				GCC_PREPROCESSOR_DEFINITIONS = (
					"DEBUG=1",
					"$(inherited)",
				);
				GCC_WARN_64_TO_32_BIT_CONVERSION = YES;
				GCC_WARN_ABOUT_RETURN_TYPE = YES_ERROR;
				GCC_WARN_UNDECLARED_SELECTOR = YES;
				GCC_WARN_UNINITIALIZED_AUTOS = YES_AGGRESSIVE;
				GCC_WARN_UNUSED_FUNCTION = YES;
				GCC_WARN_UNUSED_VARIABLE = YES;
				IPHONEOS_DEPLOYMENT_TARGET = 9.3;
				MTL_ENABLE_DEBUG_INFO = YES;
				ONLY_ACTIVE_ARCH = YES;
				SDKROOT = iphoneos;
				SWIFT_OPTIMIZATION_LEVEL = "-Onone";
				SWIFT_VERSION = 4.0;
				TARGETED_DEVICE_FAMILY = "1,2";
				VERSIONING_SYSTEM = "apple-generic";
				VERSION_INFO_PREFIX = "";
			};
			name = Debug;
		};
/* End XCBuildConfiguration section */

/* Begin XCConfigurationList section */
		060A183A5F89CDDB0C50EDA6279C87A8 /* Build configuration list for PBXProject "TastyTomato" */ = {
			isa = XCConfigurationList;
			buildConfigurations = (
				CAC3A750DCED99E19CE70D64C62D059D /* Debug */,
				4BD485ECA32363D712B4CBC719A7D7C9 /* Release */,
			);
			defaultConfigurationIsVisible = 0;
			defaultConfigurationName = Release;
		};
		6421144D3E84191201035A01CAD17A8F /* Build configuration list for PBXNativeTarget "TastyTomatoTests" */ = {
			isa = XCConfigurationList;
			buildConfigurations = (
				9BB45C74E94B1E4770E6EB8EC34C7939 /* Debug */,
				66526BFC2FE6BD5389E7979AABD049AB /* Release */,
			);
			defaultConfigurationIsVisible = 0;
			defaultConfigurationName = Release;
		};
		FE1942CC76C78C04376997A22C1DDE29 /* Build configuration list for PBXNativeTarget "TastyTomato" */ = {
			isa = XCConfigurationList;
			buildConfigurations = (
				4E4F561F5D33BDCF3053AACDA94E624E /* Debug */,
				70C449598983010F137CCD9AC8CE3BCA /* Release */,
			);
			defaultConfigurationIsVisible = 0;
			defaultConfigurationName = Release;
		};
/* End XCConfigurationList section */
	};
	rootObject = 5069C7C03228600E179028734BF762CF /* Project object */;
}
