// !$*UTF8*$!
{
	archiveVersion = 1;
	classes = {
	};
	objectVersion = 46;
	objects = {

/* Begin PBXBuildFile section */
		016794C2166A998F5DCD79812840EF65 /* UIView (SizeWidthHeight).swift in Sources */ = {isa = PBXBuildFile; fileRef = A962BC1498C30634120C1D0FC724E828 /* UIView (SizeWidthHeight).swift */; };
		0334106354C991BBB64006CA00BE8533 /* TagsView.swift in Sources */ = {isa = PBXBuildFile; fileRef = D2734AEC8E761F9393F07EC0684421BC /* TagsView.swift */; };
		07D9391000BFA486E44C4497A1788C6A /* CGSize (Scaled).swift in Sources */ = {isa = PBXBuildFile; fileRef = D43E0F301A67734A74C63533E21FEEDF /* CGSize (Scaled).swift */; };
		118468ED217494B3359153A7D1FB109B /* PopoverBackgroundView.swift in Sources */ = {isa = PBXBuildFile; fileRef = EE1954F98DA6B700CA9C855C665226C8 /* PopoverBackgroundView.swift */; };
		13BFB81E9AE9A8BC5760E75496D1DFFC /* UIView (Centering).swift in Sources */ = {isa = PBXBuildFile; fileRef = 8CB15454677793E311B1E258952332E7 /* UIView (Centering).swift */; };
		17C2A8FBE6ADAF5EB6D794E1B577734B /* LineLayer.swift in Sources */ = {isa = PBXBuildFile; fileRef = 56E48EAD2E2F464147025297E5E142F7 /* LineLayer.swift */; };
		19C92CD4A59B6B157BF3C003069DDC68 /* Pods_TastyTomatoAbstract_TastyTomatoTests.framework in Frameworks */ = {isa = PBXBuildFile; fileRef = EABA286658F68C0C07202547FFEF1BC7 /* Pods_TastyTomatoAbstract_TastyTomatoTests.framework */; };
		1D182D1BB45EB8B648582A87B8CC2067 /* CGFloat (UInt).swift in Sources */ = {isa = PBXBuildFile; fileRef = 5A54FF5C0D3BA210866F5B407D653FBA /* CGFloat (UInt).swift */; };
		1DF819E384E2A4584269F107EB070EFF /* UIBarButtonItem (Factories).swift in Sources */ = {isa = PBXBuildFile; fileRef = 90413FC4A30D88E21DEBA1DD362A605C /* UIBarButtonItem (Factories).swift */; };
		1EAB4BC57D2021F3996DDDF8460BDAF1 /* Light.swift in Sources */ = {isa = PBXBuildFile; fileRef = 8C3A2AAC5853367233C32996DDCD5164 /* Light.swift */; };
		1EACCEE0A46BC7B7C1FD1275EC3BD727 /* BaseLabel.swift in Sources */ = {isa = PBXBuildFile; fileRef = 9AC1248BC9394D8C6F465C9ED2087AB2 /* BaseLabel.swift */; };
		234C2E7FADD37FC3783F9BFF305828A6 /* UIImage (Named_).swift in Sources */ = {isa = PBXBuildFile; fileRef = 162CC1F2A974F883E6BD5039B189DF28 /* UIImage (Named_).swift */; };
		24CA93F6CC22F98C1D267BE0455095A1 /* UITextView (HeightConvenience).swift in Sources */ = {isa = PBXBuildFile; fileRef = 384AF30C7CBCCA18C890168B4288522E /* UITextView (HeightConvenience).swift */; };
		25879B45F1221FB152C8E2F32B83DCB5 /* UIColor (PredefinedColors).swift in Sources */ = {isa = PBXBuildFile; fileRef = 286A04009DB4A9D07DDD2C4BBC906120 /* UIColor (PredefinedColors).swift */; };
		26C9967D3E82CB12CD88A26329600F6E /* NSL_.swift in Sources */ = {isa = PBXBuildFile; fileRef = CE06BAB5E34D33E9205557171C73CF6C /* NSL_.swift */; };
		26EC6657182DD1C1402AD2C3A89486BB /* UIFont (PredefinedFonts).swift in Sources */ = {isa = PBXBuildFile; fileRef = BAC2B1E373A0B5FEF4430946F8B244B4 /* UIFont (PredefinedFonts).swift */; };
		2CCA94476E3333C634E936EC9EECA2AE /* UIImage (Scaled).swift in Sources */ = {isa = PBXBuildFile; fileRef = 1A908324B2B4B669470F0A3864A426C6 /* UIImage (Scaled).swift */; };
		2D680F6FE41FE9C609AD5BD6C2532DAD /* BaseSwitch.swift in Sources */ = {isa = PBXBuildFile; fileRef = 75A192A26977F441FC22B8266DAAB0C3 /* BaseSwitch.swift */; };
		2E894736E4858AC80DCD8D499E0FD708 /* CGRect (Area).swift in Sources */ = {isa = PBXBuildFile; fileRef = CF57DBBABA83CFBB3428C32BBB42514E /* CGRect (Area).swift */; };
		2F374B0977A60AC13C6247BC40B13DEC /* BorderLayer.swift in Sources */ = {isa = PBXBuildFile; fileRef = C6DB287B4CBD08CB1C224AEA6B8B9B7F /* BorderLayer.swift */; };
		2F3E948D83ABEF456118C56CC1ADA20E /* CGPoint (ConvenienceInits).swift in Sources */ = {isa = PBXBuildFile; fileRef = 38695237639647DC1871B8DCC1F4B719 /* CGPoint (ConvenienceInits).swift */; };
		30A753D9F75A4C9AC116385B122679A0 /* BaseTextField.swift in Sources */ = {isa = PBXBuildFile; fileRef = 526EBCB4C91C9664B47B9B7BE021F1D8 /* BaseTextField.swift */; };
		36619180DB22B571E2199B3C6CDD67A4 /* UIColor (WithAlpha).swift in Sources */ = {isa = PBXBuildFile; fileRef = 9E44E7E7FD7D953F91AD9935AA1C0709 /* UIColor (WithAlpha).swift */; };
		3A0F7EE1392DB0B9786B4B068FFAFC9C /* CGSize (Transformed).swift in Sources */ = {isa = PBXBuildFile; fileRef = 3230C85271CB80C7EC4BF110F91BD049 /* CGSize (Transformed).swift */; };
		3DE684BA7159AEA557CDE0F4F775B5A0 /* CGFloat (Int).swift in Sources */ = {isa = PBXBuildFile; fileRef = 8E24467D4568DC50711B01B3FBCD8958 /* CGFloat (Int).swift */; };
		3F66D8FA907452AE10D1123BD2182411 /* UIDatePicker (TextColor).swift in Sources */ = {isa = PBXBuildFile; fileRef = 7FFA92833D77D762E955DE98E45904EE /* UIDatePicker (TextColor).swift */; };
		411A0BC531165FE5EFAADB9913DADC31 /* TextButton.swift in Sources */ = {isa = PBXBuildFile; fileRef = A5860DD216D1BC64F68830F36F15486C /* TextButton.swift */; };
		425B4944FB3F42AD40A3E574B5E6DD39 /* GridLayer.swift in Sources */ = {isa = PBXBuildFile; fileRef = 356F4544C83E52C6C761E2D50D6C916F /* GridLayer.swift */; };
		48555BBB7874BD35C047A1C494FCE3FE /* BaseSegmentedControl.swift in Sources */ = {isa = PBXBuildFile; fileRef = 8AC1872E16F4B9C5B698F6D9DA194801 /* BaseSegmentedControl.swift */; };
		492019264D25FF2901158879FC3B47DC /* ShortcutBarButton.swift in Sources */ = {isa = PBXBuildFile; fileRef = 32CC46F845723E767F6F74D3C45FD7DC /* ShortcutBarButton.swift */; };
		4DABED4544C6D370297F11FD117FEDEC /* TastyTomato.framework in Frameworks */ = {isa = PBXBuildFile; fileRef = 01F8CFBC214803F0D77371D34103D883 /* TastyTomato.framework */; };
		55AB76C2A42BFAB21E228AD8C6FA03CB /* MiscImage.swift in Sources */ = {isa = PBXBuildFile; fileRef = 41779598FDBFF8DC679F404494FBBD67 /* MiscImage.swift */; };
		58553661C119FAC95156619850713435 /* Icons.xcassets in Resources */ = {isa = PBXBuildFile; fileRef = 13A94DD966224A32780B63A66B726658 /* Icons.xcassets */; };
		5A17A3E7FF74BF8938A74A135969B1CE /* UIView (ScaleByFactor).swift in Sources */ = {isa = PBXBuildFile; fileRef = 978EA7B188BA3CCA15536BA105B324A5 /* UIView (ScaleByFactor).swift */; };
		5C8AA03C6C4B4DCDAA601D7775D8EA1A /* CGSize (ConvenienceInits).swift in Sources */ = {isa = PBXBuildFile; fileRef = B070B8399B4B109A28594202D08619CD /* CGSize (ConvenienceInits).swift */; };
		5FBBB08F482C2EF8829D937D432DB0AA /* UIImage (RenderingModes).swift in Sources */ = {isa = PBXBuildFile; fileRef = F4343B818E71BB8FE07479C990F00752 /* UIImage (RenderingModes).swift */; };
		602C7B0FB544D4544D48A622A050FC8A /* Dark.swift in Sources */ = {isa = PBXBuildFile; fileRef = 90305E40C7530A8D6B8818BDA344AEC2 /* Dark.swift */; };
		64CB3875A63443F5A28AC5847D1BD2CF /* TriangleLayer.swift in Sources */ = {isa = PBXBuildFile; fileRef = DFEFA4FC50655A8EE71419CA8AB7334C /* TriangleLayer.swift */; };
		65CF3124A55F58C28552BE9B17596C16 /* ImageTextButton.swift in Sources */ = {isa = PBXBuildFile; fileRef = C80C1AFA8AE3DFB363C7D10248534CB5 /* ImageTextButton.swift */; };
		6680A738345D544B210E133CBEBB7C53 /* TriangleView.swift in Sources */ = {isa = PBXBuildFile; fileRef = BFAAAE8A958DB1892ADA2554ACF59B36 /* TriangleView.swift */; };
		6845BD2DA1CBDE9DE2EA67D64795A39D /* CGRect (ConvenienceInits).swift in Sources */ = {isa = PBXBuildFile; fileRef = 0F913362CD789B7370C90D4A856950CF /* CGRect (ConvenienceInits).swift */; };
		6A62601A162FEF078386B782F65DBF6C /* SeparatorCell.swift in Sources */ = {isa = PBXBuildFile; fileRef = F52FBADF35AF22A31446CD1173EC69B0 /* SeparatorCell.swift */; };
		6B57EDA175E804981EC3D12739F147AB /* UIImage (WidthHeight).swift in Sources */ = {isa = PBXBuildFile; fileRef = 7EC88A94DDF26B9532AD8A6346A250E9 /* UIImage (WidthHeight).swift */; };
		6BEBE29E76294B143351D08B86303E01 /* UIView (ColorScheme).swift in Sources */ = {isa = PBXBuildFile; fileRef = 6AC97CD77F94015FE7030F93828B3B62 /* UIView (ColorScheme).swift */; };
		6DE61322645064D2A6EFF6370F5DEB6B /* BaseStepper.swift in Sources */ = {isa = PBXBuildFile; fileRef = 60E673F27573D53E526C110022D33D60 /* BaseStepper.swift */; };
		71040BEEB21943177F57FD4714D0673C /* BaseTextView.swift in Sources */ = {isa = PBXBuildFile; fileRef = ADA1BCF946E3FD268458BFB0A9F35787 /* BaseTextView.swift */; };
		75D512AC3DA6743A689C6C3C7DE1E5AC /* MiscIcon.swift in Sources */ = {isa = PBXBuildFile; fileRef = EB65BE26599B2E53028E316985F4AF8A /* MiscIcon.swift */; };
		7A68E7D97D388E4C4BB4077C4CF993D7 /* RootViewController.swift in Sources */ = {isa = PBXBuildFile; fileRef = 0A49203DA22BFAC2396F2E836F7D7A71 /* RootViewController.swift */; };
		7B88BA2CAAD9CE534ACC63C4E654901C /* UIView (TemporaryPositionAndDimensions).swift in Sources */ = {isa = PBXBuildFile; fileRef = 6281FC9CC0B750319F7F7A568E1BE01F /* UIView (TemporaryPositionAndDimensions).swift */; };
		7C8AA1C87BF89C4D6142967CA426F23E /* UIButton (Color).swift in Sources */ = {isa = PBXBuildFile; fileRef = 0B14A897E13645806DC0454C9E7D25E8 /* UIButton (Color).swift */; };
		7D4BE03DA8CFA1A9E5ED7817708306F6 /* ColorScheme.swift in Sources */ = {isa = PBXBuildFile; fileRef = C883EB41CB05B5F907604C7E58148B9D /* ColorScheme.swift */; };
		800936DF4B2EC8E094396520F049EF4B /* UIView (Area).swift in Sources */ = {isa = PBXBuildFile; fileRef = 15004413C96D0B4A03CF11D63DD6382A /* UIView (Area).swift */; };
		810AAF8307C61D75A182A55A79F2615D /* CalendarVCView.swift in Sources */ = {isa = PBXBuildFile; fileRef = 0CE06F71476A9B8F479453DD837A38E8 /* CalendarVCView.swift */; };
		84BB5378D9A297B753E679DBE872A69A /* CGRect (Scaled).swift in Sources */ = {isa = PBXBuildFile; fileRef = C6E438216C6A16D137CD269349331D8F /* CGRect (Scaled).swift */; };
		84DBBAF6A8CFE6D90216B8F4E09119DA /* ShortcutBar.swift in Sources */ = {isa = PBXBuildFile; fileRef = 14338CBEFE9EE73716836F2308EB85B4 /* ShortcutBar.swift */; };
		8A38757CC4626CE6DE10268636C654EB /* CalendarVC.swift in Sources */ = {isa = PBXBuildFile; fileRef = 6E47334521F4C829C657385516AF55E3 /* CalendarVC.swift */; };
		92E2747B32F4A598D097C17932CC647B /* CalendarDaysView.swift in Sources */ = {isa = PBXBuildFile; fileRef = A54342CD7A0DA771CE17B40D406EA242 /* CalendarDaysView.swift */; };
		93EAC8CFEA337415C4B97B90F661E88B /* TastyTomatoTests.swift in Sources */ = {isa = PBXBuildFile; fileRef = DCF12E5F5D09CC277B307C8A27456151 /* TastyTomatoTests.swift */; };
		9438FFB35B2B7340B87AD601C75C77D4 /* UIView (BarButtonItem).swift in Sources */ = {isa = PBXBuildFile; fileRef = 7DAB831517E3851F87B951BE6881C71B /* UIView (BarButtonItem).swift */; };
		99003808DA60496DFD857E62BCFB70CC /* DropDownTextField.swift in Sources */ = {isa = PBXBuildFile; fileRef = 7A3EF5DA21FC7D9A1456494182F7295B /* DropDownTextField.swift */; };
		9A8C438EC913820E7B32A6C0D41EE5C9 /* UIScrollView (ScrollingConvenience).swift in Sources */ = {isa = PBXBuildFile; fileRef = 43F15D92B31E10526F4B2EB07123B63B /* UIScrollView (ScrollingConvenience).swift */; };
		9EDC676FBB4296DB4C630B5E78379EBE /* UIButton (Color_).swift in Sources */ = {isa = PBXBuildFile; fileRef = 96EB2A0C35717ED674361E12EF4C5BAA /* UIButton (Color_).swift */; };
		A2BB903193F0E03097857E55C7AA614E /* FilledButton.swift in Sources */ = {isa = PBXBuildFile; fileRef = D9A894BDE426D4BDA9579104A2AD8900 /* FilledButton.swift */; };
		A3A6206717A979DB2D2801A8B8D6F67A /* CGSize (Area).swift in Sources */ = {isa = PBXBuildFile; fileRef = 88C46794B3EFC67B1746BE7CB81E0F62 /* CGSize (Area).swift */; };
		A43281AE7F5ED34889BF39E8FA61D6F5 /* UIView (OriginLeftRightTopBottom).swift in Sources */ = {isa = PBXBuildFile; fileRef = CC85C32067728778599D735CE9A77864 /* UIView (OriginLeftRightTopBottom).swift */; };
		AA722217EC3B0D09B4E3E43283C98EA6 /* CGSize (CGRect).swift in Sources */ = {isa = PBXBuildFile; fileRef = C12824249B7328133328FF9AE5640462 /* CGSize (CGRect).swift */; };
		AA8512B64D36C58068B677B56BD11C09 /* Logos.xcassets in Resources */ = {isa = PBXBuildFile; fileRef = E46CF3C89E0EB17A793ACD301991F9A2 /* Logos.xcassets */; };
		AB82D9EAE93E46B9024DFBE028BD950E /* CGFloat (Transform).swift in Sources */ = {isa = PBXBuildFile; fileRef = B66BDB785DA04061D6D57D0E1EF6CC7C /* CGFloat (Transform).swift */; };
		AC9D9866E065E12DCB2AD07AC6627022 /* TastyTomato.h in Headers */ = {isa = PBXBuildFile; fileRef = 083386230915027A1693F0088C82312B /* TastyTomato.h */; settings = {ATTRIBUTES = (Public, ); }; };
		ACCA3B0989D99B356D42394A91C5D95A /* CAShapeLayer (ConvenienceInits).swift in Sources */ = {isa = PBXBuildFile; fileRef = 86ACEC5A50D3C8A05F4477DA6013A23F /* CAShapeLayer (ConvenienceInits).swift */; };
		ADE31E9B1E8FA3E2E5FE2F1454CAB67A /* CalendarDaysVC.swift in Sources */ = {isa = PBXBuildFile; fileRef = 34AEE256D89E4C6411A148D5C6C1B7D5 /* CalendarDaysVC.swift */; };
		AF0D5A671E352F345F27F7B1CA92416F /* BaseSlider.swift in Sources */ = {isa = PBXBuildFile; fileRef = 039A3ADDD2B28679F6DCBDD186376261 /* BaseSlider.swift */; };
		B29BDBA0023131D713E51F8D95B96ADA /* UITableView (reloadSoftly).swift in Sources */ = {isa = PBXBuildFile; fileRef = B242DBFE7AC263A838F81DB66F8D7280 /* UITableView (reloadSoftly).swift */; };
		BC59F8A8FD33C76221899BD6785BA268 /* ArrowIcon.swift in Sources */ = {isa = PBXBuildFile; fileRef = 618FAC31D63B49A68A9BAAAA6340A75A /* ArrowIcon.swift */; };
		BC76266AA1CF72ADF61A38D4EDB8C2A7 /* Pods_TastyTomatoAbstract_TastyTomato.framework in Frameworks */ = {isa = PBXBuildFile; fileRef = EA7FFA17FC0A5D6DF5FAF4475A4BE503 /* Pods_TastyTomatoAbstract_TastyTomato.framework */; };
		C15C849839C07137AF9228EBCA319B2C /* Localizable.strings in Resources */ = {isa = PBXBuildFile; fileRef = E9175C1A832EEF0F37AEE33411A20042 /* Localizable.strings */; };
		C2E279A4ED34081F1C983150B1F45061 /* CALayer (ConvenienceInits).swift in Sources */ = {isa = PBXBuildFile; fileRef = 580BC6050B611219FDBB90C49361A752 /* CALayer (ConvenienceInits).swift */; };
		C5B92131FCEC99FFC62ECA4887A372C1 /* MetaImage.swift in Sources */ = {isa = PBXBuildFile; fileRef = 589D1A27B6ED95D4BC112F661CC65E77 /* MetaImage.swift */; };
		C80A75D4A90ACE4BA90325467515CA79 /* UIViewController (Embedding).swift in Sources */ = {isa = PBXBuildFile; fileRef = CDDA86B00BB8C1AE6C781872E597AF28 /* UIViewController (Embedding).swift */; };
		C8EF3DE77A4D8AA9B130AA92710F8C30 /* ResmioLogo.swift in Sources */ = {isa = PBXBuildFile; fileRef = 3EEB4365D912C60F64AA0A88F9CB2356 /* ResmioLogo.swift */; };
		CA9124BD236AE4D0D64EFC021D5BB391 /* UIColor (FromHex_).swift in Sources */ = {isa = PBXBuildFile; fileRef = BD526FE5A6DE506D27BB624219ADC4CF /* UIColor (FromHex_).swift */; };
		CE00B3F7934298D8B7F4E72DA201667D /* BookingStatusIcon.swift in Sources */ = {isa = PBXBuildFile; fileRef = FFC8C093571A3E285C01A5E34A010F02 /* BookingStatusIcon.swift */; };
		D464D071A27ED1A3611E9A459BBB3E52 /* ZoomToPointScrollView.swift in Sources */ = {isa = PBXBuildFile; fileRef = C4C7E3B79978D20DCB89010DEEAB2337 /* ZoomToPointScrollView.swift */; };
		D8294936BE4CF32441B0D854D1F9DDEE /* UIScrollView (ZoomingConvenience).swift in Sources */ = {isa = PBXBuildFile; fileRef = 05BA18CC2F9A526F518B9C154D07DDC7 /* UIScrollView (ZoomingConvenience).swift */; };
		D877D7AC8688BD38070B988CEC7606B3 /* BaseButton.swift in Sources */ = {isa = PBXBuildFile; fileRef = E3501BBD5DF0C52C788CB5796A659BD6 /* BaseButton.swift */; };
		D89860B8B7094EF83C1DE152E1AAEDD6 /* UIImage (withTint).swift in Sources */ = {isa = PBXBuildFile; fileRef = E4A3880C48EE007201237477752C5E8F /* UIImage (withTint).swift */; };
		D8A7405737F7A3EC7A9B36AA3ADD3720 /* KeyboardStateListener.swift in Sources */ = {isa = PBXBuildFile; fileRef = 017FD5AC4B77DD63D2FB3296908EAF16 /* KeyboardStateListener.swift */; };
		DA4FD8E31F32DAE00AFCA3A9CE81C160 /* UIImage (ColoredRect).swift in Sources */ = {isa = PBXBuildFile; fileRef = 97CE20B670A02E13FB4A56517F58E300 /* UIImage (ColoredRect).swift */; };
		ED1DDF10C4962502BC79DEE4A7CA4AA4 /* CGSize (pointAt).swift in Sources */ = {isa = PBXBuildFile; fileRef = CDA6DA58EB3D0C03E647E09661A8ABD2 /* CGSize (pointAt).swift */; };
		EE32ADFFEBCC74C2EA342C807988D3A1 /* UIWindow (SetRootViewController).swift in Sources */ = {isa = PBXBuildFile; fileRef = 4D0B983C3C231C9E14CC5FD6A3276D63 /* UIWindow (SetRootViewController).swift */; };
		EE4DD30732D87D75521FFA35A21606F8 /* DateCell.swift in Sources */ = {isa = PBXBuildFile; fileRef = 5BCC7CD2FEAE9BE829212F1FAF246079 /* DateCell.swift */; };
		F2E74DE0C5E277FAC2E75CCC8984885B /* UIImage (Named).swift in Sources */ = {isa = PBXBuildFile; fileRef = 44C1F525CF3F06186D126ECB7A005615 /* UIImage (Named).swift */; };
		F3E11CB4D20269C6D7B7200DB71229FB /* PopoverVC.swift in Sources */ = {isa = PBXBuildFile; fileRef = ECECF96316B8B1FDC26E13144EBBD265 /* PopoverVC.swift */; };
		F3F0485D7B95F9B516AEC11BC8F5FB46 /* BundleHelper_.swift in Sources */ = {isa = PBXBuildFile; fileRef = 1B1032762F44E9AFAAC244949B1E9E97 /* BundleHelper_.swift */; };
		F4F6620C5C0A040A94A10700A2D32D35 /* TagView.swift in Sources */ = {isa = PBXBuildFile; fileRef = 9AEE4179DFFCB663696797826FA29764 /* TagView.swift */; };
		F7363F8CD1B8E2BF8206ED43F350E8EF /* UIView (ConvenienceInits).swift in Sources */ = {isa = PBXBuildFile; fileRef = EE11E8FF7E9AAEC21DBE2CC38CF76534 /* UIView (ConvenienceInits).swift */; };
		F990B60CA61AD7F60C0144F58C3FFF72 /* CalendarHeaderView.swift in Sources */ = {isa = PBXBuildFile; fileRef = 3A434E25A6E4C46D1ECA4F85860632EF /* CalendarHeaderView.swift */; };
		FEDCB2D0B69A905BF72ABF1E8DBBE63B /* ZoomView.swift in Sources */ = {isa = PBXBuildFile; fileRef = 1D69DF914488E5BCEF15C613961E5F29 /* ZoomView.swift */; };
		FEDE5B67B4C74086E15CA7BCAA26A666 /* CGRect (LeftRightTopBottomCenter).swift in Sources */ = {isa = PBXBuildFile; fileRef = D4C581522222734865A3403552E044DA /* CGRect (LeftRightTopBottomCenter).swift */; };
		FF698EA3FA1E848A58F684876E471EDB /* KeyboardStateListener (Utils).swift in Sources */ = {isa = PBXBuildFile; fileRef = E9DF3D12395D207FA8C5A582444E8CBD /* KeyboardStateListener (Utils).swift */; };
/* End PBXBuildFile section */

/* Begin PBXContainerItemProxy section */
		06A29463E92A4C636533F9A1C5116865 /* PBXContainerItemProxy */ = {
			isa = PBXContainerItemProxy;
			containerPortal = 5069C7C03228600E179028734BF762CF /* Project object */;
			proxyType = 1;
			remoteGlobalIDString = 517580651DAB345693709175BEC4073C;
			remoteInfo = TastyTomato;
		};
/* End PBXContainerItemProxy section */

/* Begin PBXFileReference section */
		017FD5AC4B77DD63D2FB3296908EAF16 /* KeyboardStateListener.swift */ = {isa = PBXFileReference; lastKnownFileType = sourcecode.swift; path = KeyboardStateListener.swift; sourceTree = "<group>"; };
		019B1845FE1BCB19271320DCDCAE1B32 /* fr */ = {isa = PBXFileReference; lastKnownFileType = text.plist.strings; name = fr; path = fr.lproj/Localizable.strings; sourceTree = "<group>"; };
		01F8CFBC214803F0D77371D34103D883 /* TastyTomato.framework */ = {isa = PBXFileReference; explicitFileType = wrapper.framework; includeInIndex = 0; path = TastyTomato.framework; sourceTree = BUILT_PRODUCTS_DIR; };
		039A3ADDD2B28679F6DCBDD186376261 /* BaseSlider.swift */ = {isa = PBXFileReference; lastKnownFileType = sourcecode.swift; path = BaseSlider.swift; sourceTree = "<group>"; };
		0538E4586B05FE6B1C4EC4E6CD98C6C1 /* TastyTomato.playground */ = {isa = PBXFileReference; lastKnownFileType = file.playground; path = TastyTomato.playground; sourceTree = "<group>"; xcLanguageSpecificationIdentifier = xcode.lang.swift; };
		05BA18CC2F9A526F518B9C154D07DDC7 /* UIScrollView (ZoomingConvenience).swift */ = {isa = PBXFileReference; fileEncoding = 4; lastKnownFileType = sourcecode.swift; path = "UIScrollView (ZoomingConvenience).swift"; sourceTree = "<group>"; };
		083386230915027A1693F0088C82312B /* TastyTomato.h */ = {isa = PBXFileReference; lastKnownFileType = sourcecode.c.h; path = TastyTomato.h; sourceTree = "<group>"; };
		0A49203DA22BFAC2396F2E836F7D7A71 /* RootViewController.swift */ = {isa = PBXFileReference; fileEncoding = 4; lastKnownFileType = sourcecode.swift; path = RootViewController.swift; sourceTree = "<group>"; };
		0B14A897E13645806DC0454C9E7D25E8 /* UIButton (Color).swift */ = {isa = PBXFileReference; fileEncoding = 4; lastKnownFileType = sourcecode.swift; path = "UIButton (Color).swift"; sourceTree = "<group>"; };
		0CE06F71476A9B8F479453DD837A38E8 /* CalendarVCView.swift */ = {isa = PBXFileReference; lastKnownFileType = sourcecode.swift; path = CalendarVCView.swift; sourceTree = "<group>"; };
		0F913362CD789B7370C90D4A856950CF /* CGRect (ConvenienceInits).swift */ = {isa = PBXFileReference; fileEncoding = 4; lastKnownFileType = sourcecode.swift; path = "CGRect (ConvenienceInits).swift"; sourceTree = "<group>"; };
		110CB58DB9DDDA2C9F160F9BC574F54D /* TastyTomatoTests.xctest */ = {isa = PBXFileReference; explicitFileType = wrapper.cfbundle; includeInIndex = 0; path = TastyTomatoTests.xctest; sourceTree = BUILT_PRODUCTS_DIR; };
		13A94DD966224A32780B63A66B726658 /* Icons.xcassets */ = {isa = PBXFileReference; lastKnownFileType = folder.assetcatalog; path = Icons.xcassets; sourceTree = "<group>"; };
		14338CBEFE9EE73716836F2308EB85B4 /* ShortcutBar.swift */ = {isa = PBXFileReference; fileEncoding = 4; lastKnownFileType = sourcecode.swift; path = ShortcutBar.swift; sourceTree = "<group>"; };
		15004413C96D0B4A03CF11D63DD6382A /* UIView (Area).swift */ = {isa = PBXFileReference; fileEncoding = 4; lastKnownFileType = sourcecode.swift; path = "UIView (Area).swift"; sourceTree = "<group>"; };
		162CC1F2A974F883E6BD5039B189DF28 /* UIImage (Named_).swift */ = {isa = PBXFileReference; fileEncoding = 4; lastKnownFileType = sourcecode.swift; path = "UIImage (Named_).swift"; sourceTree = "<group>"; };
		1A908324B2B4B669470F0A3864A426C6 /* UIImage (Scaled).swift */ = {isa = PBXFileReference; fileEncoding = 4; lastKnownFileType = sourcecode.swift; path = "UIImage (Scaled).swift"; sourceTree = "<group>"; };
		1B1032762F44E9AFAAC244949B1E9E97 /* BundleHelper_.swift */ = {isa = PBXFileReference; fileEncoding = 4; lastKnownFileType = sourcecode.swift; path = BundleHelper_.swift; sourceTree = "<group>"; };
		1D1A60CE3AFFC68209D50DF5CC789F23 /* Pods-TastyTomatoAbstract-TastyTomato.release.xcconfig */ = {isa = PBXFileReference; includeInIndex = 1; lastKnownFileType = text.xcconfig; name = "Pods-TastyTomatoAbstract-TastyTomato.release.xcconfig"; path = "Target Support Files/Pods-TastyTomatoAbstract-TastyTomato/Pods-TastyTomatoAbstract-TastyTomato.release.xcconfig"; sourceTree = "<group>"; };
		1D69DF914488E5BCEF15C613961E5F29 /* ZoomView.swift */ = {isa = PBXFileReference; fileEncoding = 4; lastKnownFileType = sourcecode.swift; path = ZoomView.swift; sourceTree = "<group>"; };
		286A04009DB4A9D07DDD2C4BBC906120 /* UIColor (PredefinedColors).swift */ = {isa = PBXFileReference; fileEncoding = 4; lastKnownFileType = sourcecode.swift; path = "UIColor (PredefinedColors).swift"; sourceTree = "<group>"; };
		3230C85271CB80C7EC4BF110F91BD049 /* CGSize (Transformed).swift */ = {isa = PBXFileReference; lastKnownFileType = sourcecode.swift; path = "CGSize (Transformed).swift"; sourceTree = "<group>"; };
		32CC46F845723E767F6F74D3C45FD7DC /* ShortcutBarButton.swift */ = {isa = PBXFileReference; fileEncoding = 4; lastKnownFileType = sourcecode.swift; path = ShortcutBarButton.swift; sourceTree = "<group>"; };
		34AEE256D89E4C6411A148D5C6C1B7D5 /* CalendarDaysVC.swift */ = {isa = PBXFileReference; lastKnownFileType = sourcecode.swift; path = CalendarDaysVC.swift; sourceTree = "<group>"; };
		34D0E16928856EC4BC2DBB865478D8BD /* it */ = {isa = PBXFileReference; lastKnownFileType = text.plist.strings; name = it; path = it.lproj/Localizable.strings; sourceTree = "<group>"; };
		356F4544C83E52C6C761E2D50D6C916F /* GridLayer.swift */ = {isa = PBXFileReference; fileEncoding = 4; lastKnownFileType = sourcecode.swift; path = GridLayer.swift; sourceTree = "<group>"; };
		384AF30C7CBCCA18C890168B4288522E /* UITextView (HeightConvenience).swift */ = {isa = PBXFileReference; lastKnownFileType = sourcecode.swift; path = "UITextView (HeightConvenience).swift"; sourceTree = "<group>"; };
		38695237639647DC1871B8DCC1F4B719 /* CGPoint (ConvenienceInits).swift */ = {isa = PBXFileReference; fileEncoding = 4; lastKnownFileType = sourcecode.swift; path = "CGPoint (ConvenienceInits).swift"; sourceTree = "<group>"; };
		3A434E25A6E4C46D1ECA4F85860632EF /* CalendarHeaderView.swift */ = {isa = PBXFileReference; lastKnownFileType = sourcecode.swift; path = CalendarHeaderView.swift; sourceTree = "<group>"; };
		3E808C50F6C617D32F6656CB28DB9157 /* nl */ = {isa = PBXFileReference; lastKnownFileType = text.plist.strings; name = nl; path = nl.lproj/Localizable.strings; sourceTree = "<group>"; };
		3EEB4365D912C60F64AA0A88F9CB2356 /* ResmioLogo.swift */ = {isa = PBXFileReference; fileEncoding = 4; lastKnownFileType = sourcecode.swift; path = ResmioLogo.swift; sourceTree = "<group>"; };
		41779598FDBFF8DC679F404494FBBD67 /* MiscImage.swift */ = {isa = PBXFileReference; fileEncoding = 4; lastKnownFileType = sourcecode.swift; path = MiscImage.swift; sourceTree = "<group>"; };
		43F15D92B31E10526F4B2EB07123B63B /* UIScrollView (ScrollingConvenience).swift */ = {isa = PBXFileReference; fileEncoding = 4; lastKnownFileType = sourcecode.swift; path = "UIScrollView (ScrollingConvenience).swift"; sourceTree = "<group>"; };
		44C1F525CF3F06186D126ECB7A005615 /* UIImage (Named).swift */ = {isa = PBXFileReference; fileEncoding = 4; lastKnownFileType = sourcecode.swift; path = "UIImage (Named).swift"; sourceTree = "<group>"; };
		4D0B983C3C231C9E14CC5FD6A3276D63 /* UIWindow (SetRootViewController).swift */ = {isa = PBXFileReference; fileEncoding = 4; lastKnownFileType = sourcecode.swift; path = "UIWindow (SetRootViewController).swift"; sourceTree = "<group>"; };
		526EBCB4C91C9664B47B9B7BE021F1D8 /* BaseTextField.swift */ = {isa = PBXFileReference; fileEncoding = 4; lastKnownFileType = sourcecode.swift; path = BaseTextField.swift; sourceTree = "<group>"; };
		56E48EAD2E2F464147025297E5E142F7 /* LineLayer.swift */ = {isa = PBXFileReference; fileEncoding = 4; lastKnownFileType = sourcecode.swift; path = LineLayer.swift; sourceTree = "<group>"; };
		580BC6050B611219FDBB90C49361A752 /* CALayer (ConvenienceInits).swift */ = {isa = PBXFileReference; fileEncoding = 4; lastKnownFileType = sourcecode.swift; path = "CALayer (ConvenienceInits).swift"; sourceTree = "<group>"; };
		589D1A27B6ED95D4BC112F661CC65E77 /* MetaImage.swift */ = {isa = PBXFileReference; fileEncoding = 4; lastKnownFileType = sourcecode.swift; path = MetaImage.swift; sourceTree = "<group>"; };
		5A54FF5C0D3BA210866F5B407D653FBA /* CGFloat (UInt).swift */ = {isa = PBXFileReference; fileEncoding = 4; lastKnownFileType = sourcecode.swift; path = "CGFloat (UInt).swift"; sourceTree = "<group>"; };
		5BCC7CD2FEAE9BE829212F1FAF246079 /* DateCell.swift */ = {isa = PBXFileReference; lastKnownFileType = sourcecode.swift; path = DateCell.swift; sourceTree = "<group>"; };
		60E673F27573D53E526C110022D33D60 /* BaseStepper.swift */ = {isa = PBXFileReference; lastKnownFileType = sourcecode.swift; path = BaseStepper.swift; sourceTree = "<group>"; };
		617BAD163949C9A08DE92862E903C2A8 /* en */ = {isa = PBXFileReference; lastKnownFileType = text.plist.strings; name = en; path = en.lproj/Localizable.strings; sourceTree = "<group>"; };
		618FAC31D63B49A68A9BAAAA6340A75A /* ArrowIcon.swift */ = {isa = PBXFileReference; fileEncoding = 4; lastKnownFileType = sourcecode.swift; path = ArrowIcon.swift; sourceTree = "<group>"; };
		6281FC9CC0B750319F7F7A568E1BE01F /* UIView (TemporaryPositionAndDimensions).swift */ = {isa = PBXFileReference; lastKnownFileType = sourcecode.swift; path = "UIView (TemporaryPositionAndDimensions).swift"; sourceTree = "<group>"; };
		6AC97CD77F94015FE7030F93828B3B62 /* UIView (ColorScheme).swift */ = {isa = PBXFileReference; lastKnownFileType = sourcecode.swift; path = "UIView (ColorScheme).swift"; sourceTree = "<group>"; };
		6E47334521F4C829C657385516AF55E3 /* CalendarVC.swift */ = {isa = PBXFileReference; lastKnownFileType = sourcecode.swift; path = CalendarVC.swift; sourceTree = "<group>"; };
		75A192A26977F441FC22B8266DAAB0C3 /* BaseSwitch.swift */ = {isa = PBXFileReference; lastKnownFileType = sourcecode.swift; path = BaseSwitch.swift; sourceTree = "<group>"; };
		7A3EF5DA21FC7D9A1456494182F7295B /* DropDownTextField.swift */ = {isa = PBXFileReference; fileEncoding = 4; lastKnownFileType = sourcecode.swift; path = DropDownTextField.swift; sourceTree = "<group>"; };
		7DAB831517E3851F87B951BE6881C71B /* UIView (BarButtonItem).swift */ = {isa = PBXFileReference; fileEncoding = 4; lastKnownFileType = sourcecode.swift; path = "UIView (BarButtonItem).swift"; sourceTree = "<group>"; };
		7EC88A94DDF26B9532AD8A6346A250E9 /* UIImage (WidthHeight).swift */ = {isa = PBXFileReference; fileEncoding = 4; lastKnownFileType = sourcecode.swift; path = "UIImage (WidthHeight).swift"; sourceTree = "<group>"; };
		7FFA92833D77D762E955DE98E45904EE /* UIDatePicker (TextColor).swift */ = {isa = PBXFileReference; lastKnownFileType = sourcecode.swift; path = "UIDatePicker (TextColor).swift"; sourceTree = "<group>"; };
		86ACEC5A50D3C8A05F4477DA6013A23F /* CAShapeLayer (ConvenienceInits).swift */ = {isa = PBXFileReference; fileEncoding = 4; lastKnownFileType = sourcecode.swift; path = "CAShapeLayer (ConvenienceInits).swift"; sourceTree = "<group>"; };
		88C46794B3EFC67B1746BE7CB81E0F62 /* CGSize (Area).swift */ = {isa = PBXFileReference; fileEncoding = 4; lastKnownFileType = sourcecode.swift; path = "CGSize (Area).swift"; sourceTree = "<group>"; };
		8AC1872E16F4B9C5B698F6D9DA194801 /* BaseSegmentedControl.swift */ = {isa = PBXFileReference; lastKnownFileType = sourcecode.swift; path = BaseSegmentedControl.swift; sourceTree = "<group>"; };
		8C3A2AAC5853367233C32996DDCD5164 /* Light.swift */ = {isa = PBXFileReference; lastKnownFileType = sourcecode.swift; path = Light.swift; sourceTree = "<group>"; };
		8CB15454677793E311B1E258952332E7 /* UIView (Centering).swift */ = {isa = PBXFileReference; fileEncoding = 4; lastKnownFileType = sourcecode.swift; path = "UIView (Centering).swift"; sourceTree = "<group>"; };
		8E24467D4568DC50711B01B3FBCD8958 /* CGFloat (Int).swift */ = {isa = PBXFileReference; fileEncoding = 4; lastKnownFileType = sourcecode.swift; path = "CGFloat (Int).swift"; sourceTree = "<group>"; };
		90305E40C7530A8D6B8818BDA344AEC2 /* Dark.swift */ = {isa = PBXFileReference; lastKnownFileType = sourcecode.swift; path = Dark.swift; sourceTree = "<group>"; };
		90413FC4A30D88E21DEBA1DD362A605C /* UIBarButtonItem (Factories).swift */ = {isa = PBXFileReference; fileEncoding = 4; lastKnownFileType = sourcecode.swift; path = "UIBarButtonItem (Factories).swift"; sourceTree = "<group>"; };
		91C532ECB5C7CC6DE8FAAAD3F465DEAE /* de */ = {isa = PBXFileReference; lastKnownFileType = text.plist.strings; name = de; path = de.lproj/Localizable.strings; sourceTree = "<group>"; };
		94154F1BD684F2C672C76A4BFDB379C2 /* Info.plist */ = {isa = PBXFileReference; lastKnownFileType = text.plist.xml; path = Info.plist; sourceTree = "<group>"; };
		96EB2A0C35717ED674361E12EF4C5BAA /* UIButton (Color_).swift */ = {isa = PBXFileReference; fileEncoding = 4; lastKnownFileType = sourcecode.swift; path = "UIButton (Color_).swift"; sourceTree = "<group>"; };
		978EA7B188BA3CCA15536BA105B324A5 /* UIView (ScaleByFactor).swift */ = {isa = PBXFileReference; fileEncoding = 4; lastKnownFileType = sourcecode.swift; path = "UIView (ScaleByFactor).swift"; sourceTree = "<group>"; };
		97CE20B670A02E13FB4A56517F58E300 /* UIImage (ColoredRect).swift */ = {isa = PBXFileReference; fileEncoding = 4; lastKnownFileType = sourcecode.swift; path = "UIImage (ColoredRect).swift"; sourceTree = "<group>"; };
		9AC1248BC9394D8C6F465C9ED2087AB2 /* BaseLabel.swift */ = {isa = PBXFileReference; fileEncoding = 4; lastKnownFileType = sourcecode.swift; path = BaseLabel.swift; sourceTree = "<group>"; };
		9AEE4179DFFCB663696797826FA29764 /* TagView.swift */ = {isa = PBXFileReference; fileEncoding = 4; lastKnownFileType = sourcecode.swift; path = TagView.swift; sourceTree = "<group>"; };
		9E44E7E7FD7D953F91AD9935AA1C0709 /* UIColor (WithAlpha).swift */ = {isa = PBXFileReference; fileEncoding = 4; lastKnownFileType = sourcecode.swift; path = "UIColor (WithAlpha).swift"; sourceTree = "<group>"; };
		A54342CD7A0DA771CE17B40D406EA242 /* CalendarDaysView.swift */ = {isa = PBXFileReference; lastKnownFileType = sourcecode.swift; path = CalendarDaysView.swift; sourceTree = "<group>"; };
		A5860DD216D1BC64F68830F36F15486C /* TextButton.swift */ = {isa = PBXFileReference; fileEncoding = 4; lastKnownFileType = sourcecode.swift; path = TextButton.swift; sourceTree = "<group>"; };
		A962BC1498C30634120C1D0FC724E828 /* UIView (SizeWidthHeight).swift */ = {isa = PBXFileReference; fileEncoding = 4; lastKnownFileType = sourcecode.swift; path = "UIView (SizeWidthHeight).swift"; sourceTree = "<group>"; };
		AB90DABCB03ADFB08A162B10C5A52C43 /* Pods-TastyTomatoAbstract-TastyTomatoTests.release.xcconfig */ = {isa = PBXFileReference; includeInIndex = 1; lastKnownFileType = text.xcconfig; name = "Pods-TastyTomatoAbstract-TastyTomatoTests.release.xcconfig"; path = "Target Support Files/Pods-TastyTomatoAbstract-TastyTomatoTests/Pods-TastyTomatoAbstract-TastyTomatoTests.release.xcconfig"; sourceTree = "<group>"; };
		AC280804706B40B958EEE8284ED922F8 /* Info.plist */ = {isa = PBXFileReference; lastKnownFileType = text.plist.xml; path = Info.plist; sourceTree = "<group>"; };
		AC8C208AA1F468C889CFCD457BDCB8A2 /* Pods-TastyTomatoAbstract-TastyTomatoTests.debug.xcconfig */ = {isa = PBXFileReference; includeInIndex = 1; lastKnownFileType = text.xcconfig; name = "Pods-TastyTomatoAbstract-TastyTomatoTests.debug.xcconfig"; path = "Target Support Files/Pods-TastyTomatoAbstract-TastyTomatoTests/Pods-TastyTomatoAbstract-TastyTomatoTests.debug.xcconfig"; sourceTree = "<group>"; };
		ADA1BCF946E3FD268458BFB0A9F35787 /* BaseTextView.swift */ = {isa = PBXFileReference; fileEncoding = 4; lastKnownFileType = sourcecode.swift; path = BaseTextView.swift; sourceTree = "<group>"; };
		B070B8399B4B109A28594202D08619CD /* CGSize (ConvenienceInits).swift */ = {isa = PBXFileReference; fileEncoding = 4; lastKnownFileType = sourcecode.swift; path = "CGSize (ConvenienceInits).swift"; sourceTree = "<group>"; };
		B242DBFE7AC263A838F81DB66F8D7280 /* UITableView (reloadSoftly).swift */ = {isa = PBXFileReference; fileEncoding = 4; lastKnownFileType = sourcecode.swift; path = "UITableView (reloadSoftly).swift"; sourceTree = "<group>"; };
		B66BDB785DA04061D6D57D0E1EF6CC7C /* CGFloat (Transform).swift */ = {isa = PBXFileReference; lastKnownFileType = sourcecode.swift; path = "CGFloat (Transform).swift"; sourceTree = "<group>"; };
		BAC2B1E373A0B5FEF4430946F8B244B4 /* UIFont (PredefinedFonts).swift */ = {isa = PBXFileReference; lastKnownFileType = sourcecode.swift; path = "UIFont (PredefinedFonts).swift"; sourceTree = "<group>"; };
		BD1D00C88B4E6855372CADF00EE111E6 /* tr */ = {isa = PBXFileReference; lastKnownFileType = text.plist.strings; name = tr; path = tr.lproj/Localizable.strings; sourceTree = "<group>"; };
		BD526FE5A6DE506D27BB624219ADC4CF /* UIColor (FromHex_).swift */ = {isa = PBXFileReference; fileEncoding = 4; lastKnownFileType = sourcecode.swift; path = "UIColor (FromHex_).swift"; sourceTree = "<group>"; };
		BFAAAE8A958DB1892ADA2554ACF59B36 /* TriangleView.swift */ = {isa = PBXFileReference; lastKnownFileType = sourcecode.swift; path = TriangleView.swift; sourceTree = "<group>"; };
		C12824249B7328133328FF9AE5640462 /* CGSize (CGRect).swift */ = {isa = PBXFileReference; fileEncoding = 4; lastKnownFileType = sourcecode.swift; path = "CGSize (CGRect).swift"; sourceTree = "<group>"; };
		C4C7E3B79978D20DCB89010DEEAB2337 /* ZoomToPointScrollView.swift */ = {isa = PBXFileReference; fileEncoding = 4; lastKnownFileType = sourcecode.swift; path = ZoomToPointScrollView.swift; sourceTree = "<group>"; };
		C6DB287B4CBD08CB1C224AEA6B8B9B7F /* BorderLayer.swift */ = {isa = PBXFileReference; fileEncoding = 4; lastKnownFileType = sourcecode.swift; path = BorderLayer.swift; sourceTree = "<group>"; };
		C6E438216C6A16D137CD269349331D8F /* CGRect (Scaled).swift */ = {isa = PBXFileReference; fileEncoding = 4; lastKnownFileType = sourcecode.swift; path = "CGRect (Scaled).swift"; sourceTree = "<group>"; };
		C80C1AFA8AE3DFB363C7D10248534CB5 /* ImageTextButton.swift */ = {isa = PBXFileReference; lastKnownFileType = sourcecode.swift; path = ImageTextButton.swift; sourceTree = "<group>"; };
		C883EB41CB05B5F907604C7E58148B9D /* ColorScheme.swift */ = {isa = PBXFileReference; lastKnownFileType = sourcecode.swift; path = ColorScheme.swift; sourceTree = "<group>"; };
		CC1639217D5A5D73472FD3A951EE955C /* cs */ = {isa = PBXFileReference; lastKnownFileType = text.plist.strings; name = cs; path = cs.lproj/Localizable.strings; sourceTree = "<group>"; };
		CC85C32067728778599D735CE9A77864 /* UIView (OriginLeftRightTopBottom).swift */ = {isa = PBXFileReference; fileEncoding = 4; lastKnownFileType = sourcecode.swift; path = "UIView (OriginLeftRightTopBottom).swift"; sourceTree = "<group>"; };
		CDA6DA58EB3D0C03E647E09661A8ABD2 /* CGSize (pointAt).swift */ = {isa = PBXFileReference; lastKnownFileType = sourcecode.swift; path = "CGSize (pointAt).swift"; sourceTree = "<group>"; };
		CDDA86B00BB8C1AE6C781872E597AF28 /* UIViewController (Embedding).swift */ = {isa = PBXFileReference; fileEncoding = 4; lastKnownFileType = sourcecode.swift; path = "UIViewController (Embedding).swift"; sourceTree = "<group>"; };
		CE06BAB5E34D33E9205557171C73CF6C /* NSL_.swift */ = {isa = PBXFileReference; fileEncoding = 4; lastKnownFileType = sourcecode.swift; path = NSL_.swift; sourceTree = "<group>"; };
		CF57DBBABA83CFBB3428C32BBB42514E /* CGRect (Area).swift */ = {isa = PBXFileReference; fileEncoding = 4; lastKnownFileType = sourcecode.swift; path = "CGRect (Area).swift"; sourceTree = "<group>"; };
		D2734AEC8E761F9393F07EC0684421BC /* TagsView.swift */ = {isa = PBXFileReference; fileEncoding = 4; lastKnownFileType = sourcecode.swift; path = TagsView.swift; sourceTree = "<group>"; };
		D43E0F301A67734A74C63533E21FEEDF /* CGSize (Scaled).swift */ = {isa = PBXFileReference; fileEncoding = 4; lastKnownFileType = sourcecode.swift; path = "CGSize (Scaled).swift"; sourceTree = "<group>"; };
		D4C581522222734865A3403552E044DA /* CGRect (LeftRightTopBottomCenter).swift */ = {isa = PBXFileReference; fileEncoding = 4; lastKnownFileType = sourcecode.swift; path = "CGRect (LeftRightTopBottomCenter).swift"; sourceTree = "<group>"; };
		D9A894BDE426D4BDA9579104A2AD8900 /* FilledButton.swift */ = {isa = PBXFileReference; fileEncoding = 4; lastKnownFileType = sourcecode.swift; path = FilledButton.swift; sourceTree = "<group>"; };
		DCF12E5F5D09CC277B307C8A27456151 /* TastyTomatoTests.swift */ = {isa = PBXFileReference; lastKnownFileType = sourcecode.swift; path = TastyTomatoTests.swift; sourceTree = "<group>"; };
		DFEFA4FC50655A8EE71419CA8AB7334C /* TriangleLayer.swift */ = {isa = PBXFileReference; fileEncoding = 4; lastKnownFileType = sourcecode.swift; path = TriangleLayer.swift; sourceTree = "<group>"; };
		E29F5232707F01E19316EFB574205368 /* es */ = {isa = PBXFileReference; lastKnownFileType = text.plist.strings; name = es; path = es.lproj/Localizable.strings; sourceTree = "<group>"; };
		E3501BBD5DF0C52C788CB5796A659BD6 /* BaseButton.swift */ = {isa = PBXFileReference; fileEncoding = 4; lastKnownFileType = sourcecode.swift; path = BaseButton.swift; sourceTree = "<group>"; };
		E46CF3C89E0EB17A793ACD301991F9A2 /* Logos.xcassets */ = {isa = PBXFileReference; lastKnownFileType = folder.assetcatalog; path = Logos.xcassets; sourceTree = "<group>"; };
		E4A3880C48EE007201237477752C5E8F /* UIImage (withTint).swift */ = {isa = PBXFileReference; lastKnownFileType = sourcecode.swift; path = "UIImage (withTint).swift"; sourceTree = "<group>"; };
		E5636FF29299AC8B9B7C1F2284FFC753 /* sv */ = {isa = PBXFileReference; lastKnownFileType = text.plist.strings; name = sv; path = sv.lproj/Localizable.strings; sourceTree = "<group>"; };
		E9A8560419F054E37197E42478DAB59B /* da */ = {isa = PBXFileReference; lastKnownFileType = text.plist.strings; name = da; path = da.lproj/Localizable.strings; sourceTree = "<group>"; };
		E9DF3D12395D207FA8C5A582444E8CBD /* KeyboardStateListener (Utils).swift */ = {isa = PBXFileReference; lastKnownFileType = sourcecode.swift; path = "KeyboardStateListener (Utils).swift"; sourceTree = "<group>"; };
		EA7FFA17FC0A5D6DF5FAF4475A4BE503 /* Pods_TastyTomatoAbstract_TastyTomato.framework */ = {isa = PBXFileReference; explicitFileType = wrapper.framework; includeInIndex = 0; path = Pods_TastyTomatoAbstract_TastyTomato.framework; sourceTree = BUILT_PRODUCTS_DIR; };
		EABA286658F68C0C07202547FFEF1BC7 /* Pods_TastyTomatoAbstract_TastyTomatoTests.framework */ = {isa = PBXFileReference; explicitFileType = wrapper.framework; includeInIndex = 0; path = Pods_TastyTomatoAbstract_TastyTomatoTests.framework; sourceTree = BUILT_PRODUCTS_DIR; };
		EB65BE26599B2E53028E316985F4AF8A /* MiscIcon.swift */ = {isa = PBXFileReference; fileEncoding = 4; lastKnownFileType = sourcecode.swift; path = MiscIcon.swift; sourceTree = "<group>"; };
		ECECF96316B8B1FDC26E13144EBBD265 /* PopoverVC.swift */ = {isa = PBXFileReference; lastKnownFileType = sourcecode.swift; path = PopoverVC.swift; sourceTree = "<group>"; };
		EE11E8FF7E9AAEC21DBE2CC38CF76534 /* UIView (ConvenienceInits).swift */ = {isa = PBXFileReference; fileEncoding = 4; lastKnownFileType = sourcecode.swift; path = "UIView (ConvenienceInits).swift"; sourceTree = "<group>"; };
		EE1954F98DA6B700CA9C855C665226C8 /* PopoverBackgroundView.swift */ = {isa = PBXFileReference; fileEncoding = 4; lastKnownFileType = sourcecode.swift; path = PopoverBackgroundView.swift; sourceTree = "<group>"; };
		F10CB374E45CF24A4F503F48FD457BD8 /* Pods-TastyTomatoAbstract-TastyTomato.debug.xcconfig */ = {isa = PBXFileReference; includeInIndex = 1; lastKnownFileType = text.xcconfig; name = "Pods-TastyTomatoAbstract-TastyTomato.debug.xcconfig"; path = "Target Support Files/Pods-TastyTomatoAbstract-TastyTomato/Pods-TastyTomatoAbstract-TastyTomato.debug.xcconfig"; sourceTree = "<group>"; };
		F4343B818E71BB8FE07479C990F00752 /* UIImage (RenderingModes).swift */ = {isa = PBXFileReference; fileEncoding = 4; lastKnownFileType = sourcecode.swift; path = "UIImage (RenderingModes).swift"; sourceTree = "<group>"; };
		F52FBADF35AF22A31446CD1173EC69B0 /* SeparatorCell.swift */ = {isa = PBXFileReference; lastKnownFileType = sourcecode.swift; path = SeparatorCell.swift; sourceTree = "<group>"; };
		FFC8C093571A3E285C01A5E34A010F02 /* BookingStatusIcon.swift */ = {isa = PBXFileReference; fileEncoding = 4; lastKnownFileType = sourcecode.swift; path = BookingStatusIcon.swift; sourceTree = "<group>"; };
/* End PBXFileReference section */

/* Begin PBXFrameworksBuildPhase section */
		1DF08CF9FA90E2D2EC18047F04A5D21C /* Frameworks */ = {
			isa = PBXFrameworksBuildPhase;
			buildActionMask = 2147483647;
			files = (
				BC76266AA1CF72ADF61A38D4EDB8C2A7 /* Pods_TastyTomatoAbstract_TastyTomato.framework in Frameworks */,
			);
			runOnlyForDeploymentPostprocessing = 0;
		};
		630DD274FF90B1048DD886A760489593 /* Frameworks */ = {
			isa = PBXFrameworksBuildPhase;
			buildActionMask = 2147483647;
			files = (
				19C92CD4A59B6B157BF3C003069DDC68 /* Pods_TastyTomatoAbstract_TastyTomatoTests.framework in Frameworks */,
				4DABED4544C6D370297F11FD117FEDEC /* TastyTomato.framework in Frameworks */,
			);
			runOnlyForDeploymentPostprocessing = 0;
		};
/* End PBXFrameworksBuildPhase section */

/* Begin PBXGroup section */
		0493472B043AE9358E374F400818BC62 /* UIButton */ = {
			isa = PBXGroup;
			children = (
				0B14A897E13645806DC0454C9E7D25E8 /* UIButton (Color).swift */,
			);
			path = UIButton;
			sourceTree = "<group>";
		};
		0797CADAA242E6EF3AC04B83BE063FFA = {
			isa = PBXGroup;
			children = (
				4A5930AB88C4B454F2E6FD5FEA4C4578 /* Frameworks */,
				B86771969A1F1EC83F2C4F4EFFB871C0 /* Pods */,
				087D62F85789E9BA2921482544C68BB4 /* Products */,
				EE22ED39034017661019E659F4958502 /* TastyTomato */,
				6054D7993EB7ADFFC77F9B34313A406C /* TastyTomatoTests */,
				0538E4586B05FE6B1C4EC4E6CD98C6C1 /* TastyTomato.playground */,
			);
			sourceTree = "<group>";
		};
		087D62F85789E9BA2921482544C68BB4 /* Products */ = {
			isa = PBXGroup;
			children = (
				01F8CFBC214803F0D77371D34103D883 /* TastyTomato.framework */,
				110CB58DB9DDDA2C9F160F9BC574F54D /* TastyTomatoTests.xctest */,
			);
			name = Products;
			sourceTree = "<group>";
		};
		0995E6863C2FACBFB7642BD7F38401CB /* CAShapeLayer */ = {
			isa = PBXGroup;
			children = (
				86ACEC5A50D3C8A05F4477DA6013A23F /* CAShapeLayer (ConvenienceInits).swift */,
			);
			path = CAShapeLayer;
			sourceTree = "<group>";
		};
		1204A58B98E5DC32FE4A91C60F9667F5 /* ZoomView */ = {
			isa = PBXGroup;
			children = (
				C4C7E3B79978D20DCB89010DEEAB2337 /* ZoomToPointScrollView.swift */,
				1D69DF914488E5BCEF15C613961E5F29 /* ZoomView.swift */,
			);
			path = ZoomView;
			sourceTree = "<group>";
		};
		13B87599772F8D27962FF0F96CB01168 /* Tags */ = {
			isa = PBXGroup;
			children = (
				9AEE4179DFFCB663696797826FA29764 /* TagView.swift */,
				D2734AEC8E761F9393F07EC0684421BC /* TagsView.swift */,
			);
			path = Tags;
			sourceTree = "<group>";
		};
		18306EDC2A57EEE4D03157F13936E91A /* Code */ = {
			isa = PBXGroup;
			children = (
				9999FCCB3A774D4E83A754E53EFE8B64 /* Extensions */,
				D23210E99B6D5D3E3FEB6708B0CC452F /* Meta */,
				D7B5FB8B737A9AC146C8A6F988388264 /* OperatorOverloads */,
				99812008FA82364728F18478BF1CE351 /* Types */,
			);
			path = Code;
			sourceTree = "<group>";
		};
		196C16576E66CB9FC206346D6F95A440 /* BaseClasses */ = {
			isa = PBXGroup;
			children = (
				E3501BBD5DF0C52C788CB5796A659BD6 /* BaseButton.swift */,
				9AC1248BC9394D8C6F465C9ED2087AB2 /* BaseLabel.swift */,
				8AC1872E16F4B9C5B698F6D9DA194801 /* BaseSegmentedControl.swift */,
				039A3ADDD2B28679F6DCBDD186376261 /* BaseSlider.swift */,
				60E673F27573D53E526C110022D33D60 /* BaseStepper.swift */,
				75A192A26977F441FC22B8266DAAB0C3 /* BaseSwitch.swift */,
				526EBCB4C91C9664B47B9B7BE021F1D8 /* BaseTextField.swift */,
				ADA1BCF946E3FD268458BFB0A9F35787 /* BaseTextView.swift */,
			);
			path = BaseClasses;
			sourceTree = "<group>";
		};
		1A1D7F539380CEBB8562F638A6A38E2A /* Predefined ColorSchemes */ = {
			isa = PBXGroup;
			children = (
				90305E40C7530A8D6B8818BDA344AEC2 /* Dark.swift */,
				8C3A2AAC5853367233C32996DDCD5164 /* Light.swift */,
			);
			path = "Predefined ColorSchemes";
			sourceTree = "<group>";
		};
		246C935C9C014C4BD5D47F71877750B3 /* UIColor */ = {
			isa = PBXGroup;
			children = (
				BD526FE5A6DE506D27BB624219ADC4CF /* UIColor (FromHex_).swift */,
			);
			path = UIColor;
			sourceTree = "<group>";
		};
		2A82240FC7459054B0D58710F81524F0 /* CGRect */ = {
			isa = PBXGroup;
			children = (
				CF57DBBABA83CFBB3428C32BBB42514E /* CGRect (Area).swift */,
				0F913362CD789B7370C90D4A856950CF /* CGRect (ConvenienceInits).swift */,
				D4C581522222734865A3403552E044DA /* CGRect (LeftRightTopBottomCenter).swift */,
				C6E438216C6A16D137CD269349331D8F /* CGRect (Scaled).swift */,
			);
			path = CGRect;
			sourceTree = "<group>";
		};
		2B5D0A633795C19AE52663F380A3DE7B /* Public */ = {
			isa = PBXGroup;
			children = (
				323024B9C32DBCD16579A5D0E1898452 /* CALayer */,
				0995E6863C2FACBFB7642BD7F38401CB /* CAShapeLayer */,
				563D5AF16A6BD4FA7F68E1055FF42406 /* CGFloat */,
				A2C7788C50EBFA6A19AD6E5D21DDA7F0 /* CGPoint */,
				2A82240FC7459054B0D58710F81524F0 /* CGRect */,
				9A89BE72D4671CAB9BB7FFB4B3B4F96D /* CGSize */,
				E1C18622C6D4C7E75ECFF8C0B3DB8D35 /* UIBarButtonItem */,
				0493472B043AE9358E374F400818BC62 /* UIButton */,
				C61FA760C329029916EAB5DF6196AE44 /* UIColor */,
				3E576F7C2625736B3B21407FD620F4DF /* UIDatePicker */,
				686FBE8909EF898FE19D8E7FCAFF5604 /* UIFont */,
				672790F9FBEF1DB75397020CEEDDC422 /* UIImage */,
				458400216ECA6027907392A9F92C1A50 /* UIScrollView */,
				5D5BF88A47261D2A7AF534030385A3CC /* UITableView */,
				DC7025580607CF0C7EEDE614240A8339 /* UITextView */,
				A01C37BAA2EDA30ED682D64F551DB64A /* UIView */,
				DC10D825E2095495087364C672A77DF3 /* UIViewController */,
				DFE967201D0969726A8588440FD28587 /* UIWindow */,
			);
			path = Public;
			sourceTree = "<group>";
		};
		316D2904E7F82C8A90794A826B2D607B /* ImageClasses */ = {
			isa = PBXGroup;
			children = (
				BDC21D7BD2F23F06D021F1302467A800 /* Icons */,
				C204838C5BB8EB074DB7C1F2E6B4CCE4 /* Images */,
				51475D52AE1BD94AE38448D43DC8E5C1 /* Logos */,
				589D1A27B6ED95D4BC112F661CC65E77 /* MetaImage.swift */,
			);
			path = ImageClasses;
			sourceTree = "<group>";
		};
		323024B9C32DBCD16579A5D0E1898452 /* CALayer */ = {
			isa = PBXGroup;
			children = (
				580BC6050B611219FDBB90C49361A752 /* CALayer (ConvenienceInits).swift */,
			);
			path = CALayer;
			sourceTree = "<group>";
		};
		36E8A79295D27C456FE7321A03E9B547 /* TextFieldClasses */ = {
			isa = PBXGroup;
			children = (
				7A3EF5DA21FC7D9A1456494182F7295B /* DropDownTextField.swift */,
			);
			path = TextFieldClasses;
			sourceTree = "<group>";
		};
		3E576F7C2625736B3B21407FD620F4DF /* UIDatePicker */ = {
			isa = PBXGroup;
			children = (
				7FFA92833D77D762E955DE98E45904EE /* UIDatePicker (TextColor).swift */,
			);
			path = UIDatePicker;
			sourceTree = "<group>";
		};
		458400216ECA6027907392A9F92C1A50 /* UIScrollView */ = {
			isa = PBXGroup;
			children = (
				43F15D92B31E10526F4B2EB07123B63B /* UIScrollView (ScrollingConvenience).swift */,
				05BA18CC2F9A526F518B9C154D07DDC7 /* UIScrollView (ZoomingConvenience).swift */,
			);
			path = UIScrollView;
			sourceTree = "<group>";
		};
		46E7F64B4FE1F823B9CE5441A548B3C2 /* Internal */ = {
			isa = PBXGroup;
			children = (
				CEA9ED81CA9819C760F0522AF4297510 /* NSLocalizedString */,
				BC2EA83A70843FD6A5BD090CDDB4F4ED /* UIButton */,
				246C935C9C014C4BD5D47F71877750B3 /* UIColor */,
				DB5E54BA08F5DE8E909C7868A0EA78F0 /* UIImage */,
			);
			path = Internal;
			sourceTree = "<group>";
		};
		4A5930AB88C4B454F2E6FD5FEA4C4578 /* Frameworks */ = {
			isa = PBXGroup;
			children = (
				EA7FFA17FC0A5D6DF5FAF4475A4BE503 /* Pods_TastyTomatoAbstract_TastyTomato.framework */,
				EABA286658F68C0C07202547FFEF1BC7 /* Pods_TastyTomatoAbstract_TastyTomatoTests.framework */,
			);
			name = Frameworks;
			sourceTree = "<group>";
		};
		4CC4339D6F59D9465D8AE1F39B4B7050 /* HelperClasses */ = {
			isa = PBXGroup;
			children = (
				F0E05D8C26484C0088279DB261D19803 /* KeyboardStateListener */,
			);
			path = HelperClasses;
			sourceTree = "<group>";
		};
		50F1122FD4800C03981DB9BA49DBDEDE /* Localizations */ = {
			isa = PBXGroup;
			children = (
				E9175C1A832EEF0F37AEE33411A20042 /* Localizable.strings */,
			);
			path = Localizations;
			sourceTree = "<group>";
		};
		51475D52AE1BD94AE38448D43DC8E5C1 /* Logos */ = {
			isa = PBXGroup;
			children = (
				3EEB4365D912C60F64AA0A88F9CB2356 /* ResmioLogo.swift */,
			);
			path = Logos;
			sourceTree = "<group>";
		};
		563D5AF16A6BD4FA7F68E1055FF42406 /* CGFloat */ = {
			isa = PBXGroup;
			children = (
				B66BDB785DA04061D6D57D0E1EF6CC7C /* CGFloat (Transform).swift */,
			);
			path = CGFloat;
			sourceTree = "<group>";
		};
		5D5BF88A47261D2A7AF534030385A3CC /* UITableView */ = {
			isa = PBXGroup;
			children = (
				B242DBFE7AC263A838F81DB66F8D7280 /* UITableView (reloadSoftly).swift */,
			);
			path = UITableView;
			sourceTree = "<group>";
		};
		5E1F776E604621BBE217303FE39F2457 /* LayerClasses */ = {
			isa = PBXGroup;
			children = (
				C6DB287B4CBD08CB1C224AEA6B8B9B7F /* BorderLayer.swift */,
				356F4544C83E52C6C761E2D50D6C916F /* GridLayer.swift */,
				56E48EAD2E2F464147025297E5E142F7 /* LineLayer.swift */,
				DFEFA4FC50655A8EE71419CA8AB7334C /* TriangleLayer.swift */,
			);
			path = LayerClasses;
			sourceTree = "<group>";
		};
		6054D7993EB7ADFFC77F9B34313A406C /* TastyTomatoTests */ = {
			isa = PBXGroup;
			children = (
				94154F1BD684F2C672C76A4BFDB379C2 /* Info.plist */,
				DCF12E5F5D09CC277B307C8A27456151 /* TastyTomatoTests.swift */,
			);
			path = TastyTomatoTests;
			sourceTree = "<group>";
		};
		672790F9FBEF1DB75397020CEEDDC422 /* UIImage */ = {
			isa = PBXGroup;
			children = (
				97CE20B670A02E13FB4A56517F58E300 /* UIImage (ColoredRect).swift */,
				44C1F525CF3F06186D126ECB7A005615 /* UIImage (Named).swift */,
				F4343B818E71BB8FE07479C990F00752 /* UIImage (RenderingModes).swift */,
				1A908324B2B4B669470F0A3864A426C6 /* UIImage (Scaled).swift */,
				7EC88A94DDF26B9532AD8A6346A250E9 /* UIImage (WidthHeight).swift */,
				E4A3880C48EE007201237477752C5E8F /* UIImage (withTint).swift */,
			);
			path = UIImage;
			sourceTree = "<group>";
		};
		686FBE8909EF898FE19D8E7FCAFF5604 /* UIFont */ = {
			isa = PBXGroup;
			children = (
				BAC2B1E373A0B5FEF4430946F8B244B4 /* UIFont (PredefinedFonts).swift */,
			);
			path = UIFont;
			sourceTree = "<group>";
		};
		6C2A10D46262B95DED5888653277B0C6 /* ViewControllerClasses */ = {
			isa = PBXGroup;
			children = (
				9EB8A23C56BA7C42D71FA3DDA203790B /* CalendarVC */,
				CC52FCE416FBAE53C992FAA6DD791A31 /* PopoverVC */,
				8AD0CDDC223C4BE2D210C7D34F8AE1FA /* RootViewController */,
			);
			path = ViewControllerClasses;
			sourceTree = "<group>";
		};
		720493D3CFB054FBA7645AE63F1761F0 /* Images */ = {
			isa = PBXGroup;
			children = (
				13A94DD966224A32780B63A66B726658 /* Icons.xcassets */,
				E46CF3C89E0EB17A793ACD301991F9A2 /* Logos.xcassets */,
			);
			path = Images;
			sourceTree = "<group>";
		};
		768D85C2FBB53370C08B7ED940F318A3 /* TriangleView */ = {
			isa = PBXGroup;
			children = (
				BFAAAE8A958DB1892ADA2554ACF59B36 /* TriangleView.swift */,
			);
			path = TriangleView;
			sourceTree = "<group>";
		};
		8AD0CDDC223C4BE2D210C7D34F8AE1FA /* RootViewController */ = {
			isa = PBXGroup;
			children = (
				0A49203DA22BFAC2396F2E836F7D7A71 /* RootViewController.swift */,
			);
			path = RootViewController;
			sourceTree = "<group>";
		};
		918CA2D917A3658AECE3A2EAADC801E1 /* ShortcutBar */ = {
			isa = PBXGroup;
			children = (
				14338CBEFE9EE73716836F2308EB85B4 /* ShortcutBar.swift */,
			);
			path = ShortcutBar;
			sourceTree = "<group>";
		};
		99812008FA82364728F18478BF1CE351 /* Types */ = {
			isa = PBXGroup;
			children = (
				196C16576E66CB9FC206346D6F95A440 /* BaseClasses */,
				B7B3609CAD36D300BDD0887BCC7D3877 /* ButtonClasses */,
				AA181D935AF02C69C39469BBF3DCF720 /* ColorScheme */,
				F76C214311DEEFF0DEEBF796542442E1 /* CustomViews */,
				4CC4339D6F59D9465D8AE1F39B4B7050 /* HelperClasses */,
				316D2904E7F82C8A90794A826B2D607B /* ImageClasses */,
				5E1F776E604621BBE217303FE39F2457 /* LayerClasses */,
				F77E22C23401200CFDE35E3C4D79B580 /* TableViewCellClasses */,
				36E8A79295D27C456FE7321A03E9B547 /* TextFieldClasses */,
				6C2A10D46262B95DED5888653277B0C6 /* ViewControllerClasses */,
			);
			path = Types;
			sourceTree = "<group>";
		};
		9999FCCB3A774D4E83A754E53EFE8B64 /* Extensions */ = {
			isa = PBXGroup;
			children = (
				46E7F64B4FE1F823B9CE5441A548B3C2 /* Internal */,
				2B5D0A633795C19AE52663F380A3DE7B /* Public */,
			);
			path = Extensions;
			sourceTree = "<group>";
		};
		9A89BE72D4671CAB9BB7FFB4B3B4F96D /* CGSize */ = {
			isa = PBXGroup;
			children = (
				88C46794B3EFC67B1746BE7CB81E0F62 /* CGSize (Area).swift */,
				C12824249B7328133328FF9AE5640462 /* CGSize (CGRect).swift */,
				B070B8399B4B109A28594202D08619CD /* CGSize (ConvenienceInits).swift */,
				D43E0F301A67734A74C63533E21FEEDF /* CGSize (Scaled).swift */,
				3230C85271CB80C7EC4BF110F91BD049 /* CGSize (Transformed).swift */,
				CDA6DA58EB3D0C03E647E09661A8ABD2 /* CGSize (pointAt).swift */,
			);
			path = CGSize;
			sourceTree = "<group>";
		};
		9C2EB5437A663A7E7AD05D34C497870E /* CGFloat */ = {
			isa = PBXGroup;
			children = (
				8E24467D4568DC50711B01B3FBCD8958 /* CGFloat (Int).swift */,
				5A54FF5C0D3BA210866F5B407D653FBA /* CGFloat (UInt).swift */,
			);
			path = CGFloat;
			sourceTree = "<group>";
		};
		9EB8A23C56BA7C42D71FA3DDA203790B /* CalendarVC */ = {
			isa = PBXGroup;
			children = (
				34AEE256D89E4C6411A148D5C6C1B7D5 /* CalendarDaysVC.swift */,
				A54342CD7A0DA771CE17B40D406EA242 /* CalendarDaysView.swift */,
				3A434E25A6E4C46D1ECA4F85860632EF /* CalendarHeaderView.swift */,
				6E47334521F4C829C657385516AF55E3 /* CalendarVC.swift */,
				0CE06F71476A9B8F479453DD837A38E8 /* CalendarVCView.swift */,
				5BCC7CD2FEAE9BE829212F1FAF246079 /* DateCell.swift */,
			);
			path = CalendarVC;
			sourceTree = "<group>";
		};
		A01C37BAA2EDA30ED682D64F551DB64A /* UIView */ = {
			isa = PBXGroup;
			children = (
				15004413C96D0B4A03CF11D63DD6382A /* UIView (Area).swift */,
				7DAB831517E3851F87B951BE6881C71B /* UIView (BarButtonItem).swift */,
				8CB15454677793E311B1E258952332E7 /* UIView (Centering).swift */,
				6AC97CD77F94015FE7030F93828B3B62 /* UIView (ColorScheme).swift */,
				EE11E8FF7E9AAEC21DBE2CC38CF76534 /* UIView (ConvenienceInits).swift */,
				CC85C32067728778599D735CE9A77864 /* UIView (OriginLeftRightTopBottom).swift */,
				978EA7B188BA3CCA15536BA105B324A5 /* UIView (ScaleByFactor).swift */,
				A962BC1498C30634120C1D0FC724E828 /* UIView (SizeWidthHeight).swift */,
				6281FC9CC0B750319F7F7A568E1BE01F /* UIView (TemporaryPositionAndDimensions).swift */,
			);
			path = UIView;
			sourceTree = "<group>";
		};
		A2C7788C50EBFA6A19AD6E5D21DDA7F0 /* CGPoint */ = {
			isa = PBXGroup;
			children = (
				38695237639647DC1871B8DCC1F4B719 /* CGPoint (ConvenienceInits).swift */,
			);
			path = CGPoint;
			sourceTree = "<group>";
		};
		AA181D935AF02C69C39469BBF3DCF720 /* ColorScheme */ = {
			isa = PBXGroup;
			children = (
				1A1D7F539380CEBB8562F638A6A38E2A /* Predefined ColorSchemes */,
				C883EB41CB05B5F907604C7E58148B9D /* ColorScheme.swift */,
			);
			path = ColorScheme;
			sourceTree = "<group>";
		};
		B7B3609CAD36D300BDD0887BCC7D3877 /* ButtonClasses */ = {
			isa = PBXGroup;
			children = (
				D9A894BDE426D4BDA9579104A2AD8900 /* FilledButton.swift */,
				C80C1AFA8AE3DFB363C7D10248534CB5 /* ImageTextButton.swift */,
				32CC46F845723E767F6F74D3C45FD7DC /* ShortcutBarButton.swift */,
				A5860DD216D1BC64F68830F36F15486C /* TextButton.swift */,
			);
			path = ButtonClasses;
			sourceTree = "<group>";
		};
		B86771969A1F1EC83F2C4F4EFFB871C0 /* Pods */ = {
			isa = PBXGroup;
			children = (
				F10CB374E45CF24A4F503F48FD457BD8 /* Pods-TastyTomatoAbstract-TastyTomato.debug.xcconfig */,
				1D1A60CE3AFFC68209D50DF5CC789F23 /* Pods-TastyTomatoAbstract-TastyTomato.release.xcconfig */,
				AC8C208AA1F468C889CFCD457BDCB8A2 /* Pods-TastyTomatoAbstract-TastyTomatoTests.debug.xcconfig */,
				AB90DABCB03ADFB08A162B10C5A52C43 /* Pods-TastyTomatoAbstract-TastyTomatoTests.release.xcconfig */,
			);
			path = Pods;
			sourceTree = "<group>";
		};
		BC2EA83A70843FD6A5BD090CDDB4F4ED /* UIButton */ = {
			isa = PBXGroup;
			children = (
				96EB2A0C35717ED674361E12EF4C5BAA /* UIButton (Color_).swift */,
			);
			path = UIButton;
			sourceTree = "<group>";
		};
		BDC21D7BD2F23F06D021F1302467A800 /* Icons */ = {
			isa = PBXGroup;
			children = (
				618FAC31D63B49A68A9BAAAA6340A75A /* ArrowIcon.swift */,
				FFC8C093571A3E285C01A5E34A010F02 /* BookingStatusIcon.swift */,
				EB65BE26599B2E53028E316985F4AF8A /* MiscIcon.swift */,
			);
			path = Icons;
			sourceTree = "<group>";
		};
		C204838C5BB8EB074DB7C1F2E6B4CCE4 /* Images */ = {
			isa = PBXGroup;
			children = (
				41779598FDBFF8DC679F404494FBBD67 /* MiscImage.swift */,
			);
			path = Images;
			sourceTree = "<group>";
		};
		C61FA760C329029916EAB5DF6196AE44 /* UIColor */ = {
			isa = PBXGroup;
			children = (
				286A04009DB4A9D07DDD2C4BBC906120 /* UIColor (PredefinedColors).swift */,
				9E44E7E7FD7D953F91AD9935AA1C0709 /* UIColor (WithAlpha).swift */,
			);
			path = UIColor;
			sourceTree = "<group>";
		};
		CC52FCE416FBAE53C992FAA6DD791A31 /* PopoverVC */ = {
			isa = PBXGroup;
			children = (
				EE1954F98DA6B700CA9C855C665226C8 /* PopoverBackgroundView.swift */,
				ECECF96316B8B1FDC26E13144EBBD265 /* PopoverVC.swift */,
			);
			path = PopoverVC;
			sourceTree = "<group>";
		};
		CEA9ED81CA9819C760F0522AF4297510 /* NSLocalizedString */ = {
			isa = PBXGroup;
			children = (
				CE06BAB5E34D33E9205557171C73CF6C /* NSL_.swift */,
			);
			path = NSLocalizedString;
			sourceTree = "<group>";
		};
		D23210E99B6D5D3E3FEB6708B0CC452F /* Meta */ = {
			isa = PBXGroup;
			children = (
				1B1032762F44E9AFAAC244949B1E9E97 /* BundleHelper_.swift */,
			);
			path = Meta;
			sourceTree = "<group>";
		};
		D7B5FB8B737A9AC146C8A6F988388264 /* OperatorOverloads */ = {
			isa = PBXGroup;
			children = (
				9C2EB5437A663A7E7AD05D34C497870E /* CGFloat */,
			);
			path = OperatorOverloads;
			sourceTree = "<group>";
		};
		DB5E54BA08F5DE8E909C7868A0EA78F0 /* UIImage */ = {
			isa = PBXGroup;
			children = (
				162CC1F2A974F883E6BD5039B189DF28 /* UIImage (Named_).swift */,
			);
			path = UIImage;
			sourceTree = "<group>";
		};
		DC10D825E2095495087364C672A77DF3 /* UIViewController */ = {
			isa = PBXGroup;
			children = (
				CDDA86B00BB8C1AE6C781872E597AF28 /* UIViewController (Embedding).swift */,
			);
			path = UIViewController;
			sourceTree = "<group>";
		};
		DC7025580607CF0C7EEDE614240A8339 /* UITextView */ = {
			isa = PBXGroup;
			children = (
				384AF30C7CBCCA18C890168B4288522E /* UITextView (HeightConvenience).swift */,
			);
			path = UITextView;
			sourceTree = "<group>";
		};
		DFE967201D0969726A8588440FD28587 /* UIWindow */ = {
			isa = PBXGroup;
			children = (
				4D0B983C3C231C9E14CC5FD6A3276D63 /* UIWindow (SetRootViewController).swift */,
			);
			path = UIWindow;
			sourceTree = "<group>";
		};
		E1C18622C6D4C7E75ECFF8C0B3DB8D35 /* UIBarButtonItem */ = {
			isa = PBXGroup;
			children = (
				90413FC4A30D88E21DEBA1DD362A605C /* UIBarButtonItem (Factories).swift */,
			);
			path = UIBarButtonItem;
			sourceTree = "<group>";
		};
		EE22ED39034017661019E659F4958502 /* TastyTomato */ = {
			isa = PBXGroup;
			children = (
				18306EDC2A57EEE4D03157F13936E91A /* Code */,
				720493D3CFB054FBA7645AE63F1761F0 /* Images */,
				50F1122FD4800C03981DB9BA49DBDEDE /* Localizations */,
				AC280804706B40B958EEE8284ED922F8 /* Info.plist */,
				083386230915027A1693F0088C82312B /* TastyTomato.h */,
			);
			path = TastyTomato;
			sourceTree = "<group>";
		};
		F0E05D8C26484C0088279DB261D19803 /* KeyboardStateListener */ = {
			isa = PBXGroup;
			children = (
				E9DF3D12395D207FA8C5A582444E8CBD /* KeyboardStateListener (Utils).swift */,
				017FD5AC4B77DD63D2FB3296908EAF16 /* KeyboardStateListener.swift */,
			);
			path = KeyboardStateListener;
			sourceTree = "<group>";
		};
		F76C214311DEEFF0DEEBF796542442E1 /* CustomViews */ = {
			isa = PBXGroup;
			children = (
				918CA2D917A3658AECE3A2EAADC801E1 /* ShortcutBar */,
				13B87599772F8D27962FF0F96CB01168 /* Tags */,
				768D85C2FBB53370C08B7ED940F318A3 /* TriangleView */,
				1204A58B98E5DC32FE4A91C60F9667F5 /* ZoomView */,
			);
			path = CustomViews;
			sourceTree = "<group>";
		};
		F77E22C23401200CFDE35E3C4D79B580 /* TableViewCellClasses */ = {
			isa = PBXGroup;
			children = (
				F52FBADF35AF22A31446CD1173EC69B0 /* SeparatorCell.swift */,
			);
			path = TableViewCellClasses;
			sourceTree = "<group>";
		};
/* End PBXGroup section */

/* Begin PBXHeadersBuildPhase section */
		8A261083153DF6C4443C8AF745DFF0EC /* Headers */ = {
			isa = PBXHeadersBuildPhase;
			buildActionMask = 2147483647;
			files = (
				AC9D9866E065E12DCB2AD07AC6627022 /* TastyTomato.h in Headers */,
			);
			runOnlyForDeploymentPostprocessing = 0;
		};
/* End PBXHeadersBuildPhase section */

/* Begin PBXNativeTarget section */
		0E7680876764C3020A8CF0627D6E3476 /* TastyTomatoTests */ = {
			isa = PBXNativeTarget;
			buildConfigurationList = 6421144D3E84191201035A01CAD17A8F /* Build configuration list for PBXNativeTarget "TastyTomatoTests" */;
			buildPhases = (
				94F67F012D3977A3749ACBCD08185BC7 /* [CP] Check Pods Manifest.lock */,
				35B3724FC1ADEC6AA7F2193760DA11CA /* Sources */,
				630DD274FF90B1048DD886A760489593 /* Frameworks */,
				94181FE122095712F9F3E596F62187C8 /* Resources */,
				50DBCC6EFC3EA69BC2292325D9189DBF /* [CP] Embed Pods Frameworks */,
			);
			buildRules = (
			);
			dependencies = (
				BD855CC05FE312DB1AC20F4A7773015F /* PBXTargetDependency */,
			);
			name = TastyTomatoTests;
			productName = TastyTomatoTests;
			productReference = 110CB58DB9DDDA2C9F160F9BC574F54D /* TastyTomatoTests.xctest */;
			productType = "com.apple.product-type.bundle.unit-test";
		};
		517580651DAB345693709175BEC4073C /* TastyTomato */ = {
			isa = PBXNativeTarget;
			buildConfigurationList = FE1942CC76C78C04376997A22C1DDE29 /* Build configuration list for PBXNativeTarget "TastyTomato" */;
			buildPhases = (
				049CE6918E297D0A10964AD1AD5BD406 /* [CP] Check Pods Manifest.lock */,
				3F7513ACB1FE72698EB7D4EEBD82911D /* [Custom] Generate Warnings from TODOs/FIXMEs/etc */,
				F7B853C27FD687858316219E49A39D47 /* Sources */,
				1DF08CF9FA90E2D2EC18047F04A5D21C /* Frameworks */,
				8A261083153DF6C4443C8AF745DFF0EC /* Headers */,
				23DFE944A16ECA0311AB2A53C735D6C1 /* Resources */,
			);
			buildRules = (
			);
			dependencies = (
			);
			name = TastyTomato;
			productName = TastyTomato;
			productReference = 01F8CFBC214803F0D77371D34103D883 /* TastyTomato.framework */;
			productType = "com.apple.product-type.framework";
		};
/* End PBXNativeTarget section */

/* Begin PBXProject section */
		5069C7C03228600E179028734BF762CF /* Project object */ = {
			isa = PBXProject;
			attributes = {
				LastSwiftUpdateCheck = 0730;
				LastUpgradeCheck = 1300;
				ORGANIZATIONNAME = resmio;
				TargetAttributes = {
					0E7680876764C3020A8CF0627D6E3476 = {
						CreatedOnToolsVersion = 7.3.1;
						LastSwiftMigration = 0900;
					};
					517580651DAB345693709175BEC4073C = {
						CreatedOnToolsVersion = 7.3.1;
						LastSwiftMigration = 0900;
					};
				};
			};
			buildConfigurationList = 060A183A5F89CDDB0C50EDA6279C87A8 /* Build configuration list for PBXProject "TastyTomato" */;
			compatibilityVersion = "Xcode 3.2";
			developmentRegion = en;
			hasScannedForEncodings = 0;
			knownRegions = (
				en,
				de,
				fr,
				it,
				es,
				Base,
				nl,
				tr,
				sv,
				cs,
				da,
			);
			mainGroup = 0797CADAA242E6EF3AC04B83BE063FFA;
			productRefGroup = 087D62F85789E9BA2921482544C68BB4 /* Products */;
			projectDirPath = "";
			projectRoot = "";
			targets = (
				517580651DAB345693709175BEC4073C /* TastyTomato */,
				0E7680876764C3020A8CF0627D6E3476 /* TastyTomatoTests */,
			);
		};
/* End PBXProject section */

/* Begin PBXResourcesBuildPhase section */
		23DFE944A16ECA0311AB2A53C735D6C1 /* Resources */ = {
			isa = PBXResourcesBuildPhase;
			buildActionMask = 2147483647;
			files = (
				58553661C119FAC95156619850713435 /* Icons.xcassets in Resources */,
				C15C849839C07137AF9228EBCA319B2C /* Localizable.strings in Resources */,
				AA8512B64D36C58068B677B56BD11C09 /* Logos.xcassets in Resources */,
			);
			runOnlyForDeploymentPostprocessing = 0;
		};
		94181FE122095712F9F3E596F62187C8 /* Resources */ = {
			isa = PBXResourcesBuildPhase;
			buildActionMask = 2147483647;
			files = (
			);
			runOnlyForDeploymentPostprocessing = 0;
		};
/* End PBXResourcesBuildPhase section */

/* Begin PBXShellScriptBuildPhase section */
		049CE6918E297D0A10964AD1AD5BD406 /* [CP] Check Pods Manifest.lock */ = {
			isa = PBXShellScriptBuildPhase;
			buildActionMask = 2147483647;
			files = (
			);
			inputFileListPaths = (
			);
			inputPaths = (
				"${PODS_PODFILE_DIR_PATH}/Podfile.lock",
				"${PODS_ROOT}/Manifest.lock",
			);
			name = "[CP] Check Pods Manifest.lock";
			outputFileListPaths = (
			);
			outputPaths = (
				"$(DERIVED_FILE_DIR)/Pods-TastyTomatoAbstract-TastyTomato-checkManifestLockResult.txt",
			);
			runOnlyForDeploymentPostprocessing = 0;
			shellPath = /bin/sh;
			shellScript = "diff \"${PODS_PODFILE_DIR_PATH}/Podfile.lock\" \"${PODS_ROOT}/Manifest.lock\" > /dev/null\nif [ $? != 0 ] ; then\n    # print error to STDERR\n    echo \"error: The sandbox is not in sync with the Podfile.lock. Run 'pod install' or update your CocoaPods installation.\" >&2\n    exit 1\nfi\n# This output is used by Xcode 'outputs' to avoid re-running this script phase.\necho \"SUCCESS\" > \"${SCRIPT_OUTPUT_FILE_0}\"\n";
			showEnvVarsInLog = 0;
		};
		3F7513ACB1FE72698EB7D4EEBD82911D /* [Custom] Generate Warnings from TODOs/FIXMEs/etc */ = {
			isa = PBXShellScriptBuildPhase;
			buildActionMask = 2147483647;
			files = (
			);
			inputPaths = (
			);
			name = "[Custom] Generate Warnings from TODOs/FIXMEs/etc";
			outputPaths = (
			);
			runOnlyForDeploymentPostprocessing = 0;
			shellPath = /bin/sh;
			shellScript = "KEYWORDS=\"\\/\\/ ERROR:|\\/\\/ WARNING:|\\/\\/ TODO:|\\/\\/ FIXME:|\\/\\/ \\?\\?\\?:|\\/\\/ \\!\\!\\!:\"\nfind \"${SRCROOT}/TastyTomato/\" \\( -name \"*.h\" -or -name \"*.m\" -or -name \"*.swift\" \\) -print0 | xargs -0 egrep --with-filename --line-number --only-matching \"($KEYWORDS).*\\$\" | perl -p -e \"s/($KEYWORDS)/ warning: \\$1/\"\n";
		};
		50DBCC6EFC3EA69BC2292325D9189DBF /* [CP] Embed Pods Frameworks */ = {
			isa = PBXShellScriptBuildPhase;
			buildActionMask = 2147483647;
			files = (
			);
			inputPaths = (
				"${PODS_ROOT}/Target Support Files/Pods-TastyTomatoAbstract-TastyTomatoTests/Pods-TastyTomatoAbstract-TastyTomatoTests-frameworks.sh",
				"${BUILT_PRODUCTS_DIR}/SignificantSpices/SignificantSpices.framework",
				"${BUILT_PRODUCTS_DIR}/SwiftDate/SwiftDate.framework",
			);
			name = "[CP] Embed Pods Frameworks";
			outputPaths = (
				"${TARGET_BUILD_DIR}/${FRAMEWORKS_FOLDER_PATH}/SignificantSpices.framework",
				"${TARGET_BUILD_DIR}/${FRAMEWORKS_FOLDER_PATH}/SwiftDate.framework",
			);
			runOnlyForDeploymentPostprocessing = 0;
			shellPath = /bin/sh;
			shellScript = "\"${PODS_ROOT}/Target Support Files/Pods-TastyTomatoAbstract-TastyTomatoTests/Pods-TastyTomatoAbstract-TastyTomatoTests-frameworks.sh\"\n";
			showEnvVarsInLog = 0;
		};
		94F67F012D3977A3749ACBCD08185BC7 /* [CP] Check Pods Manifest.lock */ = {
			isa = PBXShellScriptBuildPhase;
			buildActionMask = 2147483647;
			files = (
			);
			inputFileListPaths = (
			);
			inputPaths = (
				"${PODS_PODFILE_DIR_PATH}/Podfile.lock",
				"${PODS_ROOT}/Manifest.lock",
			);
			name = "[CP] Check Pods Manifest.lock";
			outputFileListPaths = (
			);
			outputPaths = (
				"$(DERIVED_FILE_DIR)/Pods-TastyTomatoAbstract-TastyTomatoTests-checkManifestLockResult.txt",
			);
			runOnlyForDeploymentPostprocessing = 0;
			shellPath = /bin/sh;
			shellScript = "diff \"${PODS_PODFILE_DIR_PATH}/Podfile.lock\" \"${PODS_ROOT}/Manifest.lock\" > /dev/null\nif [ $? != 0 ] ; then\n    # print error to STDERR\n    echo \"error: The sandbox is not in sync with the Podfile.lock. Run 'pod install' or update your CocoaPods installation.\" >&2\n    exit 1\nfi\n# This output is used by Xcode 'outputs' to avoid re-running this script phase.\necho \"SUCCESS\" > \"${SCRIPT_OUTPUT_FILE_0}\"\n";
			showEnvVarsInLog = 0;
		};
/* End PBXShellScriptBuildPhase section */

/* Begin PBXSourcesBuildPhase section */
		35B3724FC1ADEC6AA7F2193760DA11CA /* Sources */ = {
			isa = PBXSourcesBuildPhase;
			buildActionMask = 2147483647;
			files = (
				93EAC8CFEA337415C4B97B90F661E88B /* TastyTomatoTests.swift in Sources */,
			);
			runOnlyForDeploymentPostprocessing = 0;
		};
		F7B853C27FD687858316219E49A39D47 /* Sources */ = {
			isa = PBXSourcesBuildPhase;
			buildActionMask = 2147483647;
			files = (
				BC59F8A8FD33C76221899BD6785BA268 /* ArrowIcon.swift in Sources */,
				D877D7AC8688BD38070B988CEC7606B3 /* BaseButton.swift in Sources */,
				1EACCEE0A46BC7B7C1FD1275EC3BD727 /* BaseLabel.swift in Sources */,
				48555BBB7874BD35C047A1C494FCE3FE /* BaseSegmentedControl.swift in Sources */,
				AF0D5A671E352F345F27F7B1CA92416F /* BaseSlider.swift in Sources */,
				6DE61322645064D2A6EFF6370F5DEB6B /* BaseStepper.swift in Sources */,
				2D680F6FE41FE9C609AD5BD6C2532DAD /* BaseSwitch.swift in Sources */,
				30A753D9F75A4C9AC116385B122679A0 /* BaseTextField.swift in Sources */,
				71040BEEB21943177F57FD4714D0673C /* BaseTextView.swift in Sources */,
				CE00B3F7934298D8B7F4E72DA201667D /* BookingStatusIcon.swift in Sources */,
				2F374B0977A60AC13C6247BC40B13DEC /* BorderLayer.swift in Sources */,
				F3F0485D7B95F9B516AEC11BC8F5FB46 /* BundleHelper_.swift in Sources */,
				C2E279A4ED34081F1C983150B1F45061 /* CALayer (ConvenienceInits).swift in Sources */,
				ACCA3B0989D99B356D42394A91C5D95A /* CAShapeLayer (ConvenienceInits).swift in Sources */,
				3DE684BA7159AEA557CDE0F4F775B5A0 /* CGFloat (Int).swift in Sources */,
				AB82D9EAE93E46B9024DFBE028BD950E /* CGFloat (Transform).swift in Sources */,
				1D182D1BB45EB8B648582A87B8CC2067 /* CGFloat (UInt).swift in Sources */,
				2F3E948D83ABEF456118C56CC1ADA20E /* CGPoint (ConvenienceInits).swift in Sources */,
				2E894736E4858AC80DCD8D499E0FD708 /* CGRect (Area).swift in Sources */,
				6845BD2DA1CBDE9DE2EA67D64795A39D /* CGRect (ConvenienceInits).swift in Sources */,
				FEDE5B67B4C74086E15CA7BCAA26A666 /* CGRect (LeftRightTopBottomCenter).swift in Sources */,
				84BB5378D9A297B753E679DBE872A69A /* CGRect (Scaled).swift in Sources */,
				A3A6206717A979DB2D2801A8B8D6F67A /* CGSize (Area).swift in Sources */,
				AA722217EC3B0D09B4E3E43283C98EA6 /* CGSize (CGRect).swift in Sources */,
				5C8AA03C6C4B4DCDAA601D7775D8EA1A /* CGSize (ConvenienceInits).swift in Sources */,
				07D9391000BFA486E44C4497A1788C6A /* CGSize (Scaled).swift in Sources */,
				3A0F7EE1392DB0B9786B4B068FFAFC9C /* CGSize (Transformed).swift in Sources */,
				ED1DDF10C4962502BC79DEE4A7CA4AA4 /* CGSize (pointAt).swift in Sources */,
				ADE31E9B1E8FA3E2E5FE2F1454CAB67A /* CalendarDaysVC.swift in Sources */,
				92E2747B32F4A598D097C17932CC647B /* CalendarDaysView.swift in Sources */,
				F990B60CA61AD7F60C0144F58C3FFF72 /* CalendarHeaderView.swift in Sources */,
				8A38757CC4626CE6DE10268636C654EB /* CalendarVC.swift in Sources */,
				810AAF8307C61D75A182A55A79F2615D /* CalendarVCView.swift in Sources */,
				7D4BE03DA8CFA1A9E5ED7817708306F6 /* ColorScheme.swift in Sources */,
				602C7B0FB544D4544D48A622A050FC8A /* Dark.swift in Sources */,
				EE4DD30732D87D75521FFA35A21606F8 /* DateCell.swift in Sources */,
				99003808DA60496DFD857E62BCFB70CC /* DropDownTextField.swift in Sources */,
				A2BB903193F0E03097857E55C7AA614E /* FilledButton.swift in Sources */,
				425B4944FB3F42AD40A3E574B5E6DD39 /* GridLayer.swift in Sources */,
				65CF3124A55F58C28552BE9B17596C16 /* ImageTextButton.swift in Sources */,
				FF698EA3FA1E848A58F684876E471EDB /* KeyboardStateListener (Utils).swift in Sources */,
				D8A7405737F7A3EC7A9B36AA3ADD3720 /* KeyboardStateListener.swift in Sources */,
				1EAB4BC57D2021F3996DDDF8460BDAF1 /* Light.swift in Sources */,
				17C2A8FBE6ADAF5EB6D794E1B577734B /* LineLayer.swift in Sources */,
				C5B92131FCEC99FFC62ECA4887A372C1 /* MetaImage.swift in Sources */,
				75D512AC3DA6743A689C6C3C7DE1E5AC /* MiscIcon.swift in Sources */,
				55AB76C2A42BFAB21E228AD8C6FA03CB /* MiscImage.swift in Sources */,
				26C9967D3E82CB12CD88A26329600F6E /* NSL_.swift in Sources */,
				118468ED217494B3359153A7D1FB109B /* PopoverBackgroundView.swift in Sources */,
				F3E11CB4D20269C6D7B7200DB71229FB /* PopoverVC.swift in Sources */,
				C8EF3DE77A4D8AA9B130AA92710F8C30 /* ResmioLogo.swift in Sources */,
				7A68E7D97D388E4C4BB4077C4CF993D7 /* RootViewController.swift in Sources */,
				6A62601A162FEF078386B782F65DBF6C /* SeparatorCell.swift in Sources */,
				84DBBAF6A8CFE6D90216B8F4E09119DA /* ShortcutBar.swift in Sources */,
				492019264D25FF2901158879FC3B47DC /* ShortcutBarButton.swift in Sources */,
				F4F6620C5C0A040A94A10700A2D32D35 /* TagView.swift in Sources */,
				0334106354C991BBB64006CA00BE8533 /* TagsView.swift in Sources */,
				411A0BC531165FE5EFAADB9913DADC31 /* TextButton.swift in Sources */,
				64CB3875A63443F5A28AC5847D1BD2CF /* TriangleLayer.swift in Sources */,
				6680A738345D544B210E133CBEBB7C53 /* TriangleView.swift in Sources */,
				1DF819E384E2A4584269F107EB070EFF /* UIBarButtonItem (Factories).swift in Sources */,
				7C8AA1C87BF89C4D6142967CA426F23E /* UIButton (Color).swift in Sources */,
				9EDC676FBB4296DB4C630B5E78379EBE /* UIButton (Color_).swift in Sources */,
				CA9124BD236AE4D0D64EFC021D5BB391 /* UIColor (FromHex_).swift in Sources */,
				25879B45F1221FB152C8E2F32B83DCB5 /* UIColor (PredefinedColors).swift in Sources */,
				36619180DB22B571E2199B3C6CDD67A4 /* UIColor (WithAlpha).swift in Sources */,
				3F66D8FA907452AE10D1123BD2182411 /* UIDatePicker (TextColor).swift in Sources */,
				26EC6657182DD1C1402AD2C3A89486BB /* UIFont (PredefinedFonts).swift in Sources */,
				DA4FD8E31F32DAE00AFCA3A9CE81C160 /* UIImage (ColoredRect).swift in Sources */,
				F2E74DE0C5E277FAC2E75CCC8984885B /* UIImage (Named).swift in Sources */,
				234C2E7FADD37FC3783F9BFF305828A6 /* UIImage (Named_).swift in Sources */,
				5FBBB08F482C2EF8829D937D432DB0AA /* UIImage (RenderingModes).swift in Sources */,
				2CCA94476E3333C634E936EC9EECA2AE /* UIImage (Scaled).swift in Sources */,
				6B57EDA175E804981EC3D12739F147AB /* UIImage (WidthHeight).swift in Sources */,
				D89860B8B7094EF83C1DE152E1AAEDD6 /* UIImage (withTint).swift in Sources */,
				9A8C438EC913820E7B32A6C0D41EE5C9 /* UIScrollView (ScrollingConvenience).swift in Sources */,
				D8294936BE4CF32441B0D854D1F9DDEE /* UIScrollView (ZoomingConvenience).swift in Sources */,
				B29BDBA0023131D713E51F8D95B96ADA /* UITableView (reloadSoftly).swift in Sources */,
				24CA93F6CC22F98C1D267BE0455095A1 /* UITextView (HeightConvenience).swift in Sources */,
				800936DF4B2EC8E094396520F049EF4B /* UIView (Area).swift in Sources */,
				9438FFB35B2B7340B87AD601C75C77D4 /* UIView (BarButtonItem).swift in Sources */,
				13BFB81E9AE9A8BC5760E75496D1DFFC /* UIView (Centering).swift in Sources */,
				6BEBE29E76294B143351D08B86303E01 /* UIView (ColorScheme).swift in Sources */,
				F7363F8CD1B8E2BF8206ED43F350E8EF /* UIView (ConvenienceInits).swift in Sources */,
				A43281AE7F5ED34889BF39E8FA61D6F5 /* UIView (OriginLeftRightTopBottom).swift in Sources */,
				5A17A3E7FF74BF8938A74A135969B1CE /* UIView (ScaleByFactor).swift in Sources */,
				016794C2166A998F5DCD79812840EF65 /* UIView (SizeWidthHeight).swift in Sources */,
				7B88BA2CAAD9CE534ACC63C4E654901C /* UIView (TemporaryPositionAndDimensions).swift in Sources */,
				C80A75D4A90ACE4BA90325467515CA79 /* UIViewController (Embedding).swift in Sources */,
				EE32ADFFEBCC74C2EA342C807988D3A1 /* UIWindow (SetRootViewController).swift in Sources */,
				D464D071A27ED1A3611E9A459BBB3E52 /* ZoomToPointScrollView.swift in Sources */,
				FEDCB2D0B69A905BF72ABF1E8DBBE63B /* ZoomView.swift in Sources */,
			);
			runOnlyForDeploymentPostprocessing = 0;
		};
/* End PBXSourcesBuildPhase section */

/* Begin PBXTargetDependency section */
		BD855CC05FE312DB1AC20F4A7773015F /* PBXTargetDependency */ = {
			isa = PBXTargetDependency;
			target = 517580651DAB345693709175BEC4073C /* TastyTomato */;
			targetProxy = 06A29463E92A4C636533F9A1C5116865 /* PBXContainerItemProxy */;
		};
/* End PBXTargetDependency section */

/* Begin PBXVariantGroup section */
		E9175C1A832EEF0F37AEE33411A20042 /* Localizable.strings */ = {
			isa = PBXVariantGroup;
			children = (
				CC1639217D5A5D73472FD3A951EE955C /* cs */,
				E9A8560419F054E37197E42478DAB59B /* da */,
				91C532ECB5C7CC6DE8FAAAD3F465DEAE /* de */,
				617BAD163949C9A08DE92862E903C2A8 /* en */,
				E29F5232707F01E19316EFB574205368 /* es */,
				019B1845FE1BCB19271320DCDCAE1B32 /* fr */,
				34D0E16928856EC4BC2DBB865478D8BD /* it */,
				3E808C50F6C617D32F6656CB28DB9157 /* nl */,
				E5636FF29299AC8B9B7C1F2284FFC753 /* sv */,
				BD1D00C88B4E6855372CADF00EE111E6 /* tr */,
			);
			name = Localizable.strings;
			path = .;
			sourceTree = "<group>";
		};
/* End PBXVariantGroup section */

/* Begin XCBuildConfiguration section */
		4BD485ECA32363D712B4CBC719A7D7C9 /* Release */ = {
			isa = XCBuildConfiguration;
			buildSettings = {
				ALWAYS_SEARCH_USER_PATHS = NO;
				CLANG_ANALYZER_LOCALIZABILITY_NONLOCALIZED = YES;
				CLANG_ANALYZER_NONNULL = YES;
				CLANG_CXX_LANGUAGE_STANDARD = "gnu++0x";
				CLANG_CXX_LIBRARY = "libc++";
				CLANG_ENABLE_MODULES = YES;
				CLANG_ENABLE_OBJC_ARC = YES;
				CLANG_WARN_BLOCK_CAPTURE_AUTORELEASING = YES;
				CLANG_WARN_BOOL_CONVERSION = YES;
				CLANG_WARN_COMMA = YES;
				CLANG_WARN_CONSTANT_CONVERSION = YES;
				CLANG_WARN_DEPRECATED_OBJC_IMPLEMENTATIONS = YES;
				CLANG_WARN_DIRECT_OBJC_ISA_USAGE = YES_ERROR;
				CLANG_WARN_EMPTY_BODY = YES;
				CLANG_WARN_ENUM_CONVERSION = YES;
				CLANG_WARN_INFINITE_RECURSION = YES;
				CLANG_WARN_INT_CONVERSION = YES;
				CLANG_WARN_NON_LITERAL_NULL_CONVERSION = YES;
				CLANG_WARN_OBJC_IMPLICIT_RETAIN_SELF = YES;
				CLANG_WARN_OBJC_LITERAL_CONVERSION = YES;
				CLANG_WARN_OBJC_ROOT_CLASS = YES_ERROR;
				CLANG_WARN_QUOTED_INCLUDE_IN_FRAMEWORK_HEADER = YES;
				CLANG_WARN_RANGE_LOOP_ANALYSIS = YES;
				CLANG_WARN_STRICT_PROTOTYPES = YES;
				CLANG_WARN_SUSPICIOUS_MOVE = YES;
				CLANG_WARN_UNREACHABLE_CODE = YES;
				CLANG_WARN__DUPLICATE_METHOD_MATCH = YES;
				"CODE_SIGN_IDENTITY[sdk=iphoneos*]" = "iPhone Developer";
				COPY_PHASE_STRIP = NO;
				CURRENT_PROJECT_VERSION = 0.44.12;
				DEBUG_INFORMATION_FORMAT = "dwarf-with-dsym";
				DYLIB_COMPATIBILITY_VERSION = 0.44.12;
				DYLIB_CURRENT_VERSION = 0.44.12;
				ENABLE_NS_ASSERTIONS = NO;
				ENABLE_STRICT_OBJC_MSGSEND = YES;
				GCC_C_LANGUAGE_STANDARD = gnu99;
				GCC_NO_COMMON_BLOCKS = YES;
				GCC_WARN_64_TO_32_BIT_CONVERSION = YES;
				GCC_WARN_ABOUT_RETURN_TYPE = YES_ERROR;
				GCC_WARN_UNDECLARED_SELECTOR = YES;
				GCC_WARN_UNINITIALIZED_AUTOS = YES_AGGRESSIVE;
				GCC_WARN_UNUSED_FUNCTION = YES;
				GCC_WARN_UNUSED_VARIABLE = YES;
				IPHONEOS_DEPLOYMENT_TARGET = 12.0;
				MARKETING_VERSION = 0.44.12;
				MTL_ENABLE_DEBUG_INFO = NO;
				SDKROOT = iphoneos;
				SWIFT_OPTIMIZATION_LEVEL = "-Owholemodule";
				SWIFT_VERSION = 5.0;
				TARGETED_DEVICE_FAMILY = "1,2";
				VALIDATE_PRODUCT = YES;
				VERSIONING_SYSTEM = "apple-generic";
			};
			name = Release;
		};
		4E4F561F5D33BDCF3053AACDA94E624E /* Debug */ = {
			isa = XCBuildConfiguration;
			baseConfigurationReference = F10CB374E45CF24A4F503F48FD457BD8 /* Pods-TastyTomatoAbstract-TastyTomato.debug.xcconfig */;
			buildSettings = {
				CLANG_ENABLE_MODULES = YES;
				"CODE_SIGN_IDENTITY[sdk=iphoneos*]" = "";
				DEFINES_MODULE = YES;
				DYLIB_INSTALL_NAME_BASE = "@rpath";
				INFOPLIST_FILE = TastyTomato/Info.plist;
				INSTALL_PATH = "$(LOCAL_LIBRARY_DIR)/Frameworks";
				LD_RUNPATH_SEARCH_PATHS = "$(inherited) @executable_path/Frameworks @loader_path/Frameworks";
				PRODUCT_BUNDLE_IDENTIFIER = resmio.TastyTomato;
				PRODUCT_NAME = "$(TARGET_NAME)";
				SKIP_INSTALL = YES;
				SWIFT_OPTIMIZATION_LEVEL = "-Onone";
			};
			name = Debug;
		};
		66526BFC2FE6BD5389E7979AABD049AB /* Release */ = {
			isa = XCBuildConfiguration;
			baseConfigurationReference = AB90DABCB03ADFB08A162B10C5A52C43 /* Pods-TastyTomatoAbstract-TastyTomatoTests.release.xcconfig */;
			buildSettings = {
				GCC_WARN_ABOUT_MISSING_NEWLINE = YES;
				INFOPLIST_FILE = TastyTomatoTests/Info.plist;
				LD_RUNPATH_SEARCH_PATHS = "$(inherited) @executable_path/Frameworks @loader_path/Frameworks";
				PRODUCT_BUNDLE_IDENTIFIER = resmio.TastyTomatoTests;
				PRODUCT_NAME = "$(TARGET_NAME)";
			};
			name = Release;
		};
		70C449598983010F137CCD9AC8CE3BCA /* Release */ = {
			isa = XCBuildConfiguration;
			baseConfigurationReference = 1D1A60CE3AFFC68209D50DF5CC789F23 /* Pods-TastyTomatoAbstract-TastyTomato.release.xcconfig */;
			buildSettings = {
				CLANG_ENABLE_MODULES = YES;
				"CODE_SIGN_IDENTITY[sdk=iphoneos*]" = "";
				DEFINES_MODULE = YES;
				DYLIB_INSTALL_NAME_BASE = "@rpath";
				INFOPLIST_FILE = TastyTomato/Info.plist;
				INSTALL_PATH = "$(LOCAL_LIBRARY_DIR)/Frameworks";
				LD_RUNPATH_SEARCH_PATHS = "$(inherited) @executable_path/Frameworks @loader_path/Frameworks";
				PRODUCT_BUNDLE_IDENTIFIER = resmio.TastyTomato;
				PRODUCT_NAME = "$(TARGET_NAME)";
				SKIP_INSTALL = YES;
			};
			name = Release;
		};
		9BB45C74E94B1E4770E6EB8EC34C7939 /* Debug */ = {
			isa = XCBuildConfiguration;
			baseConfigurationReference = AC8C208AA1F468C889CFCD457BDCB8A2 /* Pods-TastyTomatoAbstract-TastyTomatoTests.debug.xcconfig */;
			buildSettings = {
				GCC_WARN_ABOUT_MISSING_NEWLINE = YES;
				INFOPLIST_FILE = TastyTomatoTests/Info.plist;
				LD_RUNPATH_SEARCH_PATHS = "$(inherited) @executable_path/Frameworks @loader_path/Frameworks";
				PRODUCT_BUNDLE_IDENTIFIER = resmio.TastyTomatoTests;
				PRODUCT_NAME = "$(TARGET_NAME)";
			};
			name = Debug;
		};
		CAC3A750DCED99E19CE70D64C62D059D /* Debug */ = {
			isa = XCBuildConfiguration;
			buildSettings = {
				ALWAYS_SEARCH_USER_PATHS = NO;
				CLANG_ANALYZER_LOCALIZABILITY_NONLOCALIZED = YES;
				CLANG_ANALYZER_NONNULL = YES;
				CLANG_CXX_LANGUAGE_STANDARD = "gnu++0x";
				CLANG_CXX_LIBRARY = "libc++";
				CLANG_ENABLE_MODULES = YES;
				CLANG_ENABLE_OBJC_ARC = YES;
				CLANG_WARN_BLOCK_CAPTURE_AUTORELEASING = YES;
				CLANG_WARN_BOOL_CONVERSION = YES;
				CLANG_WARN_COMMA = YES;
				CLANG_WARN_CONSTANT_CONVERSION = YES;
				CLANG_WARN_DEPRECATED_OBJC_IMPLEMENTATIONS = YES;
				CLANG_WARN_DIRECT_OBJC_ISA_USAGE = YES_ERROR;
				CLANG_WARN_EMPTY_BODY = YES;
				CLANG_WARN_ENUM_CONVERSION = YES;
				CLANG_WARN_INFINITE_RECURSION = YES;
				CLANG_WARN_INT_CONVERSION = YES;
				CLANG_WARN_NON_LITERAL_NULL_CONVERSION = YES;
				CLANG_WARN_OBJC_IMPLICIT_RETAIN_SELF = YES;
				CLANG_WARN_OBJC_LITERAL_CONVERSION = YES;
				CLANG_WARN_OBJC_ROOT_CLASS = YES_ERROR;
				CLANG_WARN_QUOTED_INCLUDE_IN_FRAMEWORK_HEADER = YES;
				CLANG_WARN_RANGE_LOOP_ANALYSIS = YES;
				CLANG_WARN_STRICT_PROTOTYPES = YES;
				CLANG_WARN_SUSPICIOUS_MOVE = YES;
				CLANG_WARN_UNREACHABLE_CODE = YES;
				CLANG_WARN__DUPLICATE_METHOD_MATCH = YES;
				"CODE_SIGN_IDENTITY[sdk=iphoneos*]" = "iPhone Developer";
				COPY_PHASE_STRIP = NO;
				CURRENT_PROJECT_VERSION = 0.44.12;
				DEBUG_INFORMATION_FORMAT = dwarf;
				DYLIB_COMPATIBILITY_VERSION = 0.44.12;
				DYLIB_CURRENT_VERSION = 0.44.12;
				ENABLE_STRICT_OBJC_MSGSEND = YES;
				ENABLE_TESTABILITY = YES;
				GCC_C_LANGUAGE_STANDARD = gnu99;
				GCC_DYNAMIC_NO_PIC = NO;
				GCC_NO_COMMON_BLOCKS = YES;
				GCC_OPTIMIZATION_LEVEL = 0;
				GCC_PREPROCESSOR_DEFINITIONS = (
					"DEBUG=1",
					"$(inherited)",
				);
				GCC_WARN_64_TO_32_BIT_CONVERSION = YES;
				GCC_WARN_ABOUT_RETURN_TYPE = YES_ERROR;
				GCC_WARN_UNDECLARED_SELECTOR = YES;
				GCC_WARN_UNINITIALIZED_AUTOS = YES_AGGRESSIVE;
				GCC_WARN_UNUSED_FUNCTION = YES;
				GCC_WARN_UNUSED_VARIABLE = YES;
				IPHONEOS_DEPLOYMENT_TARGET = 12.0;
				MARKETING_VERSION = 0.44.12;
				MTL_ENABLE_DEBUG_INFO = YES;
				ONLY_ACTIVE_ARCH = YES;
				SDKROOT = iphoneos;
				SWIFT_OPTIMIZATION_LEVEL = "-Onone";
				SWIFT_VERSION = 5.0;
				TARGETED_DEVICE_FAMILY = "1,2";
				VERSIONING_SYSTEM = "apple-generic";
			};
			name = Debug;
		};
/* End XCBuildConfiguration section */

/* Begin XCConfigurationList section */
		060A183A5F89CDDB0C50EDA6279C87A8 /* Build configuration list for PBXProject "TastyTomato" */ = {
			isa = XCConfigurationList;
			buildConfigurations = (
				CAC3A750DCED99E19CE70D64C62D059D /* Debug */,
				4BD485ECA32363D712B4CBC719A7D7C9 /* Release */,
			);
			defaultConfigurationIsVisible = 0;
			defaultConfigurationName = Release;
		};
		6421144D3E84191201035A01CAD17A8F /* Build configuration list for PBXNativeTarget "TastyTomatoTests" */ = {
			isa = XCConfigurationList;
			buildConfigurations = (
				9BB45C74E94B1E4770E6EB8EC34C7939 /* Debug */,
				66526BFC2FE6BD5389E7979AABD049AB /* Release */,
			);
			defaultConfigurationIsVisible = 0;
			defaultConfigurationName = Release;
		};
		FE1942CC76C78C04376997A22C1DDE29 /* Build configuration list for PBXNativeTarget "TastyTomato" */ = {
			isa = XCConfigurationList;
			buildConfigurations = (
				4E4F561F5D33BDCF3053AACDA94E624E /* Debug */,
				70C449598983010F137CCD9AC8CE3BCA /* Release */,
			);
			defaultConfigurationIsVisible = 0;
			defaultConfigurationName = Release;
		};
/* End XCConfigurationList section */
	};
	rootObject = 5069C7C03228600E179028734BF762CF /* Project object */;
}
