<?xml version="1.0" encoding="UTF-8"?>
<!DOCTYPE plist PUBLIC "-//Apple//DTD PLIST 1.0//EN" "http://www.apple.com/DTDs/PropertyList-1.0.dtd">
<plist version="1.0">
<dict>
	<key>archiveVersion</key>
	<string>1</string>
	<key>classes</key>
	<dict/>
	<key>objectVersion</key>
	<string>46</string>
	<key>objects</key>
	<dict>
		<key>01F8CFBC214803F0D77371D34103D883</key>
		<dict>
			<key>explicitFileType</key>
			<string>wrapper.framework</string>
			<key>includeInIndex</key>
			<string>0</string>
			<key>isa</key>
			<string>PBXFileReference</string>
			<key>path</key>
			<string>TastyTomato.framework</string>
			<key>sourceTree</key>
			<string>BUILT_PRODUCTS_DIR</string>
		</dict>
		<key>060A183A5F89CDDB0C50EDA6279C87A8</key>
		<dict>
			<key>buildConfigurations</key>
			<array>
				<string>CAC3A750DCED99E19CE70D64C62D059D</string>
				<string>4BD485ECA32363D712B4CBC719A7D7C9</string>
			</array>
			<key>defaultConfigurationIsVisible</key>
			<string>0</string>
			<key>defaultConfigurationName</key>
			<string>Release</string>
			<key>isa</key>
			<string>XCConfigurationList</string>
		</dict>
		<key>06A29463E92A4C636533F9A1C5116865</key>
		<dict>
			<key>containerPortal</key>
			<string>5069C7C03228600E179028734BF762CF</string>
			<key>isa</key>
			<string>PBXContainerItemProxy</string>
			<key>proxyType</key>
			<string>1</string>
			<key>remoteGlobalIDString</key>
			<string>517580651DAB345693709175BEC4073C</string>
			<key>remoteInfo</key>
			<string>TastyTomato</string>
		</dict>
		<key>0797CADAA242E6EF3AC04B83BE063FFA</key>
		<dict>
			<key>children</key>
			<array>
				<string>087D62F85789E9BA2921482544C68BB4</string>
				<string>EE22ED39034017661019E659F4958502</string>
				<string>6054D7993EB7ADFFC77F9B34313A406C</string>
			</array>
			<key>isa</key>
			<string>PBXGroup</string>
			<key>sourceTree</key>
			<string>&lt;group&gt;</string>
		</dict>
		<key>083386230915027A1693F0088C82312B</key>
		<dict>
			<key>isa</key>
			<string>PBXFileReference</string>
			<key>lastKnownFileType</key>
			<string>sourcecode.c.h</string>
			<key>path</key>
			<string>TastyTomato.h</string>
			<key>sourceTree</key>
			<string>&lt;group&gt;</string>
		</dict>
		<key>087D62F85789E9BA2921482544C68BB4</key>
		<dict>
			<key>children</key>
			<array>
				<string>01F8CFBC214803F0D77371D34103D883</string>
				<string>110CB58DB9DDDA2C9F160F9BC574F54D</string>
			</array>
			<key>isa</key>
			<string>PBXGroup</string>
			<key>name</key>
			<string>Products</string>
			<key>sourceTree</key>
			<string>&lt;group&gt;</string>
		</dict>
		<key>0BEDA0934B96F33CD0F68788849B2E48</key>
		<dict>
			<key>fileRef</key>
			<string>F07435F273D62849D9014CB2C70D2691</string>
			<key>isa</key>
			<string>PBXBuildFile</string>
		</dict>
		<key>0E7680876764C3020A8CF0627D6E3476</key>
		<dict>
			<key>buildConfigurationList</key>
			<string>6421144D3E84191201035A01CAD17A8F</string>
			<key>buildPhases</key>
			<array>
				<string>35B3724FC1ADEC6AA7F2193760DA11CA</string>
				<string>630DD274FF90B1048DD886A760489593</string>
				<string>94181FE122095712F9F3E596F62187C8</string>
			</array>
			<key>buildRules</key>
			<array/>
			<key>dependencies</key>
			<array>
				<string>BD855CC05FE312DB1AC20F4A7773015F</string>
			</array>
			<key>isa</key>
			<string>PBXNativeTarget</string>
			<key>name</key>
			<string>TastyTomatoTests</string>
			<key>productName</key>
			<string>TastyTomatoTests</string>
			<key>productReference</key>
			<string>110CB58DB9DDDA2C9F160F9BC574F54D</string>
			<key>productType</key>
			<string>com.apple.product-type.bundle.unit-test</string>
		</dict>
		<key>110CB58DB9DDDA2C9F160F9BC574F54D</key>
		<dict>
			<key>explicitFileType</key>
			<string>wrapper.cfbundle</string>
			<key>includeInIndex</key>
			<string>0</string>
			<key>isa</key>
			<string>PBXFileReference</string>
			<key>path</key>
			<string>TastyTomatoTests.xctest</string>
			<key>sourceTree</key>
			<string>BUILT_PRODUCTS_DIR</string>
		</dict>
		<key>18306EDC2A57EEE4D03157F13936E91A</key>
		<dict>
			<key>children</key>
			<array>
				<string>5E5A9D6B1D3D37420023DCAC</string>
				<string>9999FCCB3A774D4E83A754E53EFE8B64</string>
			</array>
			<key>isa</key>
			<string>PBXGroup</string>
			<key>path</key>
			<string>Code</string>
			<key>sourceTree</key>
			<string>&lt;group&gt;</string>
		</dict>
		<key>1DF08CF9FA90E2D2EC18047F04A5D21C</key>
		<dict>
			<key>buildActionMask</key>
			<string>2147483647</string>
			<key>files</key>
			<array/>
			<key>isa</key>
			<string>PBXFrameworksBuildPhase</string>
			<key>runOnlyForDeploymentPostprocessing</key>
			<string>0</string>
		</dict>
		<key>23DFE944A16ECA0311AB2A53C735D6C1</key>
		<dict>
			<key>buildActionMask</key>
			<string>2147483647</string>
			<key>files</key>
			<array>
				<string>5E5A9D6A1D3D35A30023DCAC</string>
			</array>
			<key>isa</key>
			<string>PBXResourcesBuildPhase</string>
			<key>runOnlyForDeploymentPostprocessing</key>
			<string>0</string>
		</dict>
		<key>2B5D0A633795C19AE52663F380A3DE7B</key>
		<dict>
			<key>children</key>
			<array>
				<string>5E5A9D631D3D32470023DCAC</string>
			</array>
			<key>isa</key>
			<string>PBXGroup</string>
			<key>path</key>
			<string>Public</string>
			<key>sourceTree</key>
			<string>&lt;group&gt;</string>
		</dict>
		<key>35B3724FC1ADEC6AA7F2193760DA11CA</key>
		<dict>
			<key>buildActionMask</key>
			<string>2147483647</string>
			<key>files</key>
			<array>
				<string>93EAC8CFEA337415C4B97B90F661E88B</string>
			</array>
			<key>isa</key>
			<string>PBXSourcesBuildPhase</string>
			<key>runOnlyForDeploymentPostprocessing</key>
			<string>0</string>
		</dict>
		<key>42E41078EEF91A177A46B586398F943B</key>
		<dict>
			<key>fileEncoding</key>
			<string>4</string>
			<key>isa</key>
			<string>PBXFileReference</string>
			<key>lastKnownFileType</key>
			<string>sourcecode.swift</string>
			<key>path</key>
			<string>UIColor (PredefinedColors).swift</string>
			<key>sourceTree</key>
			<string>&lt;group&gt;</string>
		</dict>
		<key>46E7F64B4FE1F823B9CE5441A548B3C2</key>
		<dict>
			<key>children</key>
			<array>
				<string>5E5A9D641D3D32510023DCAC</string>
				<string>5EE86DA11D3E258100E786EF</string>
			</array>
			<key>isa</key>
			<string>PBXGroup</string>
			<key>path</key>
			<string>Internal</string>
			<key>sourceTree</key>
			<string>&lt;group&gt;</string>
		</dict>
		<key>4BD485ECA32363D712B4CBC719A7D7C9</key>
		<dict>
			<key>buildSettings</key>
			<dict>
				<key>ALWAYS_SEARCH_USER_PATHS</key>
				<string>NO</string>
				<key>CLANG_ANALYZER_NONNULL</key>
				<string>YES</string>
				<key>CLANG_CXX_LANGUAGE_STANDARD</key>
				<string>gnu++0x</string>
				<key>CLANG_CXX_LIBRARY</key>
				<string>libc++</string>
				<key>CLANG_ENABLE_MODULES</key>
				<string>YES</string>
				<key>CLANG_ENABLE_OBJC_ARC</key>
				<string>YES</string>
				<key>CLANG_WARN_BOOL_CONVERSION</key>
				<string>YES</string>
				<key>CLANG_WARN_CONSTANT_CONVERSION</key>
				<string>YES</string>
				<key>CLANG_WARN_DIRECT_OBJC_ISA_USAGE</key>
				<string>YES_ERROR</string>
				<key>CLANG_WARN_EMPTY_BODY</key>
				<string>YES</string>
				<key>CLANG_WARN_ENUM_CONVERSION</key>
				<string>YES</string>
				<key>CLANG_WARN_INT_CONVERSION</key>
				<string>YES</string>
				<key>CLANG_WARN_OBJC_ROOT_CLASS</key>
				<string>YES_ERROR</string>
				<key>CLANG_WARN_UNREACHABLE_CODE</key>
				<string>YES</string>
				<key>CLANG_WARN__DUPLICATE_METHOD_MATCH</key>
				<string>YES</string>
				<key>CODE_SIGN_IDENTITY[sdk=iphoneos*]</key>
				<string>iPhone Developer</string>
				<key>COPY_PHASE_STRIP</key>
				<string>NO</string>
				<key>CURRENT_PROJECT_VERSION</key>
				<string>1</string>
				<key>DEBUG_INFORMATION_FORMAT</key>
				<string>dwarf-with-dsym</string>
				<key>ENABLE_NS_ASSERTIONS</key>
				<string>NO</string>
				<key>ENABLE_STRICT_OBJC_MSGSEND</key>
				<string>YES</string>
				<key>GCC_C_LANGUAGE_STANDARD</key>
				<string>gnu99</string>
				<key>GCC_NO_COMMON_BLOCKS</key>
				<string>YES</string>
				<key>GCC_WARN_64_TO_32_BIT_CONVERSION</key>
				<string>YES</string>
				<key>GCC_WARN_ABOUT_RETURN_TYPE</key>
				<string>YES_ERROR</string>
				<key>GCC_WARN_UNDECLARED_SELECTOR</key>
				<string>YES</string>
				<key>GCC_WARN_UNINITIALIZED_AUTOS</key>
				<string>YES_AGGRESSIVE</string>
				<key>GCC_WARN_UNUSED_FUNCTION</key>
				<string>YES</string>
				<key>GCC_WARN_UNUSED_VARIABLE</key>
				<string>YES</string>
				<key>IPHONEOS_DEPLOYMENT_TARGET</key>
				<string>9.3</string>
				<key>MTL_ENABLE_DEBUG_INFO</key>
				<string>NO</string>
				<key>SDKROOT</key>
				<string>iphoneos</string>
				<key>TARGETED_DEVICE_FAMILY</key>
				<string>1,2</string>
				<key>VALIDATE_PRODUCT</key>
				<string>YES</string>
				<key>VERSIONING_SYSTEM</key>
				<string>apple-generic</string>
				<key>VERSION_INFO_PREFIX</key>
				<string></string>
			</dict>
			<key>isa</key>
			<string>XCBuildConfiguration</string>
			<key>name</key>
			<string>Release</string>
		</dict>
		<key>4DABED4544C6D370297F11FD117FEDEC</key>
		<dict>
			<key>fileRef</key>
			<string>01F8CFBC214803F0D77371D34103D883</string>
			<key>isa</key>
			<string>PBXBuildFile</string>
		</dict>
		<key>4E4F561F5D33BDCF3053AACDA94E624E</key>
		<dict>
			<key>buildSettings</key>
			<dict>
				<key>CLANG_ENABLE_MODULES</key>
				<string>YES</string>
				<key>CURRENT_PROJECT_VERSION</key>
				<string>0.1.0</string>
				<key>DEFINES_MODULE</key>
				<string>YES</string>
				<key>DYLIB_COMPATIBILITY_VERSION</key>
				<string>0.1.0</string>
				<key>DYLIB_CURRENT_VERSION</key>
				<string>0.1.0</string>
				<key>DYLIB_INSTALL_NAME_BASE</key>
				<string>@rpath</string>
				<key>INFOPLIST_FILE</key>
				<string>TastyTomato/Info.plist</string>
				<key>INSTALL_PATH</key>
				<string>$(LOCAL_LIBRARY_DIR)/Frameworks</string>
				<key>LD_RUNPATH_SEARCH_PATHS</key>
				<string>$(inherited) @executable_path/Frameworks @loader_path/Frameworks</string>
				<key>PRODUCT_BUNDLE_IDENTIFIER</key>
				<string>resmio.TastyTomato</string>
				<key>PRODUCT_NAME</key>
				<string>$(TARGET_NAME)</string>
				<key>SKIP_INSTALL</key>
				<string>YES</string>
				<key>SWIFT_OPTIMIZATION_LEVEL</key>
				<string>-Onone</string>
			</dict>
			<key>isa</key>
			<string>XCBuildConfiguration</string>
			<key>name</key>
			<string>Debug</string>
		</dict>
		<key>5069C7C03228600E179028734BF762CF</key>
		<dict>
			<key>attributes</key>
			<dict>
				<key>LastSwiftUpdateCheck</key>
				<string>0730</string>
				<key>LastUpgradeCheck</key>
				<string>0730</string>
				<key>ORGANIZATIONNAME</key>
				<string>resmio</string>
				<key>TargetAttributes</key>
				<dict>
					<key>0E7680876764C3020A8CF0627D6E3476</key>
					<dict>
						<key>CreatedOnToolsVersion</key>
						<string>7.3.1</string>
					</dict>
					<key>517580651DAB345693709175BEC4073C</key>
					<dict>
						<key>CreatedOnToolsVersion</key>
						<string>7.3.1</string>
					</dict>
				</dict>
			</dict>
			<key>buildConfigurationList</key>
			<string>060A183A5F89CDDB0C50EDA6279C87A8</string>
			<key>compatibilityVersion</key>
			<string>Xcode 3.2</string>
			<key>developmentRegion</key>
			<string>English</string>
			<key>hasScannedForEncodings</key>
			<string>0</string>
			<key>isa</key>
			<string>PBXProject</string>
			<key>knownRegions</key>
			<array>
				<string>en</string>
			</array>
			<key>mainGroup</key>
			<string>0797CADAA242E6EF3AC04B83BE063FFA</string>
			<key>productRefGroup</key>
			<string>087D62F85789E9BA2921482544C68BB4</string>
			<key>projectDirPath</key>
			<string></string>
			<key>projectReferences</key>
			<array/>
			<key>projectRoot</key>
			<string></string>
			<key>targets</key>
			<array>
				<string>517580651DAB345693709175BEC4073C</string>
				<string>0E7680876764C3020A8CF0627D6E3476</string>
			</array>
		</dict>
		<key>517580651DAB345693709175BEC4073C</key>
		<dict>
			<key>buildConfigurationList</key>
			<string>FE1942CC76C78C04376997A22C1DDE29</string>
			<key>buildPhases</key>
			<array>
				<string>F7B853C27FD687858316219E49A39D47</string>
				<string>1DF08CF9FA90E2D2EC18047F04A5D21C</string>
				<string>8A261083153DF6C4443C8AF745DFF0EC</string>
				<string>23DFE944A16ECA0311AB2A53C735D6C1</string>
			</array>
			<key>buildRules</key>
			<array/>
			<key>dependencies</key>
			<array/>
			<key>isa</key>
			<string>PBXNativeTarget</string>
			<key>name</key>
			<string>TastyTomato</string>
			<key>productName</key>
			<string>TastyTomato</string>
			<key>productReference</key>
			<string>01F8CFBC214803F0D77371D34103D883</string>
			<key>productType</key>
			<string>com.apple.product-type.framework</string>
		</dict>
		<key>59B3496C43BEDE81BF4654D802BF6DB8</key>
		<dict>
			<key>fileRef</key>
			<string>AA5E8C89569C129824714E0138FE4F26</string>
			<key>isa</key>
			<string>PBXBuildFile</string>
		</dict>
		<key>5BC1273EC4F81F3C0094409EFB4C2DEE</key>
		<dict>
			<key>fileRef</key>
			<string>42E41078EEF91A177A46B586398F943B</string>
			<key>isa</key>
			<string>PBXBuildFile</string>
		</dict>
		<key>5E5A9D631D3D32470023DCAC</key>
		<dict>
			<key>children</key>
			<array>
				<string>42E41078EEF91A177A46B586398F943B</string>
				<string>F07435F273D62849D9014CB2C70D2691</string>
			</array>
			<key>isa</key>
			<string>PBXGroup</string>
			<key>path</key>
			<string>UIColor</string>
			<key>sourceTree</key>
			<string>&lt;group&gt;</string>
		</dict>
		<key>5E5A9D641D3D32510023DCAC</key>
		<dict>
			<key>children</key>
			<array>
				<string>AA5E8C89569C129824714E0138FE4F26</string>
			</array>
			<key>isa</key>
			<string>PBXGroup</string>
			<key>path</key>
			<string>UIColor</string>
			<key>sourceTree</key>
			<string>&lt;group&gt;</string>
		</dict>
		<key>5E5A9D681D3D355F0023DCAC</key>
		<dict>
			<key>children</key>
			<array>
				<string>5E5A9D691D3D35A30023DCAC</string>
			</array>
			<key>isa</key>
			<string>PBXGroup</string>
			<key>path</key>
			<string>Resources</string>
			<key>sourceTree</key>
			<string>&lt;group&gt;</string>
		</dict>
		<key>5E5A9D691D3D35A30023DCAC</key>
		<dict>
			<key>isa</key>
			<string>PBXFileReference</string>
			<key>lastKnownFileType</key>
			<string>folder.assetcatalog</string>
			<key>path</key>
			<string>Icons.xcassets</string>
			<key>sourceTree</key>
			<string>&lt;group&gt;</string>
		</dict>
		<key>5E5A9D6A1D3D35A30023DCAC</key>
		<dict>
			<key>fileRef</key>
			<string>5E5A9D691D3D35A30023DCAC</string>
			<key>isa</key>
			<string>PBXBuildFile</string>
		</dict>
		<key>5E5A9D6B1D3D37420023DCAC</key>
		<dict>
			<key>children</key>
			<array>
				<string>5E5A9D6C1D3D37470023DCAC</string>
			</array>
			<key>isa</key>
			<string>PBXGroup</string>
			<key>path</key>
			<string>Classes</string>
			<key>sourceTree</key>
			<string>&lt;group&gt;</string>
		</dict>
		<key>5E5A9D6C1D3D37470023DCAC</key>
		<dict>
			<key>children</key>
			<array>
				<string>5EE86D9F1D3E24C100E786EF</string>
				<string>5EE86DA41D3E2A0200E786EF</string>
				<string>5EE86DA61D3E2A9400E786EF</string>
			</array>
			<key>isa</key>
			<string>PBXGroup</string>
			<key>name</key>
			<string>IconClasses</string>
			<key>path</key>
			<string>IconClasses</string>
			<key>sourceTree</key>
			<string>&lt;group&gt;</string>
		</dict>
		<key>5EE86D9F1D3E24C100E786EF</key>
		<dict>
			<key>fileEncoding</key>
			<string>4</string>
			<key>isa</key>
			<string>PBXFileReference</string>
			<key>lastKnownFileType</key>
			<string>sourcecode.swift</string>
			<key>path</key>
			<string>ArrowIcon.swift</string>
			<key>sourceTree</key>
			<string>&lt;group&gt;</string>
		</dict>
		<key>5EE86DA01D3E24C100E786EF</key>
		<dict>
			<key>fileRef</key>
			<string>5EE86D9F1D3E24C100E786EF</string>
			<key>isa</key>
			<string>PBXBuildFile</string>
		</dict>
		<key>5EE86DA11D3E258100E786EF</key>
		<dict>
			<key>children</key>
			<array>
				<string>5EE86DA21D3E259700E786EF</string>
			</array>
			<key>isa</key>
			<string>PBXGroup</string>
			<key>name</key>
			<string>UIImage</string>
			<key>path</key>
			<string>UIImage</string>
			<key>sourceTree</key>
			<string>&lt;group&gt;</string>
		</dict>
		<key>5EE86DA21D3E259700E786EF</key>
		<dict>
			<key>fileEncoding</key>
			<string>4</string>
			<key>isa</key>
			<string>PBXFileReference</string>
			<key>lastKnownFileType</key>
			<string>sourcecode.swift</string>
			<key>name</key>
			<string>UIImage (Named_).swift</string>
			<key>path</key>
			<string>UIImage (Named_).swift</string>
			<key>sourceTree</key>
			<string>&lt;group&gt;</string>
		</dict>
		<key>5EE86DA31D3E259700E786EF</key>
		<dict>
			<key>fileRef</key>
			<string>5EE86DA21D3E259700E786EF</string>
			<key>isa</key>
			<string>PBXBuildFile</string>
		</dict>
		<key>5EE86DA41D3E2A0200E786EF</key>
		<dict>
			<key>fileEncoding</key>
			<string>4</string>
			<key>isa</key>
			<string>PBXFileReference</string>
			<key>lastKnownFileType</key>
			<string>sourcecode.swift</string>
			<key>path</key>
			<string>BookingStatusIcon.swift</string>
			<key>sourceTree</key>
			<string>&lt;group&gt;</string>
		</dict>
		<key>5EE86DA51D3E2A0200E786EF</key>
		<dict>
			<key>fileRef</key>
			<string>5EE86DA41D3E2A0200E786EF</string>
			<key>isa</key>
			<string>PBXBuildFile</string>
		</dict>
		<key>5EE86DA61D3E2A9400E786EF</key>
		<dict>
			<key>fileEncoding</key>
			<string>4</string>
			<key>isa</key>
			<string>PBXFileReference</string>
			<key>lastKnownFileType</key>
			<string>sourcecode.swift</string>
			<key>path</key>
			<string>MiscIcon.swift</string>
			<key>sourceTree</key>
			<string>&lt;group&gt;</string>
		</dict>
		<key>5EE86DA71D3E2A9400E786EF</key>
		<dict>
			<key>fileRef</key>
			<string>5EE86DA61D3E2A9400E786EF</string>
			<key>isa</key>
			<string>PBXBuildFile</string>
		</dict>
		<key>6054D7993EB7ADFFC77F9B34313A406C</key>
		<dict>
			<key>children</key>
			<array>
				<string>94154F1BD684F2C672C76A4BFDB379C2</string>
				<string>DCF12E5F5D09CC277B307C8A27456151</string>
			</array>
			<key>isa</key>
			<string>PBXGroup</string>
			<key>path</key>
			<string>TastyTomatoTests</string>
			<key>sourceTree</key>
			<string>&lt;group&gt;</string>
		</dict>
		<key>630DD274FF90B1048DD886A760489593</key>
		<dict>
			<key>buildActionMask</key>
			<string>2147483647</string>
			<key>files</key>
			<array>
				<string>4DABED4544C6D370297F11FD117FEDEC</string>
			</array>
			<key>isa</key>
			<string>PBXFrameworksBuildPhase</string>
			<key>runOnlyForDeploymentPostprocessing</key>
			<string>0</string>
		</dict>
		<key>6421144D3E84191201035A01CAD17A8F</key>
		<dict>
			<key>buildConfigurations</key>
			<array>
				<string>9BB45C74E94B1E4770E6EB8EC34C7939</string>
				<string>66526BFC2FE6BD5389E7979AABD049AB</string>
			</array>
			<key>defaultConfigurationIsVisible</key>
			<string>0</string>
			<key>defaultConfigurationName</key>
			<string>Release</string>
			<key>isa</key>
			<string>XCConfigurationList</string>
		</dict>
		<key>66526BFC2FE6BD5389E7979AABD049AB</key>
		<dict>
			<key>buildSettings</key>
			<dict>
				<key>INFOPLIST_FILE</key>
				<string>TastyTomatoTests/Info.plist</string>
				<key>LD_RUNPATH_SEARCH_PATHS</key>
				<string>$(inherited) @executable_path/Frameworks @loader_path/Frameworks</string>
				<key>PRODUCT_BUNDLE_IDENTIFIER</key>
				<string>resmio.TastyTomatoTests</string>
				<key>PRODUCT_NAME</key>
				<string>$(TARGET_NAME)</string>
			</dict>
			<key>isa</key>
			<string>XCBuildConfiguration</string>
			<key>name</key>
			<string>Release</string>
		</dict>
		<key>70C449598983010F137CCD9AC8CE3BCA</key>
		<dict>
			<key>buildSettings</key>
			<dict>
				<key>CLANG_ENABLE_MODULES</key>
				<string>YES</string>
				<key>CURRENT_PROJECT_VERSION</key>
				<string>0.1.0</string>
				<key>DEFINES_MODULE</key>
				<string>YES</string>
				<key>DYLIB_COMPATIBILITY_VERSION</key>
				<string>0.1.0</string>
				<key>DYLIB_CURRENT_VERSION</key>
				<string>0.1.0</string>
				<key>DYLIB_INSTALL_NAME_BASE</key>
				<string>@rpath</string>
				<key>INFOPLIST_FILE</key>
				<string>TastyTomato/Info.plist</string>
				<key>INSTALL_PATH</key>
				<string>$(LOCAL_LIBRARY_DIR)/Frameworks</string>
				<key>LD_RUNPATH_SEARCH_PATHS</key>
				<string>$(inherited) @executable_path/Frameworks @loader_path/Frameworks</string>
				<key>PRODUCT_BUNDLE_IDENTIFIER</key>
				<string>resmio.TastyTomato</string>
				<key>PRODUCT_NAME</key>
				<string>$(TARGET_NAME)</string>
				<key>SKIP_INSTALL</key>
				<string>YES</string>
			</dict>
			<key>isa</key>
			<string>XCBuildConfiguration</string>
			<key>name</key>
			<string>Release</string>
		</dict>
		<key>8A261083153DF6C4443C8AF745DFF0EC</key>
		<dict>
			<key>buildActionMask</key>
			<string>2147483647</string>
			<key>files</key>
			<array>
				<string>AC9D9866E065E12DCB2AD07AC6627022</string>
			</array>
			<key>isa</key>
			<string>PBXHeadersBuildPhase</string>
			<key>runOnlyForDeploymentPostprocessing</key>
			<string>0</string>
		</dict>
		<key>93EAC8CFEA337415C4B97B90F661E88B</key>
		<dict>
			<key>fileRef</key>
			<string>DCF12E5F5D09CC277B307C8A27456151</string>
			<key>isa</key>
			<string>PBXBuildFile</string>
		</dict>
		<key>94154F1BD684F2C672C76A4BFDB379C2</key>
		<dict>
			<key>isa</key>
			<string>PBXFileReference</string>
			<key>lastKnownFileType</key>
			<string>text.plist.xml</string>
			<key>path</key>
			<string>Info.plist</string>
			<key>sourceTree</key>
			<string>&lt;group&gt;</string>
		</dict>
		<key>94181FE122095712F9F3E596F62187C8</key>
		<dict>
			<key>buildActionMask</key>
			<string>2147483647</string>
			<key>files</key>
			<array/>
			<key>isa</key>
			<string>PBXResourcesBuildPhase</string>
			<key>runOnlyForDeploymentPostprocessing</key>
			<string>0</string>
		</dict>
		<key>9999FCCB3A774D4E83A754E53EFE8B64</key>
		<dict>
			<key>children</key>
			<array>
				<string>46E7F64B4FE1F823B9CE5441A548B3C2</string>
				<string>2B5D0A633795C19AE52663F380A3DE7B</string>
			</array>
			<key>isa</key>
			<string>PBXGroup</string>
			<key>path</key>
			<string>Extensions</string>
			<key>sourceTree</key>
			<string>&lt;group&gt;</string>
		</dict>
		<key>9BB45C74E94B1E4770E6EB8EC34C7939</key>
		<dict>
			<key>buildSettings</key>
			<dict>
				<key>INFOPLIST_FILE</key>
				<string>TastyTomatoTests/Info.plist</string>
				<key>LD_RUNPATH_SEARCH_PATHS</key>
				<string>$(inherited) @executable_path/Frameworks @loader_path/Frameworks</string>
				<key>PRODUCT_BUNDLE_IDENTIFIER</key>
				<string>resmio.TastyTomatoTests</string>
				<key>PRODUCT_NAME</key>
				<string>$(TARGET_NAME)</string>
			</dict>
			<key>isa</key>
			<string>XCBuildConfiguration</string>
			<key>name</key>
			<string>Debug</string>
		</dict>
		<key>AA5E8C89569C129824714E0138FE4F26</key>
		<dict>
			<key>fileEncoding</key>
			<string>4</string>
			<key>isa</key>
			<string>PBXFileReference</string>
			<key>lastKnownFileType</key>
			<string>sourcecode.swift</string>
			<key>path</key>
			<string>UIColor (FromHex_).swift</string>
			<key>sourceTree</key>
			<string>&lt;group&gt;</string>
		</dict>
		<key>AC280804706B40B958EEE8284ED922F8</key>
		<dict>
			<key>isa</key>
			<string>PBXFileReference</string>
			<key>lastKnownFileType</key>
			<string>text.plist.xml</string>
			<key>path</key>
			<string>Info.plist</string>
			<key>sourceTree</key>
			<string>&lt;group&gt;</string>
		</dict>
		<key>AC9D9866E065E12DCB2AD07AC6627022</key>
		<dict>
			<key>fileRef</key>
			<string>083386230915027A1693F0088C82312B</string>
			<key>isa</key>
			<string>PBXBuildFile</string>
			<key>settings</key>
			<dict>
				<key>ATTRIBUTES</key>
				<array>
					<string>Public</string>
				</array>
			</dict>
		</dict>
		<key>BD855CC05FE312DB1AC20F4A7773015F</key>
		<dict>
			<key>isa</key>
			<string>PBXTargetDependency</string>
			<key>target</key>
			<string>517580651DAB345693709175BEC4073C</string>
			<key>targetProxy</key>
			<string>06A29463E92A4C636533F9A1C5116865</string>
		</dict>
		<key>CAC3A750DCED99E19CE70D64C62D059D</key>
		<dict>
			<key>buildSettings</key>
			<dict>
				<key>ALWAYS_SEARCH_USER_PATHS</key>
				<string>NO</string>
				<key>CLANG_ANALYZER_NONNULL</key>
				<string>YES</string>
				<key>CLANG_CXX_LANGUAGE_STANDARD</key>
				<string>gnu++0x</string>
				<key>CLANG_CXX_LIBRARY</key>
				<string>libc++</string>
				<key>CLANG_ENABLE_MODULES</key>
				<string>YES</string>
				<key>CLANG_ENABLE_OBJC_ARC</key>
				<string>YES</string>
				<key>CLANG_WARN_BOOL_CONVERSION</key>
				<string>YES</string>
				<key>CLANG_WARN_CONSTANT_CONVERSION</key>
				<string>YES</string>
				<key>CLANG_WARN_DIRECT_OBJC_ISA_USAGE</key>
				<string>YES_ERROR</string>
				<key>CLANG_WARN_EMPTY_BODY</key>
				<string>YES</string>
				<key>CLANG_WARN_ENUM_CONVERSION</key>
				<string>YES</string>
				<key>CLANG_WARN_INT_CONVERSION</key>
				<string>YES</string>
				<key>CLANG_WARN_OBJC_ROOT_CLASS</key>
				<string>YES_ERROR</string>
				<key>CLANG_WARN_UNREACHABLE_CODE</key>
				<string>YES</string>
				<key>CLANG_WARN__DUPLICATE_METHOD_MATCH</key>
				<string>YES</string>
				<key>CODE_SIGN_IDENTITY[sdk=iphoneos*]</key>
				<string>iPhone Developer</string>
				<key>COPY_PHASE_STRIP</key>
				<string>NO</string>
				<key>CURRENT_PROJECT_VERSION</key>
				<string>1</string>
				<key>DEBUG_INFORMATION_FORMAT</key>
				<string>dwarf</string>
				<key>ENABLE_STRICT_OBJC_MSGSEND</key>
				<string>YES</string>
				<key>ENABLE_TESTABILITY</key>
				<string>YES</string>
				<key>GCC_C_LANGUAGE_STANDARD</key>
				<string>gnu99</string>
				<key>GCC_DYNAMIC_NO_PIC</key>
				<string>NO</string>
				<key>GCC_NO_COMMON_BLOCKS</key>
				<string>YES</string>
				<key>GCC_OPTIMIZATION_LEVEL</key>
				<string>0</string>
				<key>GCC_PREPROCESSOR_DEFINITIONS</key>
				<array>
					<string>DEBUG=1</string>
					<string>$(inherited)</string>
				</array>
				<key>GCC_WARN_64_TO_32_BIT_CONVERSION</key>
				<string>YES</string>
				<key>GCC_WARN_ABOUT_RETURN_TYPE</key>
				<string>YES_ERROR</string>
				<key>GCC_WARN_UNDECLARED_SELECTOR</key>
				<string>YES</string>
				<key>GCC_WARN_UNINITIALIZED_AUTOS</key>
				<string>YES_AGGRESSIVE</string>
				<key>GCC_WARN_UNUSED_FUNCTION</key>
				<string>YES</string>
				<key>GCC_WARN_UNUSED_VARIABLE</key>
				<string>YES</string>
				<key>IPHONEOS_DEPLOYMENT_TARGET</key>
				<string>9.3</string>
				<key>MTL_ENABLE_DEBUG_INFO</key>
				<string>YES</string>
				<key>ONLY_ACTIVE_ARCH</key>
				<string>YES</string>
				<key>SDKROOT</key>
				<string>iphoneos</string>
				<key>SWIFT_OPTIMIZATION_LEVEL</key>
				<string>-Onone</string>
				<key>TARGETED_DEVICE_FAMILY</key>
				<string>1,2</string>
				<key>VERSIONING_SYSTEM</key>
				<string>apple-generic</string>
				<key>VERSION_INFO_PREFIX</key>
				<string></string>
			</dict>
			<key>isa</key>
			<string>XCBuildConfiguration</string>
			<key>name</key>
			<string>Debug</string>
		</dict>
		<key>DCF12E5F5D09CC277B307C8A27456151</key>
		<dict>
			<key>isa</key>
			<string>PBXFileReference</string>
			<key>lastKnownFileType</key>
			<string>sourcecode.swift</string>
			<key>path</key>
			<string>TastyTomatoTests.swift</string>
			<key>sourceTree</key>
			<string>&lt;group&gt;</string>
		</dict>
		<key>EE22ED39034017661019E659F4958502</key>
		<dict>
			<key>children</key>
			<array>
				<string>18306EDC2A57EEE4D03157F13936E91A</string>
				<string>5E5A9D681D3D355F0023DCAC</string>
				<string>AC280804706B40B958EEE8284ED922F8</string>
				<string>083386230915027A1693F0088C82312B</string>
			</array>
			<key>isa</key>
			<string>PBXGroup</string>
			<key>path</key>
			<string>TastyTomato</string>
			<key>sourceTree</key>
			<string>&lt;group&gt;</string>
		</dict>
		<key>F07435F273D62849D9014CB2C70D2691</key>
		<dict>
			<key>fileEncoding</key>
			<string>4</string>
			<key>isa</key>
			<string>PBXFileReference</string>
			<key>lastKnownFileType</key>
			<string>sourcecode.swift</string>
			<key>path</key>
			<string>UIColor (WithAlpha).swift</string>
			<key>sourceTree</key>
			<string>&lt;group&gt;</string>
		</dict>
		<key>F7B853C27FD687858316219E49A39D47</key>
		<dict>
			<key>buildActionMask</key>
			<string>2147483647</string>
			<key>files</key>
			<array>
				<string>5EE86DA71D3E2A9400E786EF</string>
				<string>5EE86DA51D3E2A0200E786EF</string>
				<string>5EE86DA31D3E259700E786EF</string>
				<string>59B3496C43BEDE81BF4654D802BF6DB8</string>
				<string>5EE86DA01D3E24C100E786EF</string>
				<string>5BC1273EC4F81F3C0094409EFB4C2DEE</string>
				<string>0BEDA0934B96F33CD0F68788849B2E48</string>
			</array>
			<key>isa</key>
			<string>PBXSourcesBuildPhase</string>
			<key>runOnlyForDeploymentPostprocessing</key>
			<string>0</string>
		</dict>
		<key>FE1942CC76C78C04376997A22C1DDE29</key>
		<dict>
			<key>buildConfigurations</key>
			<array>
				<string>4E4F561F5D33BDCF3053AACDA94E624E</string>
				<string>70C449598983010F137CCD9AC8CE3BCA</string>
			</array>
			<key>defaultConfigurationIsVisible</key>
			<string>0</string>
			<key>defaultConfigurationName</key>
			<string>Release</string>
			<key>isa</key>
			<string>XCConfigurationList</string>
		</dict>
	</dict>
	<key>rootObject</key>
	<string>5069C7C03228600E179028734BF762CF</string>
</dict>
</plist>
